
Microsoft Visual Studio Solution File, Format Version 12.00
# Visual Studio Version 17
VisualStudioVersion = 17.0.31903.59
MinimumVisualStudioVersion = 10.0.40219.1
Project("{2150E333-8FDC-42A3-9474-1A3956D46DE8}") = "Core", "Core", "{FBF56CC3-7AE6-AD2D-3F14-7F97FD322CD6}"
EndProject
Project("{F2A71F9B-5D33-465A-A702-920D77279786}") = "Ds2.Core", "Core\Ds2.Core\Ds2.Core.fsproj", "{5F86882A-01A6-431C-B56D-7ABC65FFC0C3}"
EndProject
Project("{F2A71F9B-5D33-465A-A702-920D77279786}") = "Ds2.Aasx", "Convert\Ds2.Aasx\Ds2.Aasx.fsproj", "{F45D0C5B-F3AF-4C16-991F-0D66D6F513A5}"
EndProject
Project("{F2A71F9B-5D33-465A-A702-920D77279786}") = "Ds2.Core.Tests", "Tests\Ds2.Core.Tests\Ds2.Core.Tests.fsproj", "{9E649F04-C2B6-4658-BCA5-2D73A8EEBD05}"
EndProject
Project("{2150E333-8FDC-42A3-9474-1A3956D46DE8}") = "Runtime", "Runtime", "{36E7FC26-247D-07CC-9F36-7068B8A9EA44}"
EndProject
Project("{F2A71F9B-5D33-465A-A702-920D77279786}") = "Ds2.Runtime", "Runtime\Ds2.Runtime\Ds2.Runtime.fsproj", "{376A1F63-1C78-4080-BFD7-42A209128E76}"
EndProject
Project("{F2A71F9B-5D33-465A-A702-920D77279786}") = "Ds2.Runtime.Report", "Runtime\Ds2.Runtime.Report\Ds2.Runtime.Report.fsproj", "{A7B8C9D0-E1F2-3456-7890-ABCDEF012345}"
EndProject
Project("{2150E333-8FDC-42A3-9474-1A3956D46DE8}") = "Convert", "Convert", "{32D75892-898E-D609-233A-CF2C4E30EFFC}"
EndProject
Project("{F2A71F9B-5D33-465A-A702-920D77279786}") = "Ds2.Mermaid", "Convert\Ds2.Mermaid\Ds2.Mermaid.fsproj", "{73553F4F-0DE0-424E-8091-0A6B3F7A7BEE}"
EndProject
Project("{2150E333-8FDC-42A3-9474-1A3956D46DE8}") = "Tests", "Tests", "{0AB3BF05-4346-4AA6-1389-037BE0695223}"
EndProject
Project("{F2A71F9B-5D33-465A-A702-920D77279786}") = "Ds2.Mermaid.Tests", "Tests\Ds2.Mermaid.Tests\Ds2.Mermaid.Tests.fsproj", "{7034821D-B12B-4586-A508-C542869AE2F4}"
EndProject
Project("{F2A71F9B-5D33-465A-A702-920D77279786}") = "Ds2.CSV", "Convert\Ds2.CSV\Ds2.CSV.fsproj", "{7D07FD8D-A80A-435D-AA12-A9A7E9056274}"
EndProject
Project("{2150E333-8FDC-42A3-9474-1A3956D46DE8}") = "Tutorial", "Tutorial", "{D67C44D5-1358-C107-7763-C493AF473C05}"
EndProject
Project("{FAE04EC0-301F-11D3-BF4B-00C04F79EFBC}") = "Ds2.Tutorial", "..\Apps\Tutorial\Ds2.Tutorial.csproj", "{C89E5A34-0F3E-49DF-A067-B48F91334095}"
EndProject
Project("{F2A71F9B-5D33-465A-A702-920D77279786}") = "Ds2.Aasx.Tests", "Tests\Ds2.Aasx.Tests\Ds2.Aasx.Tests.fsproj", "{B3E1996B-B3E0-4AB2-99E0-4A6DDF071EF6}"
EndProject
Project("{F2A71F9B-5D33-465A-A702-920D77279786}") = "Ds2.Text", "Convert\Ds2.Text\Ds2.Text.fsproj", "{08317C72-464E-47CF-AA64-C40FF9DA05A6}"
EndProject
Project("{F2A71F9B-5D33-465A-A702-920D77279786}") = "Ds2.TestKit", "Tests\Ds2.TestKit\Ds2.TestKit.fsproj", "{163307E2-865B-4D22-B786-7F75C163747A}"
EndProject
Project("{F2A71F9B-5D33-465A-A702-920D77279786}") = "Ds2.Runtime.Tests", "Tests\Ds2.Runtime.Tests\Ds2.Runtime.Tests.fsproj", "{E1D3501C-D7E5-43BF-9446-975325DF642C}"
EndProject
Project("{F2A71F9B-5D33-465A-A702-920D77279786}") = "Ds2.CSV.Tests", "Tests\Ds2.CSV.Tests\Ds2.CSV.Tests.fsproj", "{772D6F59-8D1D-43D6-9AD4-5C4032EB9835}"
EndProject
Global
	GlobalSection(SolutionConfigurationPlatforms) = preSolution
		Debug|Any CPU = Debug|Any CPU
		Debug|x64 = Debug|x64
		Debug|x86 = Debug|x86
		Release|Any CPU = Release|Any CPU
		Release|x64 = Release|x64
		Release|x86 = Release|x86
	EndGlobalSection
	GlobalSection(ProjectConfigurationPlatforms) = postSolution
		{5F86882A-01A6-431C-B56D-7ABC65FFC0C3}.Debug|Any CPU.ActiveCfg = Debug|Any CPU
		{5F86882A-01A6-431C-B56D-7ABC65FFC0C3}.Debug|Any CPU.Build.0 = Debug|Any CPU
		{5F86882A-01A6-431C-B56D-7ABC65FFC0C3}.Debug|x64.ActiveCfg = Debug|Any CPU
		{5F86882A-01A6-431C-B56D-7ABC65FFC0C3}.Debug|x64.Build.0 = Debug|Any CPU
		{5F86882A-01A6-431C-B56D-7ABC65FFC0C3}.Debug|x86.ActiveCfg = Debug|Any CPU
		{5F86882A-01A6-431C-B56D-7ABC65FFC0C3}.Debug|x86.Build.0 = Debug|Any CPU
		{5F86882A-01A6-431C-B56D-7ABC65FFC0C3}.Release|Any CPU.ActiveCfg = Release|Any CPU
		{5F86882A-01A6-431C-B56D-7ABC65FFC0C3}.Release|Any CPU.Build.0 = Release|Any CPU
		{5F86882A-01A6-431C-B56D-7ABC65FFC0C3}.Release|x64.ActiveCfg = Release|Any CPU
		{5F86882A-01A6-431C-B56D-7ABC65FFC0C3}.Release|x64.Build.0 = Release|Any CPU
		{5F86882A-01A6-431C-B56D-7ABC65FFC0C3}.Release|x86.ActiveCfg = Release|Any CPU
		{5F86882A-01A6-431C-B56D-7ABC65FFC0C3}.Release|x86.Build.0 = Release|Any CPU
		{F45D0C5B-F3AF-4C16-991F-0D66D6F513A5}.Debug|Any CPU.ActiveCfg = Debug|Any CPU
		{F45D0C5B-F3AF-4C16-991F-0D66D6F513A5}.Debug|Any CPU.Build.0 = Debug|Any CPU
		{F45D0C5B-F3AF-4C16-991F-0D66D6F513A5}.Debug|x64.ActiveCfg = Debug|Any CPU
		{F45D0C5B-F3AF-4C16-991F-0D66D6F513A5}.Debug|x64.Build.0 = Debug|Any CPU
		{F45D0C5B-F3AF-4C16-991F-0D66D6F513A5}.Debug|x86.ActiveCfg = Debug|Any CPU
		{F45D0C5B-F3AF-4C16-991F-0D66D6F513A5}.Debug|x86.Build.0 = Debug|Any CPU
		{F45D0C5B-F3AF-4C16-991F-0D66D6F513A5}.Release|Any CPU.ActiveCfg = Release|Any CPU
		{F45D0C5B-F3AF-4C16-991F-0D66D6F513A5}.Release|Any CPU.Build.0 = Release|Any CPU
		{F45D0C5B-F3AF-4C16-991F-0D66D6F513A5}.Release|x64.ActiveCfg = Release|Any CPU
		{F45D0C5B-F3AF-4C16-991F-0D66D6F513A5}.Release|x64.Build.0 = Release|Any CPU
		{F45D0C5B-F3AF-4C16-991F-0D66D6F513A5}.Release|x86.ActiveCfg = Release|Any CPU
		{F45D0C5B-F3AF-4C16-991F-0D66D6F513A5}.Release|x86.Build.0 = Release|Any CPU
		{9E649F04-C2B6-4658-BCA5-2D73A8EEBD05}.Debug|Any CPU.ActiveCfg = Debug|Any CPU
		{9E649F04-C2B6-4658-BCA5-2D73A8EEBD05}.Debug|Any CPU.Build.0 = Debug|Any CPU
		{9E649F04-C2B6-4658-BCA5-2D73A8EEBD05}.Debug|x64.ActiveCfg = Debug|Any CPU
		{9E649F04-C2B6-4658-BCA5-2D73A8EEBD05}.Debug|x64.Build.0 = Debug|Any CPU
		{9E649F04-C2B6-4658-BCA5-2D73A8EEBD05}.Debug|x86.ActiveCfg = Debug|Any CPU
		{9E649F04-C2B6-4658-BCA5-2D73A8EEBD05}.Debug|x86.Build.0 = Debug|Any CPU
		{9E649F04-C2B6-4658-BCA5-2D73A8EEBD05}.Release|Any CPU.ActiveCfg = Release|Any CPU
		{9E649F04-C2B6-4658-BCA5-2D73A8EEBD05}.Release|Any CPU.Build.0 = Release|Any CPU
		{9E649F04-C2B6-4658-BCA5-2D73A8EEBD05}.Release|x64.ActiveCfg = Release|Any CPU
		{9E649F04-C2B6-4658-BCA5-2D73A8EEBD05}.Release|x64.Build.0 = Release|Any CPU
		{9E649F04-C2B6-4658-BCA5-2D73A8EEBD05}.Release|x86.ActiveCfg = Release|Any CPU
		{9E649F04-C2B6-4658-BCA5-2D73A8EEBD05}.Release|x86.Build.0 = Release|Any CPU
		{376A1F63-1C78-4080-BFD7-42A209128E76}.Debug|Any CPU.ActiveCfg = Debug|Any CPU
		{376A1F63-1C78-4080-BFD7-42A209128E76}.Debug|Any CPU.Build.0 = Debug|Any CPU
		{376A1F63-1C78-4080-BFD7-42A209128E76}.Debug|x64.ActiveCfg = Debug|Any CPU
		{376A1F63-1C78-4080-BFD7-42A209128E76}.Debug|x64.Build.0 = Debug|Any CPU
		{376A1F63-1C78-4080-BFD7-42A209128E76}.Debug|x86.ActiveCfg = Debug|Any CPU
		{376A1F63-1C78-4080-BFD7-42A209128E76}.Debug|x86.Build.0 = Debug|Any CPU
		{376A1F63-1C78-4080-BFD7-42A209128E76}.Release|Any CPU.ActiveCfg = Release|Any CPU
		{376A1F63-1C78-4080-BFD7-42A209128E76}.Release|Any CPU.Build.0 = Release|Any CPU
		{376A1F63-1C78-4080-BFD7-42A209128E76}.Release|x64.ActiveCfg = Release|Any CPU
		{376A1F63-1C78-4080-BFD7-42A209128E76}.Release|x64.Build.0 = Release|Any CPU
		{376A1F63-1C78-4080-BFD7-42A209128E76}.Release|x86.ActiveCfg = Release|Any CPU
		{376A1F63-1C78-4080-BFD7-42A209128E76}.Release|x86.Build.0 = Release|Any CPU
		{A7B8C9D0-E1F2-3456-7890-ABCDEF012345}.Debug|Any CPU.ActiveCfg = Debug|Any CPU
		{A7B8C9D0-E1F2-3456-7890-ABCDEF012345}.Debug|Any CPU.Build.0 = Debug|Any CPU
		{A7B8C9D0-E1F2-3456-7890-ABCDEF012345}.Debug|x64.ActiveCfg = Debug|Any CPU
		{A7B8C9D0-E1F2-3456-7890-ABCDEF012345}.Debug|x64.Build.0 = Debug|Any CPU
		{A7B8C9D0-E1F2-3456-7890-ABCDEF012345}.Debug|x86.ActiveCfg = Debug|Any CPU
		{A7B8C9D0-E1F2-3456-7890-ABCDEF012345}.Debug|x86.Build.0 = Debug|Any CPU
		{A7B8C9D0-E1F2-3456-7890-ABCDEF012345}.Release|Any CPU.ActiveCfg = Release|Any CPU
		{A7B8C9D0-E1F2-3456-7890-ABCDEF012345}.Release|Any CPU.Build.0 = Release|Any CPU
		{A7B8C9D0-E1F2-3456-7890-ABCDEF012345}.Release|x64.ActiveCfg = Release|Any CPU
		{A7B8C9D0-E1F2-3456-7890-ABCDEF012345}.Release|x64.Build.0 = Release|Any CPU
		{A7B8C9D0-E1F2-3456-7890-ABCDEF012345}.Release|x86.ActiveCfg = Release|Any CPU
		{A7B8C9D0-E1F2-3456-7890-ABCDEF012345}.Release|x86.Build.0 = Release|Any CPU
		{73553F4F-0DE0-424E-8091-0A6B3F7A7BEE}.Debug|Any CPU.ActiveCfg = Debug|Any CPU
		{73553F4F-0DE0-424E-8091-0A6B3F7A7BEE}.Debug|Any CPU.Build.0 = Debug|Any CPU
		{73553F4F-0DE0-424E-8091-0A6B3F7A7BEE}.Debug|x64.ActiveCfg = Debug|Any CPU
		{73553F4F-0DE0-424E-8091-0A6B3F7A7BEE}.Debug|x64.Build.0 = Debug|Any CPU
		{73553F4F-0DE0-424E-8091-0A6B3F7A7BEE}.Debug|x86.ActiveCfg = Debug|Any CPU
		{73553F4F-0DE0-424E-8091-0A6B3F7A7BEE}.Debug|x86.Build.0 = Debug|Any CPU
		{73553F4F-0DE0-424E-8091-0A6B3F7A7BEE}.Release|Any CPU.ActiveCfg = Release|Any CPU
		{73553F4F-0DE0-424E-8091-0A6B3F7A7BEE}.Release|Any CPU.Build.0 = Release|Any CPU
		{73553F4F-0DE0-424E-8091-0A6B3F7A7BEE}.Release|x64.ActiveCfg = Release|Any CPU
		{73553F4F-0DE0-424E-8091-0A6B3F7A7BEE}.Release|x64.Build.0 = Release|Any CPU
		{73553F4F-0DE0-424E-8091-0A6B3F7A7BEE}.Release|x86.ActiveCfg = Release|Any CPU
		{73553F4F-0DE0-424E-8091-0A6B3F7A7BEE}.Release|x86.Build.0 = Release|Any CPU
		{7034821D-B12B-4586-A508-C542869AE2F4}.Debug|Any CPU.ActiveCfg = Debug|Any CPU
		{7034821D-B12B-4586-A508-C542869AE2F4}.Debug|Any CPU.Build.0 = Debug|Any CPU
		{7034821D-B12B-4586-A508-C542869AE2F4}.Debug|x64.ActiveCfg = Debug|Any CPU
		{7034821D-B12B-4586-A508-C542869AE2F4}.Debug|x64.Build.0 = Debug|Any CPU
		{7034821D-B12B-4586-A508-C542869AE2F4}.Debug|x86.ActiveCfg = Debug|Any CPU
		{7034821D-B12B-4586-A508-C542869AE2F4}.Debug|x86.Build.0 = Debug|Any CPU
		{7034821D-B12B-4586-A508-C542869AE2F4}.Release|Any CPU.ActiveCfg = Release|Any CPU
		{7034821D-B12B-4586-A508-C542869AE2F4}.Release|Any CPU.Build.0 = Release|Any CPU
		{7034821D-B12B-4586-A508-C542869AE2F4}.Release|x64.ActiveCfg = Release|Any CPU
		{7034821D-B12B-4586-A508-C542869AE2F4}.Release|x64.Build.0 = Release|Any CPU
		{7034821D-B12B-4586-A508-C542869AE2F4}.Release|x86.ActiveCfg = Release|Any CPU
		{7034821D-B12B-4586-A508-C542869AE2F4}.Release|x86.Build.0 = Release|Any CPU
		{7D07FD8D-A80A-435D-AA12-A9A7E9056274}.Debug|Any CPU.ActiveCfg = Debug|Any CPU
		{7D07FD8D-A80A-435D-AA12-A9A7E9056274}.Debug|Any CPU.Build.0 = Debug|Any CPU
		{7D07FD8D-A80A-435D-AA12-A9A7E9056274}.Debug|x64.ActiveCfg = Debug|Any CPU
		{7D07FD8D-A80A-435D-AA12-A9A7E9056274}.Debug|x64.Build.0 = Debug|Any CPU
		{7D07FD8D-A80A-435D-AA12-A9A7E9056274}.Debug|x86.ActiveCfg = Debug|Any CPU
		{7D07FD8D-A80A-435D-AA12-A9A7E9056274}.Debug|x86.Build.0 = Debug|Any CPU
		{7D07FD8D-A80A-435D-AA12-A9A7E9056274}.Release|Any CPU.ActiveCfg = Release|Any CPU
		{7D07FD8D-A80A-435D-AA12-A9A7E9056274}.Release|Any CPU.Build.0 = Release|Any CPU
		{7D07FD8D-A80A-435D-AA12-A9A7E9056274}.Release|x64.ActiveCfg = Release|Any CPU
		{7D07FD8D-A80A-435D-AA12-A9A7E9056274}.Release|x64.Build.0 = Release|Any CPU
		{7D07FD8D-A80A-435D-AA12-A9A7E9056274}.Release|x86.ActiveCfg = Release|Any CPU
		{7D07FD8D-A80A-435D-AA12-A9A7E9056274}.Release|x86.Build.0 = Release|Any CPU
		{C89E5A34-0F3E-49DF-A067-B48F91334095}.Debug|Any CPU.ActiveCfg = Debug|Any CPU
		{C89E5A34-0F3E-49DF-A067-B48F91334095}.Debug|Any CPU.Build.0 = Debug|Any CPU
		{C89E5A34-0F3E-49DF-A067-B48F91334095}.Debug|x64.ActiveCfg = Debug|Any CPU
		{C89E5A34-0F3E-49DF-A067-B48F91334095}.Debug|x64.Build.0 = Debug|Any CPU
		{C89E5A34-0F3E-49DF-A067-B48F91334095}.Debug|x86.ActiveCfg = Debug|Any CPU
		{C89E5A34-0F3E-49DF-A067-B48F91334095}.Debug|x86.Build.0 = Debug|Any CPU
		{C89E5A34-0F3E-49DF-A067-B48F91334095}.Release|Any CPU.ActiveCfg = Release|Any CPU
		{C89E5A34-0F3E-49DF-A067-B48F91334095}.Release|Any CPU.Build.0 = Release|Any CPU
		{C89E5A34-0F3E-49DF-A067-B48F91334095}.Release|x64.ActiveCfg = Release|Any CPU
		{C89E5A34-0F3E-49DF-A067-B48F91334095}.Release|x64.Build.0 = Release|Any CPU
		{C89E5A34-0F3E-49DF-A067-B48F91334095}.Release|x86.ActiveCfg = Release|Any CPU
		{C89E5A34-0F3E-49DF-A067-B48F91334095}.Release|x86.Build.0 = Release|Any CPU
		{B3E1996B-B3E0-4AB2-99E0-4A6DDF071EF6}.Debug|Any CPU.ActiveCfg = Debug|Any CPU
		{B3E1996B-B3E0-4AB2-99E0-4A6DDF071EF6}.Debug|Any CPU.Build.0 = Debug|Any CPU
		{B3E1996B-B3E0-4AB2-99E0-4A6DDF071EF6}.Debug|x64.ActiveCfg = Debug|Any CPU
		{B3E1996B-B3E0-4AB2-99E0-4A6DDF071EF6}.Debug|x64.Build.0 = Debug|Any CPU
		{B3E1996B-B3E0-4AB2-99E0-4A6DDF071EF6}.Debug|x86.ActiveCfg = Debug|Any CPU
		{B3E1996B-B3E0-4AB2-99E0-4A6DDF071EF6}.Debug|x86.Build.0 = Debug|Any CPU
		{B3E1996B-B3E0-4AB2-99E0-4A6DDF071EF6}.Release|Any CPU.ActiveCfg = Release|Any CPU
		{B3E1996B-B3E0-4AB2-99E0-4A6DDF071EF6}.Release|Any CPU.Build.0 = Release|Any CPU
		{B3E1996B-B3E0-4AB2-99E0-4A6DDF071EF6}.Release|x64.ActiveCfg = Release|Any CPU
		{B3E1996B-B3E0-4AB2-99E0-4A6DDF071EF6}.Release|x64.Build.0 = Release|Any CPU
		{B3E1996B-B3E0-4AB2-99E0-4A6DDF071EF6}.Release|x86.ActiveCfg = Release|Any CPU
		{B3E1996B-B3E0-4AB2-99E0-4A6DDF071EF6}.Release|x86.Build.0 = Release|Any CPU
		{08317C72-464E-47CF-AA64-C40FF9DA05A6}.Debug|Any CPU.ActiveCfg = Debug|Any CPU
		{08317C72-464E-47CF-AA64-C40FF9DA05A6}.Debug|Any CPU.Build.0 = Debug|Any CPU
		{08317C72-464E-47CF-AA64-C40FF9DA05A6}.Debug|x64.ActiveCfg = Debug|Any CPU
		{08317C72-464E-47CF-AA64-C40FF9DA05A6}.Debug|x64.Build.0 = Debug|Any CPU
		{08317C72-464E-47CF-AA64-C40FF9DA05A6}.Debug|x86.ActiveCfg = Debug|Any CPU
		{08317C72-464E-47CF-AA64-C40FF9DA05A6}.Debug|x86.Build.0 = Debug|Any CPU
		{08317C72-464E-47CF-AA64-C40FF9DA05A6}.Release|Any CPU.ActiveCfg = Release|Any CPU
		{08317C72-464E-47CF-AA64-C40FF9DA05A6}.Release|Any CPU.Build.0 = Release|Any CPU
		{08317C72-464E-47CF-AA64-C40FF9DA05A6}.Release|x64.ActiveCfg = Release|Any CPU
		{08317C72-464E-47CF-AA64-C40FF9DA05A6}.Release|x64.Build.0 = Release|Any CPU
		{08317C72-464E-47CF-AA64-C40FF9DA05A6}.Release|x86.ActiveCfg = Release|Any CPU
		{08317C72-464E-47CF-AA64-C40FF9DA05A6}.Release|x86.Build.0 = Release|Any CPU
		{163307E2-865B-4D22-B786-7F75C163747A}.Debug|Any CPU.ActiveCfg = Debug|Any CPU
		{163307E2-865B-4D22-B786-7F75C163747A}.Debug|Any CPU.Build.0 = Debug|Any CPU
		{163307E2-865B-4D22-B786-7F75C163747A}.Debug|x64.ActiveCfg = Debug|Any CPU
		{163307E2-865B-4D22-B786-7F75C163747A}.Debug|x64.Build.0 = Debug|Any CPU
		{163307E2-865B-4D22-B786-7F75C163747A}.Debug|x86.ActiveCfg = Debug|Any CPU
		{163307E2-865B-4D22-B786-7F75C163747A}.Debug|x86.Build.0 = Debug|Any CPU
		{163307E2-865B-4D22-B786-7F75C163747A}.Release|Any CPU.ActiveCfg = Release|Any CPU
		{163307E2-865B-4D22-B786-7F75C163747A}.Release|Any CPU.Build.0 = Release|Any CPU
		{163307E2-865B-4D22-B786-7F75C163747A}.Release|x64.ActiveCfg = Release|Any CPU
		{163307E2-865B-4D22-B786-7F75C163747A}.Release|x64.Build.0 = Release|Any CPU
		{163307E2-865B-4D22-B786-7F75C163747A}.Release|x86.ActiveCfg = Release|Any CPU
		{163307E2-865B-4D22-B786-7F75C163747A}.Release|x86.Build.0 = Release|Any CPU
		{E1D3501C-D7E5-43BF-9446-975325DF642C}.Debug|Any CPU.ActiveCfg = Debug|Any CPU
		{E1D3501C-D7E5-43BF-9446-975325DF642C}.Debug|Any CPU.Build.0 = Debug|Any CPU
		{E1D3501C-D7E5-43BF-9446-975325DF642C}.Debug|x64.ActiveCfg = Debug|Any CPU
		{E1D3501C-D7E5-43BF-9446-975325DF642C}.Debug|x64.Build.0 = Debug|Any CPU
		{E1D3501C-D7E5-43BF-9446-975325DF642C}.Debug|x86.ActiveCfg = Debug|Any CPU
		{E1D3501C-D7E5-43BF-9446-975325DF642C}.Debug|x86.Build.0 = Debug|Any CPU
		{E1D3501C-D7E5-43BF-9446-975325DF642C}.Release|Any CPU.ActiveCfg = Release|Any CPU
		{E1D3501C-D7E5-43BF-9446-975325DF642C}.Release|Any CPU.Build.0 = Release|Any CPU
		{E1D3501C-D7E5-43BF-9446-975325DF642C}.Release|x64.ActiveCfg = Release|Any CPU
		{E1D3501C-D7E5-43BF-9446-975325DF642C}.Release|x64.Build.0 = Release|Any CPU
		{E1D3501C-D7E5-43BF-9446-975325DF642C}.Release|x86.ActiveCfg = Release|Any CPU
		{E1D3501C-D7E5-43BF-9446-975325DF642C}.Release|x86.Build.0 = Release|Any CPU
		{772D6F59-8D1D-43D6-9AD4-5C4032EB9835}.Debug|Any CPU.ActiveCfg = Debug|Any CPU
		{772D6F59-8D1D-43D6-9AD4-5C4032EB9835}.Debug|Any CPU.Build.0 = Debug|Any CPU
		{772D6F59-8D1D-43D6-9AD4-5C4032EB9835}.Debug|x64.ActiveCfg = Debug|Any CPU
		{772D6F59-8D1D-43D6-9AD4-5C4032EB9835}.Debug|x64.Build.0 = Debug|Any CPU
		{772D6F59-8D1D-43D6-9AD4-5C4032EB9835}.Debug|x86.ActiveCfg = Debug|Any CPU
		{772D6F59-8D1D-43D6-9AD4-5C4032EB9835}.Debug|x86.Build.0 = Debug|Any CPU
		{772D6F59-8D1D-43D6-9AD4-5C4032EB9835}.Release|Any CPU.ActiveCfg = Release|Any CPU
		{772D6F59-8D1D-43D6-9AD4-5C4032EB9835}.Release|Any CPU.Build.0 = Release|Any CPU
		{772D6F59-8D1D-43D6-9AD4-5C4032EB9835}.Release|x64.ActiveCfg = Release|Any CPU
		{772D6F59-8D1D-43D6-9AD4-5C4032EB9835}.Release|x64.Build.0 = Release|Any CPU
		{772D6F59-8D1D-43D6-9AD4-5C4032EB9835}.Release|x86.ActiveCfg = Release|Any CPU
		{772D6F59-8D1D-43D6-9AD4-5C4032EB9835}.Release|x86.Build.0 = Release|Any CPU
	EndGlobalSection
	GlobalSection(SolutionProperties) = preSolution
		HideSolutionNode = FALSE
	EndGlobalSection
	GlobalSection(NestedProjects) = preSolution
		{5F86882A-01A6-431C-B56D-7ABC65FFC0C3} = {FBF56CC3-7AE6-AD2D-3F14-7F97FD322CD6}
		{F45D0C5B-F3AF-4C16-991F-0D66D6F513A5} = {FBF56CC3-7AE6-AD2D-3F14-7F97FD322CD6}
		{9E649F04-C2B6-4658-BCA5-2D73A8EEBD05} = {FBF56CC3-7AE6-AD2D-3F14-7F97FD322CD6}
		{376A1F63-1C78-4080-BFD7-42A209128E76} = {36E7FC26-247D-07CC-9F36-7068B8A9EA44}
		{A7B8C9D0-E1F2-3456-7890-ABCDEF012345} = {36E7FC26-247D-07CC-9F36-7068B8A9EA44}
		{73553F4F-0DE0-424E-8091-0A6B3F7A7BEE} = {32D75892-898E-D609-233A-CF2C4E30EFFC}
		{7034821D-B12B-4586-A508-C542869AE2F4} = {0AB3BF05-4346-4AA6-1389-037BE0695223}
		{7D07FD8D-A80A-435D-AA12-A9A7E9056274} = {32D75892-898E-D609-233A-CF2C4E30EFFC}
		{C89E5A34-0F3E-49DF-A067-B48F91334095} = {D67C44D5-1358-C107-7763-C493AF473C05}
		{B3E1996B-B3E0-4AB2-99E0-4A6DDF071EF6} = {0AB3BF05-4346-4AA6-1389-037BE0695223}
		{08317C72-464E-47CF-AA64-C40FF9DA05A6} = {32D75892-898E-D609-233A-CF2C4E30EFFC}
		{163307E2-865B-4D22-B786-7F75C163747A} = {0AB3BF05-4346-4AA6-1389-037BE0695223}
		{E1D3501C-D7E5-43BF-9446-975325DF642C} = {0AB3BF05-4346-4AA6-1389-037BE0695223}
		{772D6F59-8D1D-43D6-9AD4-5C4032EB9835} = {0AB3BF05-4346-4AA6-1389-037BE0695223}
	EndGlobalSection
	GlobalSection(ExtensibilityGlobals) = postSolution
		SolutionGuid = {A49302DB-99F4-474D-AE19-63536BB9F072}
	EndGlobalSection
EndGlobal
