
Microsoft Visual Studio Solution File, Format Version 12.00
# Visual Studio Version 17
VisualStudioVersion = 17.0.31903.59
MinimumVisualStudioVersion = 10.0.40219.1
Project("{2150E333-8FDC-42A3-9474-1A3956D46DE8}") = "Core", "Core", "{FBF56CC3-7AE6-AD2D-3F14-7F97FD322CD6}"
EndProject
Project("{F2A71F9B-5D33-465A-A702-920D77279786}") = "Ds2.Core", "Core\Ds2.Core\Ds2.Core.fsproj", "{5F86882A-01A6-431C-B56D-7ABC65FFC0C3}"
EndProject
Project("{F2A71F9B-5D33-465A-A702-920D77279786}") = "Ds2.Editor", "Core\Ds2.Editor\Ds2.Editor.fsproj", "{7E5A8D3C-4B7F-4C61-9F71-1B313A2D4E90}"
EndProject
Project("{F2A71F9B-5D33-465A-A702-920D77279786}") = "Ds2.Aasx", "Convert\Ds2.Aasx\Ds2.Aasx.fsproj", "{F45D0C5B-F3AF-4C16-991F-0D66D6F513A5}"
EndProject
Project("{F2A71F9B-5D33-465A-A702-920D77279786}") = "Ds2.Core.Tests", "Tests\Ds2.Core.Tests\Ds2.Core.Tests.fsproj", "{9E649F04-C2B6-4658-BCA5-2D73A8EEBD05}"
EndProject
Project("{F2A71F9B-5D33-465A-A702-920D77279786}") = "Ds2.Store.Editor.Tests", "Tests\Ds2.Store.Editor.Tests\Ds2.Store.Editor.Tests.fsproj", "{29C7D6A8-74DC-473B-A2D7-268AEEAFAA6A}"
EndProject
Project("{F2A71F9B-5D33-465A-A702-920D77279786}") = "Ds2.Integration.Tests", "Tests\Ds2.Integration.Tests\Ds2.Integration.Tests.fsproj", "{104C5695-84C7-42B1-9874-2CC8DD345327}"
EndProject
Project("{2150E333-8FDC-42A3-9474-1A3956D46DE8}") = "Runtime", "Runtime", "{36E7FC26-247D-07CC-9F36-7068B8A9EA44}"
EndProject
Project("{F2A71F9B-5D33-465A-A702-920D77279786}") = "Ds2.Runtime", "Runtime\Ds2.Runtime\Ds2.Runtime.fsproj", "{376A1F63-1C78-4080-BFD7-42A209128E76}"
EndProject
Project("{F2A71F9B-5D33-465A-A702-920D77279786}") = "Ds2.Runtime.Report", "Runtime\Ds2.Runtime.Report\Ds2.Runtime.Report.fsproj", "{A7B8C9D0-E1F2-3456-7890-ABCDEF012345}"
EndProject
Project("{2150E333-8FDC-42A3-9474-1A3956D46DE8}") = "Convert", "Convert", "{32D75892-898E-D609-233A-CF2C4E30EFFC}"
EndProject
Project("{F2A71F9B-5D33-465A-A702-920D77279786}") = "Ds2.Mermaid", "Convert\Ds2.Mermaid\Ds2.Mermaid.fsproj", "{73553F4F-0DE0-424E-8091-0A6B3F7A7BEE}"
EndProject
Project("{2150E333-8FDC-42A3-9474-1A3956D46DE8}") = "Tests", "Tests", "{0AB3BF05-4346-4AA6-1389-037BE0695223}"
EndProject
Project("{F2A71F9B-5D33-465A-A702-920D77279786}") = "Ds2.Mermaid.Tests", "Tests\Ds2.Mermaid.Tests\Ds2.Mermaid.Tests.fsproj", "{7034821D-B12B-4586-A508-C542869AE2F4}"
EndProject
Project("{FAE04EC0-301F-11D3-BF4B-00C04F79EFBC}") = "Promaker.Tests", "Tests\Promaker.Tests\Promaker.Tests.csproj", "{3411AFBC-3784-4BAA-9B96-0674C4B2B634}"
EndProject
Project("{F2A71F9B-5D33-465A-A702-920D77279786}") = "Ds2.CSV", "Convert\Ds2.CSV\Ds2.CSV.fsproj", "{7D07FD8D-A80A-435D-AA12-A9A7E9056274}"
EndProject
Project("{2150E333-8FDC-42A3-9474-1A3956D46DE8}") = "View", "View", "{A5AB70C8-5697-EF02-E175-626C0C2E8DA8}"
EndProject
Project("{2150E333-8FDC-42A3-9474-1A3956D46DE8}") = "Ds2.View3D", "Ds2.View3D", "{A1B2C3D4-E5F6-4789-A1B2-C3D4E5F67890}"
EndProject
Project("{F2A71F9B-5D33-465A-A702-920D77279786}") = "Ds2.View3D.Core", "View\Ds2.View3D\Ds2.View3D.Core\Ds2.View3D.Core.fsproj", "{B2C3D4E5-F6A7-4890-B2C3-D4E5F6A78901}"
EndProject
Project("{F2A71F9B-5D33-465A-A702-920D77279786}") = "Ds2.View3D.Tests", "View\Ds2.View3D\Ds2.View3D.Tests\Ds2.View3D.Tests.fsproj", "{C3D4E5F6-A7B8-4901-C3D4-E5F6A7B89012}"
EndProject
Project("{F2A71F9B-5D33-465A-A702-920D77279786}") = "Ds2.JsonFormatter", "Convert\Ds2.JsonFormatter\Ds2.JsonFormatter.fsproj", "{6420A581-2B90-4231-A6B0-93AE980F183B}"
EndProject
Project("{F2A71F9B-5D33-465A-A702-920D77279786}") = "Ds2.IOList", "Convert\Ds2.IOList\Ds2.IOList.fsproj", "{7A713C2A-2812-471F-6F3F-0747CA7C5FEB}"
EndProject
Project("{2150E333-8FDC-42A3-9474-1A3956D46DE8}") = "AasxEditor", "AasxEditor", "{A84671FD-A7D4-D910-35B9-E727A0CAB34D}"
EndProject
Project("{FAE04EC0-301F-11D3-BF4B-00C04F79EFBC}") = "AasxEditor", "..\Apps\AasxEditor\AasxEditor\AasxEditor.csproj", "{C6DA23A7-190D-46C9-AED1-AF99711FA149}"
EndProject
Project("{2150E333-8FDC-42A3-9474-1A3956D46DE8}") = "CostSim", "CostSim", "{9332018E-9548-2AB0-1CB0-753418DF8BCE}"
EndProject
Project("{FAE04EC0-301F-11D3-BF4B-00C04F79EFBC}") = "CostSim", "..\Apps\CostSim\CostSim.csproj", "{44BBB103-83D0-411F-BD5F-2B1D038B0665}"
EndProject
Project("{2150E333-8FDC-42A3-9474-1A3956D46DE8}") = "Promaker", "Promaker", "{F0FA6F46-5711-2EE1-0C89-1D3658DDDBB8}"
EndProject
Project("{FAE04EC0-301F-11D3-BF4B-00C04F79EFBC}") = "Promaker", "..\Apps\Promaker\Promaker\Promaker.csproj", "{9549F201-B709-4840-9922-B85EB25F5C62}"
EndProject
Project("{2150E333-8FDC-42A3-9474-1A3956D46DE8}") = "Tutorial", "Tutorial", "{D67C44D5-1358-C107-7763-C493AF473C05}"
EndProject
Project("{FAE04EC0-301F-11D3-BF4B-00C04F79EFBC}") = "Ds2.Tutorial", "..\Apps\Tutorial\Ds2.Tutorial.csproj", "{C89E5A34-0F3E-49DF-A067-B48F91334095}"
EndProject
Project("{2150E333-8FDC-42A3-9474-1A3956D46DE8}") = "DSPilot", "DSPilot", "{E51E8B8B-C363-1C7F-7C44-ABE4225E2B8B}"
EndProject
Project("{FAE04EC0-301F-11D3-BF4B-00C04F79EFBC}") = "DSPilot", "..\Apps\DSPilot\DSPilot\DSPilot.csproj", "{213C603E-4424-47E1-806F-94E7A15AEB1A}"
EndProject
Project("{F2A71F9B-5D33-465A-A702-920D77279786}") = "DSPilot.Engine", "..\Apps\DSPilot\DSPilot.Engine\DSPilot.Engine.fsproj", "{6CB570EA-3FD7-431F-8D93-D0B4C462C218}"
EndProject
Project("{FAE04EC0-301F-11D3-BF4B-00C04F79EFBC}") = "DSPilot.Engine.Tests.Console", "..\Apps\DSPilot\DSPilot.Engine.Tests.Console\DSPilot.Engine.Tests.Console.csproj", "{79C956E2-10ED-4E42-A422-A780FAFF14C7}"
EndProject
Project("{FAE04EC0-301F-11D3-BF4B-00C04F79EFBC}") = "DSPilot.TestConsole", "..\Apps\DSPilot\DSPilot.TestConsole\DSPilot.TestConsole.csproj", "{A86C3CC0-3D81-410E-984A-BBE330AFE683}"
EndProject
Project("{FAE04EC0-301F-11D3-BF4B-00C04F79EFBC}") = "DSPilot.Tray", "..\Apps\DSPilot\DSPilot.Tray\DSPilot.Tray.csproj", "{081B2BDB-2A6D-405C-8473-3C5CEADE71A4}"
EndProject
Project("{FAE04EC0-301F-11D3-BF4B-00C04F79EFBC}") = "PlcDataGenerator", "..\Apps\DSPilot\PlcDataGenerator\PlcDataGenerator.csproj", "{1DE2D5F7-42AA-4DA7-BB35-43E2D31B1850}"
EndProject
Project("{FAE04EC0-301F-11D3-BF4B-00C04F79EFBC}") = "QuickTest", "..\Apps\DSPilot\QuickTest\QuickTest.csproj", "{9FBA16B3-6DC9-4F51-BFEB-10B44D9E8BD3}"
EndProject
Global
	GlobalSection(SolutionConfigurationPlatforms) = preSolution
		Debug|Any CPU = Debug|Any CPU
		Debug|x64 = Debug|x64
		Debug|x86 = Debug|x86
		Release|Any CPU = Release|Any CPU
		Release|x64 = Release|x64
		Release|x86 = Release|x86
	EndGlobalSection
	GlobalSection(ProjectConfigurationPlatforms) = postSolution
		{5F86882A-01A6-431C-B56D-7ABC65FFC0C3}.Debug|Any CPU.ActiveCfg = Debug|Any CPU
		{5F86882A-01A6-431C-B56D-7ABC65FFC0C3}.Debug|Any CPU.Build.0 = Debug|Any CPU
		{5F86882A-01A6-431C-B56D-7ABC65FFC0C3}.Debug|x64.ActiveCfg = Debug|Any CPU
		{5F86882A-01A6-431C-B56D-7ABC65FFC0C3}.Debug|x64.Build.0 = Debug|Any CPU
		{5F86882A-01A6-431C-B56D-7ABC65FFC0C3}.Debug|x86.ActiveCfg = Debug|Any CPU
		{5F86882A-01A6-431C-B56D-7ABC65FFC0C3}.Debug|x86.Build.0 = Debug|Any CPU
		{5F86882A-01A6-431C-B56D-7ABC65FFC0C3}.Release|Any CPU.ActiveCfg = Release|Any CPU
		{5F86882A-01A6-431C-B56D-7ABC65FFC0C3}.Release|Any CPU.Build.0 = Release|Any CPU
		{5F86882A-01A6-431C-B56D-7ABC65FFC0C3}.Release|x64.ActiveCfg = Release|Any CPU
		{5F86882A-01A6-431C-B56D-7ABC65FFC0C3}.Release|x64.Build.0 = Release|Any CPU
		{5F86882A-01A6-431C-B56D-7ABC65FFC0C3}.Release|x86.ActiveCfg = Release|Any CPU
		{5F86882A-01A6-431C-B56D-7ABC65FFC0C3}.Release|x86.Build.0 = Release|Any CPU
		{7E5A8D3C-4B7F-4C61-9F71-1B313A2D4E90}.Debug|Any CPU.ActiveCfg = Debug|Any CPU
		{7E5A8D3C-4B7F-4C61-9F71-1B313A2D4E90}.Debug|Any CPU.Build.0 = Debug|Any CPU
		{7E5A8D3C-4B7F-4C61-9F71-1B313A2D4E90}.Debug|x64.ActiveCfg = Debug|Any CPU
		{7E5A8D3C-4B7F-4C61-9F71-1B313A2D4E90}.Debug|x64.Build.0 = Debug|Any CPU
		{7E5A8D3C-4B7F-4C61-9F71-1B313A2D4E90}.Debug|x86.ActiveCfg = Debug|Any CPU
		{7E5A8D3C-4B7F-4C61-9F71-1B313A2D4E90}.Debug|x86.Build.0 = Debug|Any CPU
		{7E5A8D3C-4B7F-4C61-9F71-1B313A2D4E90}.Release|Any CPU.ActiveCfg = Release|Any CPU
		{7E5A8D3C-4B7F-4C61-9F71-1B313A2D4E90}.Release|Any CPU.Build.0 = Release|Any CPU
		{7E5A8D3C-4B7F-4C61-9F71-1B313A2D4E90}.Release|x64.ActiveCfg = Release|Any CPU
		{7E5A8D3C-4B7F-4C61-9F71-1B313A2D4E90}.Release|x64.Build.0 = Release|Any CPU
		{7E5A8D3C-4B7F-4C61-9F71-1B313A2D4E90}.Release|x86.ActiveCfg = Release|Any CPU
		{7E5A8D3C-4B7F-4C61-9F71-1B313A2D4E90}.Release|x86.Build.0 = Release|Any CPU
		{F45D0C5B-F3AF-4C16-991F-0D66D6F513A5}.Debug|Any CPU.ActiveCfg = Debug|Any CPU
		{F45D0C5B-F3AF-4C16-991F-0D66D6F513A5}.Debug|Any CPU.Build.0 = Debug|Any CPU
		{F45D0C5B-F3AF-4C16-991F-0D66D6F513A5}.Debug|x64.ActiveCfg = Debug|Any CPU
		{F45D0C5B-F3AF-4C16-991F-0D66D6F513A5}.Debug|x64.Build.0 = Debug|Any CPU
		{F45D0C5B-F3AF-4C16-991F-0D66D6F513A5}.Debug|x86.ActiveCfg = Debug|Any CPU
		{F45D0C5B-F3AF-4C16-991F-0D66D6F513A5}.Debug|x86.Build.0 = Debug|Any CPU
		{F45D0C5B-F3AF-4C16-991F-0D66D6F513A5}.Release|Any CPU.ActiveCfg = Release|Any CPU
		{F45D0C5B-F3AF-4C16-991F-0D66D6F513A5}.Release|Any CPU.Build.0 = Release|Any CPU
		{F45D0C5B-F3AF-4C16-991F-0D66D6F513A5}.Release|x64.ActiveCfg = Release|Any CPU
		{F45D0C5B-F3AF-4C16-991F-0D66D6F513A5}.Release|x64.Build.0 = Release|Any CPU
		{F45D0C5B-F3AF-4C16-991F-0D66D6F513A5}.Release|x86.ActiveCfg = Release|Any CPU
		{F45D0C5B-F3AF-4C16-991F-0D66D6F513A5}.Release|x86.Build.0 = Release|Any CPU
		{9E649F04-C2B6-4658-BCA5-2D73A8EEBD05}.Debug|Any CPU.ActiveCfg = Debug|Any CPU
		{9E649F04-C2B6-4658-BCA5-2D73A8EEBD05}.Debug|Any CPU.Build.0 = Debug|Any CPU
		{9E649F04-C2B6-4658-BCA5-2D73A8EEBD05}.Debug|x64.ActiveCfg = Debug|Any CPU
		{9E649F04-C2B6-4658-BCA5-2D73A8EEBD05}.Debug|x64.Build.0 = Debug|Any CPU
		{9E649F04-C2B6-4658-BCA5-2D73A8EEBD05}.Debug|x86.ActiveCfg = Debug|Any CPU
		{9E649F04-C2B6-4658-BCA5-2D73A8EEBD05}.Debug|x86.Build.0 = Debug|Any CPU
		{9E649F04-C2B6-4658-BCA5-2D73A8EEBD05}.Release|Any CPU.ActiveCfg = Release|Any CPU
		{9E649F04-C2B6-4658-BCA5-2D73A8EEBD05}.Release|Any CPU.Build.0 = Release|Any CPU
		{9E649F04-C2B6-4658-BCA5-2D73A8EEBD05}.Release|x64.ActiveCfg = Release|Any CPU
		{9E649F04-C2B6-4658-BCA5-2D73A8EEBD05}.Release|x64.Build.0 = Release|Any CPU
		{9E649F04-C2B6-4658-BCA5-2D73A8EEBD05}.Release|x86.ActiveCfg = Release|Any CPU
		{9E649F04-C2B6-4658-BCA5-2D73A8EEBD05}.Release|x86.Build.0 = Release|Any CPU
		{29C7D6A8-74DC-473B-A2D7-268AEEAFAA6A}.Debug|Any CPU.ActiveCfg = Debug|Any CPU
		{29C7D6A8-74DC-473B-A2D7-268AEEAFAA6A}.Debug|Any CPU.Build.0 = Debug|Any CPU
		{29C7D6A8-74DC-473B-A2D7-268AEEAFAA6A}.Debug|x64.ActiveCfg = Debug|Any CPU
		{29C7D6A8-74DC-473B-A2D7-268AEEAFAA6A}.Debug|x64.Build.0 = Debug|Any CPU
		{29C7D6A8-74DC-473B-A2D7-268AEEAFAA6A}.Debug|x86.ActiveCfg = Debug|Any CPU
		{29C7D6A8-74DC-473B-A2D7-268AEEAFAA6A}.Debug|x86.Build.0 = Debug|Any CPU
		{29C7D6A8-74DC-473B-A2D7-268AEEAFAA6A}.Release|Any CPU.ActiveCfg = Release|Any CPU
		{29C7D6A8-74DC-473B-A2D7-268AEEAFAA6A}.Release|Any CPU.Build.0 = Release|Any CPU
		{29C7D6A8-74DC-473B-A2D7-268AEEAFAA6A}.Release|x64.ActiveCfg = Release|Any CPU
		{29C7D6A8-74DC-473B-A2D7-268AEEAFAA6A}.Release|x64.Build.0 = Release|Any CPU
		{29C7D6A8-74DC-473B-A2D7-268AEEAFAA6A}.Release|x86.ActiveCfg = Release|Any CPU
		{29C7D6A8-74DC-473B-A2D7-268AEEAFAA6A}.Release|x86.Build.0 = Release|Any CPU
		{104C5695-84C7-42B1-9874-2CC8DD345327}.Debug|Any CPU.ActiveCfg = Debug|Any CPU
		{104C5695-84C7-42B1-9874-2CC8DD345327}.Debug|Any CPU.Build.0 = Debug|Any CPU
		{104C5695-84C7-42B1-9874-2CC8DD345327}.Debug|x64.ActiveCfg = Debug|Any CPU
		{104C5695-84C7-42B1-9874-2CC8DD345327}.Debug|x64.Build.0 = Debug|Any CPU
		{104C5695-84C7-42B1-9874-2CC8DD345327}.Debug|x86.ActiveCfg = Debug|Any CPU
		{104C5695-84C7-42B1-9874-2CC8DD345327}.Debug|x86.Build.0 = Debug|Any CPU
		{104C5695-84C7-42B1-9874-2CC8DD345327}.Release|Any CPU.ActiveCfg = Release|Any CPU
		{104C5695-84C7-42B1-9874-2CC8DD345327}.Release|Any CPU.Build.0 = Release|Any CPU
		{104C5695-84C7-42B1-9874-2CC8DD345327}.Release|x64.ActiveCfg = Release|Any CPU
		{104C5695-84C7-42B1-9874-2CC8DD345327}.Release|x64.Build.0 = Release|Any CPU
		{104C5695-84C7-42B1-9874-2CC8DD345327}.Release|x86.ActiveCfg = Release|Any CPU
		{104C5695-84C7-42B1-9874-2CC8DD345327}.Release|x86.Build.0 = Release|Any CPU
		{376A1F63-1C78-4080-BFD7-42A209128E76}.Debug|Any CPU.ActiveCfg = Debug|Any CPU
		{376A1F63-1C78-4080-BFD7-42A209128E76}.Debug|Any CPU.Build.0 = Debug|Any CPU
		{376A1F63-1C78-4080-BFD7-42A209128E76}.Debug|x64.ActiveCfg = Debug|Any CPU
		{376A1F63-1C78-4080-BFD7-42A209128E76}.Debug|x64.Build.0 = Debug|Any CPU
		{376A1F63-1C78-4080-BFD7-42A209128E76}.Debug|x86.ActiveCfg = Debug|Any CPU
		{376A1F63-1C78-4080-BFD7-42A209128E76}.Debug|x86.Build.0 = Debug|Any CPU
		{376A1F63-1C78-4080-BFD7-42A209128E76}.Release|Any CPU.ActiveCfg = Release|Any CPU
		{376A1F63-1C78-4080-BFD7-42A209128E76}.Release|Any CPU.Build.0 = Release|Any CPU
		{376A1F63-1C78-4080-BFD7-42A209128E76}.Release|x64.ActiveCfg = Release|Any CPU
		{376A1F63-1C78-4080-BFD7-42A209128E76}.Release|x64.Build.0 = Release|Any CPU
		{376A1F63-1C78-4080-BFD7-42A209128E76}.Release|x86.ActiveCfg = Release|Any CPU
		{376A1F63-1C78-4080-BFD7-42A209128E76}.Release|x86.Build.0 = Release|Any CPU
		{A7B8C9D0-E1F2-3456-7890-ABCDEF012345}.Debug|Any CPU.ActiveCfg = Debug|Any CPU
		{A7B8C9D0-E1F2-3456-7890-ABCDEF012345}.Debug|Any CPU.Build.0 = Debug|Any CPU
		{A7B8C9D0-E1F2-3456-7890-ABCDEF012345}.Debug|x64.ActiveCfg = Debug|Any CPU
		{A7B8C9D0-E1F2-3456-7890-ABCDEF012345}.Debug|x64.Build.0 = Debug|Any CPU
		{A7B8C9D0-E1F2-3456-7890-ABCDEF012345}.Debug|x86.ActiveCfg = Debug|Any CPU
		{A7B8C9D0-E1F2-3456-7890-ABCDEF012345}.Debug|x86.Build.0 = Debug|Any CPU
		{A7B8C9D0-E1F2-3456-7890-ABCDEF012345}.Release|Any CPU.ActiveCfg = Release|Any CPU
		{A7B8C9D0-E1F2-3456-7890-ABCDEF012345}.Release|Any CPU.Build.0 = Release|Any CPU
		{A7B8C9D0-E1F2-3456-7890-ABCDEF012345}.Release|x64.ActiveCfg = Release|Any CPU
		{A7B8C9D0-E1F2-3456-7890-ABCDEF012345}.Release|x64.Build.0 = Release|Any CPU
		{A7B8C9D0-E1F2-3456-7890-ABCDEF012345}.Release|x86.ActiveCfg = Release|Any CPU
		{A7B8C9D0-E1F2-3456-7890-ABCDEF012345}.Release|x86.Build.0 = Release|Any CPU
		{73553F4F-0DE0-424E-8091-0A6B3F7A7BEE}.Debug|Any CPU.ActiveCfg = Debug|Any CPU
		{73553F4F-0DE0-424E-8091-0A6B3F7A7BEE}.Debug|Any CPU.Build.0 = Debug|Any CPU
		{73553F4F-0DE0-424E-8091-0A6B3F7A7BEE}.Debug|x64.ActiveCfg = Debug|Any CPU
		{73553F4F-0DE0-424E-8091-0A6B3F7A7BEE}.Debug|x64.Build.0 = Debug|Any CPU
		{73553F4F-0DE0-424E-8091-0A6B3F7A7BEE}.Debug|x86.ActiveCfg = Debug|Any CPU
		{73553F4F-0DE0-424E-8091-0A6B3F7A7BEE}.Debug|x86.Build.0 = Debug|Any CPU
		{73553F4F-0DE0-424E-8091-0A6B3F7A7BEE}.Release|Any CPU.ActiveCfg = Release|Any CPU
		{73553F4F-0DE0-424E-8091-0A6B3F7A7BEE}.Release|Any CPU.Build.0 = Release|Any CPU
		{73553F4F-0DE0-424E-8091-0A6B3F7A7BEE}.Release|x64.ActiveCfg = Release|Any CPU
		{73553F4F-0DE0-424E-8091-0A6B3F7A7BEE}.Release|x64.Build.0 = Release|Any CPU
		{73553F4F-0DE0-424E-8091-0A6B3F7A7BEE}.Release|x86.ActiveCfg = Release|Any CPU
		{73553F4F-0DE0-424E-8091-0A6B3F7A7BEE}.Release|x86.Build.0 = Release|Any CPU
		{7034821D-B12B-4586-A508-C542869AE2F4}.Debug|Any CPU.ActiveCfg = Debug|Any CPU
		{7034821D-B12B-4586-A508-C542869AE2F4}.Debug|Any CPU.Build.0 = Debug|Any CPU
		{7034821D-B12B-4586-A508-C542869AE2F4}.Debug|x64.ActiveCfg = Debug|Any CPU
		{7034821D-B12B-4586-A508-C542869AE2F4}.Debug|x64.Build.0 = Debug|Any CPU
		{7034821D-B12B-4586-A508-C542869AE2F4}.Debug|x86.ActiveCfg = Debug|Any CPU
		{7034821D-B12B-4586-A508-C542869AE2F4}.Debug|x86.Build.0 = Debug|Any CPU
		{7034821D-B12B-4586-A508-C542869AE2F4}.Release|Any CPU.ActiveCfg = Release|Any CPU
		{7034821D-B12B-4586-A508-C542869AE2F4}.Release|Any CPU.Build.0 = Release|Any CPU
		{7034821D-B12B-4586-A508-C542869AE2F4}.Release|x64.ActiveCfg = Release|Any CPU
		{7034821D-B12B-4586-A508-C542869AE2F4}.Release|x64.Build.0 = Release|Any CPU
		{7034821D-B12B-4586-A508-C542869AE2F4}.Release|x86.ActiveCfg = Release|Any CPU
		{7034821D-B12B-4586-A508-C542869AE2F4}.Release|x86.Build.0 = Release|Any CPU
		{3411AFBC-3784-4BAA-9B96-0674C4B2B634}.Debug|Any CPU.ActiveCfg = Debug|Any CPU
		{3411AFBC-3784-4BAA-9B96-0674C4B2B634}.Debug|Any CPU.Build.0 = Debug|Any CPU
		{3411AFBC-3784-4BAA-9B96-0674C4B2B634}.Debug|x64.ActiveCfg = Debug|Any CPU
		{3411AFBC-3784-4BAA-9B96-0674C4B2B634}.Debug|x64.Build.0 = Debug|Any CPU
		{3411AFBC-3784-4BAA-9B96-0674C4B2B634}.Debug|x86.ActiveCfg = Debug|Any CPU
		{3411AFBC-3784-4BAA-9B96-0674C4B2B634}.Debug|x86.Build.0 = Debug|Any CPU
		{3411AFBC-3784-4BAA-9B96-0674C4B2B634}.Release|Any CPU.ActiveCfg = Release|Any CPU
		{3411AFBC-3784-4BAA-9B96-0674C4B2B634}.Release|Any CPU.Build.0 = Release|Any CPU
		{3411AFBC-3784-4BAA-9B96-0674C4B2B634}.Release|x64.ActiveCfg = Release|Any CPU
		{3411AFBC-3784-4BAA-9B96-0674C4B2B634}.Release|x64.Build.0 = Release|Any CPU
		{3411AFBC-3784-4BAA-9B96-0674C4B2B634}.Release|x86.ActiveCfg = Release|Any CPU
		{3411AFBC-3784-4BAA-9B96-0674C4B2B634}.Release|x86.Build.0 = Release|Any CPU
		{7D07FD8D-A80A-435D-AA12-A9A7E9056274}.Debug|Any CPU.ActiveCfg = Debug|Any CPU
		{7D07FD8D-A80A-435D-AA12-A9A7E9056274}.Debug|Any CPU.Build.0 = Debug|Any CPU
		{7D07FD8D-A80A-435D-AA12-A9A7E9056274}.Debug|x64.ActiveCfg = Debug|Any CPU
		{7D07FD8D-A80A-435D-AA12-A9A7E9056274}.Debug|x64.Build.0 = Debug|Any CPU
		{7D07FD8D-A80A-435D-AA12-A9A7E9056274}.Debug|x86.ActiveCfg = Debug|Any CPU
		{7D07FD8D-A80A-435D-AA12-A9A7E9056274}.Debug|x86.Build.0 = Debug|Any CPU
		{7D07FD8D-A80A-435D-AA12-A9A7E9056274}.Release|Any CPU.ActiveCfg = Release|Any CPU
		{7D07FD8D-A80A-435D-AA12-A9A7E9056274}.Release|Any CPU.Build.0 = Release|Any CPU
		{7D07FD8D-A80A-435D-AA12-A9A7E9056274}.Release|x64.ActiveCfg = Release|Any CPU
		{7D07FD8D-A80A-435D-AA12-A9A7E9056274}.Release|x64.Build.0 = Release|Any CPU
		{7D07FD8D-A80A-435D-AA12-A9A7E9056274}.Release|x86.ActiveCfg = Release|Any CPU
		{7D07FD8D-A80A-435D-AA12-A9A7E9056274}.Release|x86.Build.0 = Release|Any CPU
		{B2C3D4E5-F6A7-4890-B2C3-D4E5F6A78901}.Debug|Any CPU.ActiveCfg = Debug|Any CPU
		{B2C3D4E5-F6A7-4890-B2C3-D4E5F6A78901}.Debug|Any CPU.Build.0 = Debug|Any CPU
		{B2C3D4E5-F6A7-4890-B2C3-D4E5F6A78901}.Debug|x64.ActiveCfg = Debug|Any CPU
		{B2C3D4E5-F6A7-4890-B2C3-D4E5F6A78901}.Debug|x64.Build.0 = Debug|Any CPU
		{B2C3D4E5-F6A7-4890-B2C3-D4E5F6A78901}.Debug|x86.ActiveCfg = Debug|Any CPU
		{B2C3D4E5-F6A7-4890-B2C3-D4E5F6A78901}.Debug|x86.Build.0 = Debug|Any CPU
		{B2C3D4E5-F6A7-4890-B2C3-D4E5F6A78901}.Release|Any CPU.ActiveCfg = Release|Any CPU
		{B2C3D4E5-F6A7-4890-B2C3-D4E5F6A78901}.Release|Any CPU.Build.0 = Release|Any CPU
		{B2C3D4E5-F6A7-4890-B2C3-D4E5F6A78901}.Release|x64.ActiveCfg = Release|Any CPU
		{B2C3D4E5-F6A7-4890-B2C3-D4E5F6A78901}.Release|x64.Build.0 = Release|Any CPU
		{B2C3D4E5-F6A7-4890-B2C3-D4E5F6A78901}.Release|x86.ActiveCfg = Release|Any CPU
		{B2C3D4E5-F6A7-4890-B2C3-D4E5F6A78901}.Release|x86.Build.0 = Release|Any CPU
		{C3D4E5F6-A7B8-4901-C3D4-E5F6A7B89012}.Debug|Any CPU.ActiveCfg = Debug|Any CPU
		{C3D4E5F6-A7B8-4901-C3D4-E5F6A7B89012}.Debug|Any CPU.Build.0 = Debug|Any CPU
		{C3D4E5F6-A7B8-4901-C3D4-E5F6A7B89012}.Debug|x64.ActiveCfg = Debug|Any CPU
		{C3D4E5F6-A7B8-4901-C3D4-E5F6A7B89012}.Debug|x64.Build.0 = Debug|Any CPU
		{C3D4E5F6-A7B8-4901-C3D4-E5F6A7B89012}.Debug|x86.ActiveCfg = Debug|Any CPU
		{C3D4E5F6-A7B8-4901-C3D4-E5F6A7B89012}.Debug|x86.Build.0 = Debug|Any CPU
		{C3D4E5F6-A7B8-4901-C3D4-E5F6A7B89012}.Release|Any CPU.ActiveCfg = Release|Any CPU
		{C3D4E5F6-A7B8-4901-C3D4-E5F6A7B89012}.Release|Any CPU.Build.0 = Release|Any CPU
		{C3D4E5F6-A7B8-4901-C3D4-E5F6A7B89012}.Release|x64.ActiveCfg = Release|Any CPU
		{C3D4E5F6-A7B8-4901-C3D4-E5F6A7B89012}.Release|x64.Build.0 = Release|Any CPU
		{C3D4E5F6-A7B8-4901-C3D4-E5F6A7B89012}.Release|x86.ActiveCfg = Release|Any CPU
		{C3D4E5F6-A7B8-4901-C3D4-E5F6A7B89012}.Release|x86.Build.0 = Release|Any CPU
		{6420A581-2B90-4231-A6B0-93AE980F183B}.Debug|Any CPU.ActiveCfg = Debug|Any CPU
		{6420A581-2B90-4231-A6B0-93AE980F183B}.Debug|Any CPU.Build.0 = Debug|Any CPU
		{6420A581-2B90-4231-A6B0-93AE980F183B}.Debug|x64.ActiveCfg = Debug|Any CPU
		{6420A581-2B90-4231-A6B0-93AE980F183B}.Debug|x64.Build.0 = Debug|Any CPU
		{6420A581-2B90-4231-A6B0-93AE980F183B}.Debug|x86.ActiveCfg = Debug|Any CPU
		{6420A581-2B90-4231-A6B0-93AE980F183B}.Debug|x86.Build.0 = Debug|Any CPU
		{6420A581-2B90-4231-A6B0-93AE980F183B}.Release|Any CPU.ActiveCfg = Release|Any CPU
		{6420A581-2B90-4231-A6B0-93AE980F183B}.Release|Any CPU.Build.0 = Release|Any CPU
		{6420A581-2B90-4231-A6B0-93AE980F183B}.Release|x64.ActiveCfg = Release|Any CPU
		{6420A581-2B90-4231-A6B0-93AE980F183B}.Release|x64.Build.0 = Release|Any CPU
		{6420A581-2B90-4231-A6B0-93AE980F183B}.Release|x86.ActiveCfg = Release|Any CPU
		{6420A581-2B90-4231-A6B0-93AE980F183B}.Release|x86.Build.0 = Release|Any CPU
		{7A713C2A-2812-471F-6F3F-0747CA7C5FEB}.Debug|Any CPU.ActiveCfg = Debug|Any CPU
		{7A713C2A-2812-471F-6F3F-0747CA7C5FEB}.Debug|Any CPU.Build.0 = Debug|Any CPU
		{7A713C2A-2812-471F-6F3F-0747CA7C5FEB}.Debug|x64.ActiveCfg = Debug|Any CPU
		{7A713C2A-2812-471F-6F3F-0747CA7C5FEB}.Debug|x64.Build.0 = Debug|Any CPU
		{7A713C2A-2812-471F-6F3F-0747CA7C5FEB}.Debug|x86.ActiveCfg = Debug|Any CPU
		{7A713C2A-2812-471F-6F3F-0747CA7C5FEB}.Debug|x86.Build.0 = Debug|Any CPU
		{7A713C2A-2812-471F-6F3F-0747CA7C5FEB}.Release|Any CPU.ActiveCfg = Release|Any CPU
		{7A713C2A-2812-471F-6F3F-0747CA7C5FEB}.Release|Any CPU.Build.0 = Release|Any CPU
		{7A713C2A-2812-471F-6F3F-0747CA7C5FEB}.Release|x64.ActiveCfg = Release|Any CPU
		{7A713C2A-2812-471F-6F3F-0747CA7C5FEB}.Release|x64.Build.0 = Release|Any CPU
		{7A713C2A-2812-471F-6F3F-0747CA7C5FEB}.Release|x86.ActiveCfg = Release|Any CPU
		{7A713C2A-2812-471F-6F3F-0747CA7C5FEB}.Release|x86.Build.0 = Release|Any CPU
		{C6DA23A7-190D-46C9-AED1-AF99711FA149}.Debug|Any CPU.ActiveCfg = Debug|Any CPU
		{C6DA23A7-190D-46C9-AED1-AF99711FA149}.Debug|Any CPU.Build.0 = Debug|Any CPU
		{C6DA23A7-190D-46C9-AED1-AF99711FA149}.Debug|x64.ActiveCfg = Debug|Any CPU
		{C6DA23A7-190D-46C9-AED1-AF99711FA149}.Debug|x64.Build.0 = Debug|Any CPU
		{C6DA23A7-190D-46C9-AED1-AF99711FA149}.Debug|x86.ActiveCfg = Debug|Any CPU
		{C6DA23A7-190D-46C9-AED1-AF99711FA149}.Debug|x86.Build.0 = Debug|Any CPU
		{C6DA23A7-190D-46C9-AED1-AF99711FA149}.Release|Any CPU.ActiveCfg = Release|Any CPU
		{C6DA23A7-190D-46C9-AED1-AF99711FA149}.Release|Any CPU.Build.0 = Release|Any CPU
		{C6DA23A7-190D-46C9-AED1-AF99711FA149}.Release|x64.ActiveCfg = Release|Any CPU
		{C6DA23A7-190D-46C9-AED1-AF99711FA149}.Release|x64.Build.0 = Release|Any CPU
		{C6DA23A7-190D-46C9-AED1-AF99711FA149}.Release|x86.ActiveCfg = Release|Any CPU
		{C6DA23A7-190D-46C9-AED1-AF99711FA149}.Release|x86.Build.0 = Release|Any CPU
		{44BBB103-83D0-411F-BD5F-2B1D038B0665}.Debug|Any CPU.ActiveCfg = Debug|Any CPU
		{44BBB103-83D0-411F-BD5F-2B1D038B0665}.Debug|Any CPU.Build.0 = Debug|Any CPU
		{44BBB103-83D0-411F-BD5F-2B1D038B0665}.Debug|x64.ActiveCfg = Debug|Any CPU
		{44BBB103-83D0-411F-BD5F-2B1D038B0665}.Debug|x64.Build.0 = Debug|Any CPU
		{44BBB103-83D0-411F-BD5F-2B1D038B0665}.Debug|x86.ActiveCfg = Debug|Any CPU
		{44BBB103-83D0-411F-BD5F-2B1D038B0665}.Debug|x86.Build.0 = Debug|Any CPU
		{44BBB103-83D0-411F-BD5F-2B1D038B0665}.Release|Any CPU.ActiveCfg = Release|Any CPU
		{44BBB103-83D0-411F-BD5F-2B1D038B0665}.Release|Any CPU.Build.0 = Release|Any CPU
		{44BBB103-83D0-411F-BD5F-2B1D038B0665}.Release|x64.ActiveCfg = Release|Any CPU
		{44BBB103-83D0-411F-BD5F-2B1D038B0665}.Release|x64.Build.0 = Release|Any CPU
		{44BBB103-83D0-411F-BD5F-2B1D038B0665}.Release|x86.ActiveCfg = Release|Any CPU
		{44BBB103-83D0-411F-BD5F-2B1D038B0665}.Release|x86.Build.0 = Release|Any CPU
		{9549F201-B709-4840-9922-B85EB25F5C62}.Debug|Any CPU.ActiveCfg = Debug|Any CPU
		{9549F201-B709-4840-9922-B85EB25F5C62}.Debug|Any CPU.Build.0 = Debug|Any CPU
		{9549F201-B709-4840-9922-B85EB25F5C62}.Debug|x64.ActiveCfg = Debug|Any CPU
		{9549F201-B709-4840-9922-B85EB25F5C62}.Debug|x64.Build.0 = Debug|Any CPU
		{9549F201-B709-4840-9922-B85EB25F5C62}.Debug|x86.ActiveCfg = Debug|Any CPU
		{9549F201-B709-4840-9922-B85EB25F5C62}.Debug|x86.Build.0 = Debug|Any CPU
		{9549F201-B709-4840-9922-B85EB25F5C62}.Release|Any CPU.ActiveCfg = Release|Any CPU
		{9549F201-B709-4840-9922-B85EB25F5C62}.Release|Any CPU.Build.0 = Release|Any CPU
		{9549F201-B709-4840-9922-B85EB25F5C62}.Release|x64.ActiveCfg = Release|Any CPU
		{9549F201-B709-4840-9922-B85EB25F5C62}.Release|x64.Build.0 = Release|Any CPU
		{9549F201-B709-4840-9922-B85EB25F5C62}.Release|x86.ActiveCfg = Release|Any CPU
		{9549F201-B709-4840-9922-B85EB25F5C62}.Release|x86.Build.0 = Release|Any CPU
		{C89E5A34-0F3E-49DF-A067-B48F91334095}.Debug|Any CPU.ActiveCfg = Debug|Any CPU
		{C89E5A34-0F3E-49DF-A067-B48F91334095}.Debug|Any CPU.Build.0 = Debug|Any CPU
		{C89E5A34-0F3E-49DF-A067-B48F91334095}.Debug|x64.ActiveCfg = Debug|Any CPU
		{C89E5A34-0F3E-49DF-A067-B48F91334095}.Debug|x64.Build.0 = Debug|Any CPU
		{C89E5A34-0F3E-49DF-A067-B48F91334095}.Debug|x86.ActiveCfg = Debug|Any CPU
		{C89E5A34-0F3E-49DF-A067-B48F91334095}.Debug|x86.Build.0 = Debug|Any CPU
		{C89E5A34-0F3E-49DF-A067-B48F91334095}.Release|Any CPU.ActiveCfg = Release|Any CPU
		{C89E5A34-0F3E-49DF-A067-B48F91334095}.Release|Any CPU.Build.0 = Release|Any CPU
		{C89E5A34-0F3E-49DF-A067-B48F91334095}.Release|x64.ActiveCfg = Release|Any CPU
		{C89E5A34-0F3E-49DF-A067-B48F91334095}.Release|x64.Build.0 = Release|Any CPU
		{C89E5A34-0F3E-49DF-A067-B48F91334095}.Release|x86.ActiveCfg = Release|Any CPU
		{C89E5A34-0F3E-49DF-A067-B48F91334095}.Release|x86.Build.0 = Release|Any CPU
		{213C603E-4424-47E1-806F-94E7A15AEB1A}.Debug|Any CPU.ActiveCfg = Debug|Any CPU
		{213C603E-4424-47E1-806F-94E7A15AEB1A}.Debug|Any CPU.Build.0 = Debug|Any CPU
		{213C603E-4424-47E1-806F-94E7A15AEB1A}.Debug|x64.ActiveCfg = Debug|Any CPU
		{213C603E-4424-47E1-806F-94E7A15AEB1A}.Debug|x64.Build.0 = Debug|Any CPU
		{213C603E-4424-47E1-806F-94E7A15AEB1A}.Debug|x86.ActiveCfg = Debug|Any CPU
		{213C603E-4424-47E1-806F-94E7A15AEB1A}.Debug|x86.Build.0 = Debug|Any CPU
		{213C603E-4424-47E1-806F-94E7A15AEB1A}.Release|Any CPU.ActiveCfg = Release|Any CPU
		{213C603E-4424-47E1-806F-94E7A15AEB1A}.Release|Any CPU.Build.0 = Release|Any CPU
		{213C603E-4424-47E1-806F-94E7A15AEB1A}.Release|x64.ActiveCfg = Release|Any CPU
		{213C603E-4424-47E1-806F-94E7A15AEB1A}.Release|x64.Build.0 = Release|Any CPU
		{213C603E-4424-47E1-806F-94E7A15AEB1A}.Release|x86.ActiveCfg = Release|Any CPU
		{213C603E-4424-47E1-806F-94E7A15AEB1A}.Release|x86.Build.0 = Release|Any CPU
		{6CB570EA-3FD7-431F-8D93-D0B4C462C218}.Debug|Any CPU.ActiveCfg = Debug|Any CPU
		{6CB570EA-3FD7-431F-8D93-D0B4C462C218}.Debug|Any CPU.Build.0 = Debug|Any CPU
		{6CB570EA-3FD7-431F-8D93-D0B4C462C218}.Debug|x64.ActiveCfg = Debug|Any CPU
		{6CB570EA-3FD7-431F-8D93-D0B4C462C218}.Debug|x64.Build.0 = Debug|Any CPU
		{6CB570EA-3FD7-431F-8D93-D0B4C462C218}.Debug|x86.ActiveCfg = Debug|Any CPU
		{6CB570EA-3FD7-431F-8D93-D0B4C462C218}.Debug|x86.Build.0 = Debug|Any CPU
		{6CB570EA-3FD7-431F-8D93-D0B4C462C218}.Release|Any CPU.ActiveCfg = Release|Any CPU
		{6CB570EA-3FD7-431F-8D93-D0B4C462C218}.Release|Any CPU.Build.0 = Release|Any CPU
		{6CB570EA-3FD7-431F-8D93-D0B4C462C218}.Release|x64.ActiveCfg = Release|Any CPU
		{6CB570EA-3FD7-431F-8D93-D0B4C462C218}.Release|x64.Build.0 = Release|Any CPU
		{6CB570EA-3FD7-431F-8D93-D0B4C462C218}.Release|x86.ActiveCfg = Release|Any CPU
		{6CB570EA-3FD7-431F-8D93-D0B4C462C218}.Release|x86.Build.0 = Release|Any CPU
		{79C956E2-10ED-4E42-A422-A780FAFF14C7}.Debug|Any CPU.ActiveCfg = Debug|Any CPU
		{79C956E2-10ED-4E42-A422-A780FAFF14C7}.Debug|Any CPU.Build.0 = Debug|Any CPU
		{79C956E2-10ED-4E42-A422-A780FAFF14C7}.Debug|x64.ActiveCfg = Debug|Any CPU
		{79C956E2-10ED-4E42-A422-A780FAFF14C7}.Debug|x64.Build.0 = Debug|Any CPU
		{79C956E2-10ED-4E42-A422-A780FAFF14C7}.Debug|x86.ActiveCfg = Debug|Any CPU
		{79C956E2-10ED-4E42-A422-A780FAFF14C7}.Debug|x86.Build.0 = Debug|Any CPU
		{79C956E2-10ED-4E42-A422-A780FAFF14C7}.Release|Any CPU.ActiveCfg = Release|Any CPU
		{79C956E2-10ED-4E42-A422-A780FAFF14C7}.Release|Any CPU.Build.0 = Release|Any CPU
		{79C956E2-10ED-4E42-A422-A780FAFF14C7}.Release|x64.ActiveCfg = Release|Any CPU
		{79C956E2-10ED-4E42-A422-A780FAFF14C7}.Release|x64.Build.0 = Release|Any CPU
		{79C956E2-10ED-4E42-A422-A780FAFF14C7}.Release|x86.ActiveCfg = Release|Any CPU
		{79C956E2-10ED-4E42-A422-A780FAFF14C7}.Release|x86.Build.0 = Release|Any CPU
		{A86C3CC0-3D81-410E-984A-BBE330AFE683}.Debug|Any CPU.ActiveCfg = Debug|Any CPU
		{A86C3CC0-3D81-410E-984A-BBE330AFE683}.Debug|Any CPU.Build.0 = Debug|Any CPU
		{A86C3CC0-3D81-410E-984A-BBE330AFE683}.Debug|x64.ActiveCfg = Debug|Any CPU
		{A86C3CC0-3D81-410E-984A-BBE330AFE683}.Debug|x64.Build.0 = Debug|Any CPU
		{A86C3CC0-3D81-410E-984A-BBE330AFE683}.Debug|x86.ActiveCfg = Debug|Any CPU
		{A86C3CC0-3D81-410E-984A-BBE330AFE683}.Debug|x86.Build.0 = Debug|Any CPU
		{A86C3CC0-3D81-410E-984A-BBE330AFE683}.Release|Any CPU.ActiveCfg = Release|Any CPU
		{A86C3CC0-3D81-410E-984A-BBE330AFE683}.Release|Any CPU.Build.0 = Release|Any CPU
		{A86C3CC0-3D81-410E-984A-BBE330AFE683}.Release|x64.ActiveCfg = Release|Any CPU
		{A86C3CC0-3D81-410E-984A-BBE330AFE683}.Release|x64.Build.0 = Release|Any CPU
		{A86C3CC0-3D81-410E-984A-BBE330AFE683}.Release|x86.ActiveCfg = Release|Any CPU
		{A86C3CC0-3D81-410E-984A-BBE330AFE683}.Release|x86.Build.0 = Release|Any CPU
		{081B2BDB-2A6D-405C-8473-3C5CEADE71A4}.Debug|Any CPU.ActiveCfg = Debug|Any CPU
		{081B2BDB-2A6D-405C-8473-3C5CEADE71A4}.Debug|Any CPU.Build.0 = Debug|Any CPU
		{081B2BDB-2A6D-405C-8473-3C5CEADE71A4}.Debug|x64.ActiveCfg = Debug|Any CPU
		{081B2BDB-2A6D-405C-8473-3C5CEADE71A4}.Debug|x64.Build.0 = Debug|Any CPU
		{081B2BDB-2A6D-405C-8473-3C5CEADE71A4}.Debug|x86.ActiveCfg = Debug|Any CPU
		{081B2BDB-2A6D-405C-8473-3C5CEADE71A4}.Debug|x86.Build.0 = Debug|Any CPU
		{081B2BDB-2A6D-405C-8473-3C5CEADE71A4}.Release|Any CPU.ActiveCfg = Release|Any CPU
		{081B2BDB-2A6D-405C-8473-3C5CEADE71A4}.Release|Any CPU.Build.0 = Release|Any CPU
		{081B2BDB-2A6D-405C-8473-3C5CEADE71A4}.Release|x64.ActiveCfg = Release|Any CPU
		{081B2BDB-2A6D-405C-8473-3C5CEADE71A4}.Release|x64.Build.0 = Release|Any CPU
		{081B2BDB-2A6D-405C-8473-3C5CEADE71A4}.Release|x86.ActiveCfg = Release|Any CPU
		{081B2BDB-2A6D-405C-8473-3C5CEADE71A4}.Release|x86.Build.0 = Release|Any CPU
		{1DE2D5F7-42AA-4DA7-BB35-43E2D31B1850}.Debug|Any CPU.ActiveCfg = Debug|Any CPU
		{1DE2D5F7-42AA-4DA7-BB35-43E2D31B1850}.Debug|Any CPU.Build.0 = Debug|Any CPU
		{1DE2D5F7-42AA-4DA7-BB35-43E2D31B1850}.Debug|x64.ActiveCfg = Debug|Any CPU
		{1DE2D5F7-42AA-4DA7-BB35-43E2D31B1850}.Debug|x64.Build.0 = Debug|Any CPU
		{1DE2D5F7-42AA-4DA7-BB35-43E2D31B1850}.Debug|x86.ActiveCfg = Debug|Any CPU
		{1DE2D5F7-42AA-4DA7-BB35-43E2D31B1850}.Debug|x86.Build.0 = Debug|Any CPU
		{1DE2D5F7-42AA-4DA7-BB35-43E2D31B1850}.Release|Any CPU.ActiveCfg = Release|Any CPU
		{1DE2D5F7-42AA-4DA7-BB35-43E2D31B1850}.Release|Any CPU.Build.0 = Release|Any CPU
		{1DE2D5F7-42AA-4DA7-BB35-43E2D31B1850}.Release|x64.ActiveCfg = Release|Any CPU
		{1DE2D5F7-42AA-4DA7-BB35-43E2D31B1850}.Release|x64.Build.0 = Release|Any CPU
		{1DE2D5F7-42AA-4DA7-BB35-43E2D31B1850}.Release|x86.ActiveCfg = Release|Any CPU
		{1DE2D5F7-42AA-4DA7-BB35-43E2D31B1850}.Release|x86.Build.0 = Release|Any CPU
		{9FBA16B3-6DC9-4F51-BFEB-10B44D9E8BD3}.Debug|Any CPU.ActiveCfg = Debug|Any CPU
		{9FBA16B3-6DC9-4F51-BFEB-10B44D9E8BD3}.Debug|Any CPU.Build.0 = Debug|Any CPU
		{9FBA16B3-6DC9-4F51-BFEB-10B44D9E8BD3}.Debug|x64.ActiveCfg = Debug|Any CPU
		{9FBA16B3-6DC9-4F51-BFEB-10B44D9E8BD3}.Debug|x64.Build.0 = Debug|Any CPU
		{9FBA16B3-6DC9-4F51-BFEB-10B44D9E8BD3}.Debug|x86.ActiveCfg = Debug|Any CPU
		{9FBA16B3-6DC9-4F51-BFEB-10B44D9E8BD3}.Debug|x86.Build.0 = Debug|Any CPU
		{9FBA16B3-6DC9-4F51-BFEB-10B44D9E8BD3}.Release|Any CPU.ActiveCfg = Release|Any CPU
		{9FBA16B3-6DC9-4F51-BFEB-10B44D9E8BD3}.Release|Any CPU.Build.0 = Release|Any CPU
		{9FBA16B3-6DC9-4F51-BFEB-10B44D9E8BD3}.Release|x64.ActiveCfg = Release|Any CPU
		{9FBA16B3-6DC9-4F51-BFEB-10B44D9E8BD3}.Release|x64.Build.0 = Release|Any CPU
		{9FBA16B3-6DC9-4F51-BFEB-10B44D9E8BD3}.Release|x86.ActiveCfg = Release|Any CPU
		{9FBA16B3-6DC9-4F51-BFEB-10B44D9E8BD3}.Release|x86.Build.0 = Release|Any CPU
	EndGlobalSection
	GlobalSection(SolutionProperties) = preSolution
		HideSolutionNode = FALSE
	EndGlobalSection
	GlobalSection(NestedProjects) = preSolution
		{5F86882A-01A6-431C-B56D-7ABC65FFC0C3} = {FBF56CC3-7AE6-AD2D-3F14-7F97FD322CD6}
		{7E5A8D3C-4B7F-4C61-9F71-1B313A2D4E90} = {FBF56CC3-7AE6-AD2D-3F14-7F97FD322CD6}
		{F45D0C5B-F3AF-4C16-991F-0D66D6F513A5} = {FBF56CC3-7AE6-AD2D-3F14-7F97FD322CD6}
		{9E649F04-C2B6-4658-BCA5-2D73A8EEBD05} = {FBF56CC3-7AE6-AD2D-3F14-7F97FD322CD6}
		{29C7D6A8-74DC-473B-A2D7-268AEEAFAA6A} = {FBF56CC3-7AE6-AD2D-3F14-7F97FD322CD6}
		{104C5695-84C7-42B1-9874-2CC8DD345327} = {FBF56CC3-7AE6-AD2D-3F14-7F97FD322CD6}
		{376A1F63-1C78-4080-BFD7-42A209128E76} = {36E7FC26-247D-07CC-9F36-7068B8A9EA44}
		{A7B8C9D0-E1F2-3456-7890-ABCDEF012345} = {36E7FC26-247D-07CC-9F36-7068B8A9EA44}
		{73553F4F-0DE0-424E-8091-0A6B3F7A7BEE} = {32D75892-898E-D609-233A-CF2C4E30EFFC}
		{7034821D-B12B-4586-A508-C542869AE2F4} = {0AB3BF05-4346-4AA6-1389-037BE0695223}
		{3411AFBC-3784-4BAA-9B96-0674C4B2B634} = {0AB3BF05-4346-4AA6-1389-037BE0695223}
		{7D07FD8D-A80A-435D-AA12-A9A7E9056274} = {32D75892-898E-D609-233A-CF2C4E30EFFC}
		{A1B2C3D4-E5F6-4789-A1B2-C3D4E5F67890} = {A5AB70C8-5697-EF02-E175-626C0C2E8DA8}
		{B2C3D4E5-F6A7-4890-B2C3-D4E5F6A78901} = {A1B2C3D4-E5F6-4789-A1B2-C3D4E5F67890}
		{C3D4E5F6-A7B8-4901-C3D4-E5F6A7B89012} = {A1B2C3D4-E5F6-4789-A1B2-C3D4E5F67890}
		{6420A581-2B90-4231-A6B0-93AE980F183B} = {32D75892-898E-D609-233A-CF2C4E30EFFC}
		{7A713C2A-2812-471F-6F3F-0747CA7C5FEB} = {32D75892-898E-D609-233A-CF2C4E30EFFC}
		{C6DA23A7-190D-46C9-AED1-AF99711FA149} = {A84671FD-A7D4-D910-35B9-E727A0CAB34D}
		{44BBB103-83D0-411F-BD5F-2B1D038B0665} = {9332018E-9548-2AB0-1CB0-753418DF8BCE}
		{9549F201-B709-4840-9922-B85EB25F5C62} = {F0FA6F46-5711-2EE1-0C89-1D3658DDDBB8}
		{C89E5A34-0F3E-49DF-A067-B48F91334095} = {D67C44D5-1358-C107-7763-C493AF473C05}
		{213C603E-4424-47E1-806F-94E7A15AEB1A} = {E51E8B8B-C363-1C7F-7C44-ABE4225E2B8B}
		{6CB570EA-3FD7-431F-8D93-D0B4C462C218} = {E51E8B8B-C363-1C7F-7C44-ABE4225E2B8B}
		{79C956E2-10ED-4E42-A422-A780FAFF14C7} = {E51E8B8B-C363-1C7F-7C44-ABE4225E2B8B}
		{A86C3CC0-3D81-410E-984A-BBE330AFE683} = {E51E8B8B-C363-1C7F-7C44-ABE4225E2B8B}
		{081B2BDB-2A6D-405C-8473-3C5CEADE71A4} = {E51E8B8B-C363-1C7F-7C44-ABE4225E2B8B}
		{1DE2D5F7-42AA-4DA7-BB35-43E2D31B1850} = {E51E8B8B-C363-1C7F-7C44-ABE4225E2B8B}
		{9FBA16B3-6DC9-4F51-BFEB-10B44D9E8BD3} = {E51E8B8B-C363-1C7F-7C44-ABE4225E2B8B}
	EndGlobalSection
	GlobalSection(ExtensibilityGlobals) = postSolution
		SolutionGuid = {A49302DB-99F4-474D-AE19-63536BB9F072}
	EndGlobalSection
EndGlobal
