
Microsoft Visual Studio Solution File, Format Version 12.00
# Visual Studio Version 17
VisualStudioVersion = 17.0.31903.59
MinimumVisualStudioVersion = 10.0.40219.1
Project("{2150E333-8FDC-42A3-9474-1A3956D46DE8}") = "Core", "Core", "{FBF56CC3-7AE6-AD2D-3F14-7F97FD322CD6}"
EndProject
Project("{F2A71F9B-5D33-465A-A702-920D77279786}") = "Ds2.Core", "Core\Ds2.Core\Ds2.Core.fsproj", "{5F86882A-01A6-431C-B56D-7ABC65FFC0C3}"
EndProject
Project("{F2A71F9B-5D33-465A-A702-920D77279786}") = "Ds2.Editor", "Core\Ds2.Editor\Ds2.Editor.fsproj", "{7E5A8D3C-4B7F-4C61-9F71-1B313A2D4E90}"
EndProject
Project("{F2A71F9B-5D33-465A-A702-920D77279786}") = "Ds2.Aasx", "Convert\Ds2.Aasx\Ds2.Aasx.fsproj", "{F45D0C5B-F3AF-4C16-991F-0D66D6F513A5}"
EndProject
Project("{F2A71F9B-5D33-465A-A702-920D77279786}") = "Ds2.Core.Tests", "Tests\Ds2.Core.Tests\Ds2.Core.Tests.fsproj", "{9E649F04-C2B6-4658-BCA5-2D73A8EEBD05}"
EndProject
Project("{F2A71F9B-5D33-465A-A702-920D77279786}") = "Ds2.Store.Editor.Tests", "Tests\Ds2.Store.Editor.Tests\Ds2.Store.Editor.Tests.fsproj", "{29C7D6A8-74DC-473B-A2D7-268AEEAFAA6A}"
EndProject
Project("{F2A71F9B-5D33-465A-A702-920D77279786}") = "Ds2.Integration.Tests", "Tests\Ds2.Integration.Tests\Ds2.Integration.Tests.fsproj", "{104C5695-84C7-42B1-9874-2CC8DD345327}"
EndProject
Project("{2150E333-8FDC-42A3-9474-1A3956D46DE8}") = "Runtime", "Runtime", "{36E7FC26-247D-07CC-9F36-7068B8A9EA44}"
EndProject
Project("{F2A71F9B-5D33-465A-A702-920D77279786}") = "Ds2.Runtime", "Runtime\Ds2.Runtime\Ds2.Runtime.fsproj", "{376A1F63-1C78-4080-BFD7-42A209128E76}"
EndProject
Project("{F2A71F9B-5D33-465A-A702-920D77279786}") = "Ds2.Runtime.Report", "Runtime\Ds2.Runtime.Report\Ds2.Runtime.Report.fsproj", "{A7B8C9D0-E1F2-3456-7890-ABCDEF012345}"
EndProject
Project("{2150E333-8FDC-42A3-9474-1A3956D46DE8}") = "Convert", "Convert", "{32D75892-898E-D609-233A-CF2C4E30EFFC}"
EndProject
Project("{F2A71F9B-5D33-465A-A702-920D77279786}") = "Ds2.Mermaid", "Convert\Ds2.Mermaid\Ds2.Mermaid.fsproj", "{73553F4F-0DE0-424E-8091-0A6B3F7A7BEE}"
EndProject
Project("{2150E333-8FDC-42A3-9474-1A3956D46DE8}") = "Tests", "Tests", "{0AB3BF05-4346-4AA6-1389-037BE0695223}"
EndProject
Project("{F2A71F9B-5D33-465A-A702-920D77279786}") = "Ds2.Mermaid.Tests", "Tests\Ds2.Mermaid.Tests\Ds2.Mermaid.Tests.fsproj", "{7034821D-B12B-4586-A508-C542869AE2F4}"
EndProject
Project("{FAE04EC0-301F-11D3-BF4B-00C04F79EFBC}") = "Promaker.Tests", "Tests\Promaker.Tests\Promaker.Tests.csproj", "{3411AFBC-3784-4BAA-9B96-0674C4B2B634}"
EndProject
Project("{F2A71F9B-5D33-465A-A702-920D77279786}") = "Ds2.CSV", "Convert\Ds2.CSV\Ds2.CSV.fsproj", "{7D07FD8D-A80A-435D-AA12-A9A7E9056274}"
EndProject
Project("{2150E333-8FDC-42A3-9474-1A3956D46DE8}") = "View", "View", "{A5AB70C8-5697-EF02-E175-626C0C2E8DA8}"
EndProject
Project("{2150E333-8FDC-42A3-9474-1A3956D46DE8}") = "Ds2.View3D", "Ds2.View3D", "{A1B2C3D4-E5F6-4789-A1B2-C3D4E5F67890}"
EndProject
Project("{F2A71F9B-5D33-465A-A702-920D77279786}") = "Ds2.View3D.Core", "View\Ds2.View3D\Ds2.View3D.Core\Ds2.View3D.Core.fsproj", "{B2C3D4E5-F6A7-4890-B2C3-D4E5F6A78901}"
EndProject
Project("{F2A71F9B-5D33-465A-A702-920D77279786}") = "Ds2.View3D.Tests", "View\Ds2.View3D\Ds2.View3D.Tests\Ds2.View3D.Tests.fsproj", "{C3D4E5F6-A7B8-4901-C3D4-E5F6A7B89012}"
EndProject
Project("{F2A71F9B-5D33-465A-A702-920D77279786}") = "Ds2.JsonFormatter", "Convert\Ds2.JsonFormatter\Ds2.JsonFormatter.fsproj", "{6420A581-2B90-4231-A6B0-93AE980F183B}"
EndProject
Project("{F2A71F9B-5D33-465A-A702-920D77279786}") = "Ds2.IOList", "Convert\Ds2.IOList\Ds2.IOList.fsproj", "{7A713C2A-2812-471F-6F3F-0747CA7C5FEB}"
EndProject
Project("{2150E333-8FDC-42A3-9474-1A3956D46DE8}") = "Backend", "Backend", "{1AE8ACA6-933B-BF2A-3671-3E2EAC007D16}"
EndProject
Project("{F2A71F9B-5D33-465A-A702-920D77279786}") = "Ds2.Backend.Common", "Backend\Ds2.Backend.Common\Ds2.Backend.Common.fsproj", "{CE43E02A-EEDE-4845-AD56-EAC03649FA73}"
EndProject
Project("{F2A71F9B-5D33-465A-A702-920D77279786}") = "Ds2.Backend", "Backend\Ds2.Backend\Ds2.Backend.fsproj", "{0EED4CD3-27AA-4AC4-9AEA-55D688C44268}"
EndProject
Project("{2150E333-8FDC-42A3-9474-1A3956D46DE8}") = "Promaker", "Promaker", "{F0FA6F46-5711-2EE1-0C89-1D3658DDDBB8}"
EndProject
Project("{FAE04EC0-301F-11D3-BF4B-00C04F79EFBC}") = "Promaker", "..\Apps\Promaker\Promaker\Promaker.csproj", "{9549F201-B709-4840-9922-B85EB25F5C62}"
EndProject
Project("{FAE04EC0-301F-11D3-BF4B-00C04F79EFBC}") = "Promaker.Agent", "..\Apps\Promaker\Promaker.Agent\Promaker.Agent.csproj", "{B9A01B8D-15AF-4DC8-A0CD-722A11E99677}"
EndProject
Project("{2150E333-8FDC-42A3-9474-1A3956D46DE8}") = "Tutorial", "Tutorial", "{D67C44D5-1358-C107-7763-C493AF473C05}"
EndProject
Project("{FAE04EC0-301F-11D3-BF4B-00C04F79EFBC}") = "Ds2.Tutorial", "..\Apps\Tutorial\Ds2.Tutorial.csproj", "{C89E5A34-0F3E-49DF-A067-B48F91334095}"
EndProject
Project("{2150E333-8FDC-42A3-9474-1A3956D46DE8}") = "DSPilot", "DSPilot", "{E51E8B8B-C363-1C7F-7C44-ABE4225E2B8B}"
EndProject
Project("{FAE04EC0-301F-11D3-BF4B-00C04F79EFBC}") = "DSPilot", "..\Apps\DSPilot\DSPilot\DSPilot.csproj", "{213C603E-4424-47E1-806F-94E7A15AEB1A}"
EndProject
Project("{FAE04EC0-301F-11D3-BF4B-00C04F79EFBC}") = "PlcDataGenerator", "..\Apps\DSPilot\PlcDataGenerator\PlcDataGenerator.csproj", "{1DE2D5F7-42AA-4DA7-BB35-43E2D31B1850}"
EndProject
Project("{FAE04EC0-301F-11D3-BF4B-00C04F79EFBC}") = "QuickTest", "..\Apps\DSPilot\QuickTest\QuickTest.csproj", "{9FBA16B3-6DC9-4F51-BFEB-10B44D9E8BD3}"
EndProject
Project("{FAE04EC0-301F-11D3-BF4B-00C04F79EFBC}") = "DSPilot.AasxSimulator", "..\Apps\DSPilot\DSPilot.AasxSimulator\DSPilot.AasxSimulator.csproj", "{C7F2D5E8-3A4B-4C6D-8E9F-1234567890AB}"
EndProject
Project("{2150E333-8FDC-42A3-9474-1A3956D46DE8}") = "AasxEditor", "AasxEditor", "{A84671FD-A7D4-D910-35B9-E727A0CAB34D}"
EndProject
Project("{FAE04EC0-301F-11D3-BF4B-00C04F79EFBC}") = "AasxEditor.Core", "..\Apps\AasxEditor\AasxEditor.Core\AasxEditor.Core.csproj", "{2CB5341D-34CC-42D3-B8B2-3924B87AFAEA}"
EndProject
Project("{FAE04EC0-301F-11D3-BF4B-00C04F79EFBC}") = "AasxEditor.Web", "..\Apps\AasxEditor\AasxEditor.Web\AasxEditor.Web.csproj", "{2C9E8E19-22EB-40AF-B416-5C0D625B4F80}"
EndProject
Project("{FAE04EC0-301F-11D3-BF4B-00C04F79EFBC}") = "AasxEditor.Desktop", "..\Apps\AasxEditor\AasxEditor.Desktop\AasxEditor.Desktop.csproj", "{8607A970-C4F8-43E9-A585-5180B958406A}"
EndProject
Project("{F2A71F9B-5D33-465A-A702-920D77279786}") = "Ds2.Backend.Plc", "Backend\Ds2.Backend.Plc\Ds2.Backend.Plc.fsproj", "{90AC4DCD-6765-4BD8-8869-4B108952D929}"
EndProject
Project("{FAE04EC0-301F-11D3-BF4B-00C04F79EFBC}") = "Promaker.Shared", "..\Apps\Promaker\Promaker.Shared\Promaker.Shared.csproj", "{C782C8F2-8401-4094-89C0-32C820467245}"
EndProject
Project("{FAE04EC0-301F-11D3-BF4B-00C04F79EFBC}") = "Promaker.AgentTray", "..\Apps\Promaker\Promaker.AgentTray\Promaker.AgentTray.csproj", "{D1663D58-25B1-4153-B516-F3B5A8B965F0}"
EndProject
Project("{FAE04EC0-301F-11D3-BF4B-00C04F79EFBC}") = "DSPilot.Tests", "..\Apps\DSPilot\DSPilot.Tests\DSPilot.Tests.csproj", "{FB72BA60-C605-40FB-A00C-76B124252464}"
EndProject
Project("{F2A71F9B-5D33-465A-A702-920D77279786}") = "Ds2.Backend.Runtime", "Backend\Ds2.Backend.Runtime\Ds2.Backend.Runtime.fsproj", "{566E800E-21E8-426E-9264-45A9DDA4E418}"
EndProject
Project("{F2A71F9B-5D33-465A-A702-920D77279786}") = "Ds2.Runtime.Remote", "Runtime\Ds2.Runtime.Remote\Ds2.Runtime.Remote.fsproj", "{9DB516F2-2985-48C4-88EE-54258D8B96E2}"
EndProject
Project("{FAE04EC0-301F-11D3-BF4B-00C04F79EFBC}") = "BriefingRelay", "..\Apps\BriefingRelay\BriefingRelay.csproj", "{901B659F-0F3F-4228-B86F-96808655DCB8}"
EndProject
Project("{F2A71F9B-5D33-465A-A702-920D77279786}") = "Ds2.Aasx.Tests", "Tests\Ds2.Aasx.Tests\Ds2.Aasx.Tests.fsproj", "{B3E1996B-B3E0-4AB2-99E0-4A6DDF071EF6}"
EndProject
Project("{F2A71F9B-5D33-465A-A702-920D77279786}") = "Ds2.OpcUa.Server", "Runtime\Ds2.OpcUa.Server\Ds2.OpcUa.Server.fsproj", "{E26E8088-F6B0-4C98-A1EB-D1716EA0A0E5}"
EndProject
Project("{F2A71F9B-5D33-465A-A702-920D77279786}") = "Ds2.OpcUa.Server.Tests", "Tests\Ds2.OpcUa.Server.Tests\Ds2.OpcUa.Server.Tests.fsproj", "{1D02F67D-083B-42A8-8764-E08055F07752}"
EndProject
Project("{F2A71F9B-5D33-465A-A702-920D77279786}") = "Ds2.Collector", "Runtime\Ds2.Collector\Ds2.Collector.fsproj", "{02C48C03-BD63-4518-A9FE-B1ABD51D9C66}"
EndProject
Project("{F2A71F9B-5D33-465A-A702-920D77279786}") = "Ds2.Collector.Tests", "Tests\Ds2.Collector.Tests\Ds2.Collector.Tests.fsproj", "{9F405722-28C7-4C4D-83FF-C9B73E63818B}"
EndProject
Project("{FAE04EC0-301F-11D3-BF4B-00C04F79EFBC}") = "Ds2.Tutorial.OpcUaExternalClient.Web", "..\Apps\Tutorial\OpcUaExternalClient\Ds2.Tutorial.OpcUaExternalClient.Web.csproj", "{0D0872BA-316C-4E71-8F2E-16E57171DD76}"
EndProject
Global
	GlobalSection(SolutionConfigurationPlatforms) = preSolution
		Debug|Any CPU = Debug|Any CPU
		Debug|x64 = Debug|x64
		Debug|x86 = Debug|x86
		Release|Any CPU = Release|Any CPU
		Release|x64 = Release|x64
		Release|x86 = Release|x86
	EndGlobalSection
	GlobalSection(ProjectConfigurationPlatforms) = postSolution
		{5F86882A-01A6-431C-B56D-7ABC65FFC0C3}.Debug|Any CPU.ActiveCfg = Debug|Any CPU
		{5F86882A-01A6-431C-B56D-7ABC65FFC0C3}.Debug|Any CPU.Build.0 = Debug|Any CPU
		{5F86882A-01A6-431C-B56D-7ABC65FFC0C3}.Debug|x64.ActiveCfg = Debug|Any CPU
		{5F86882A-01A6-431C-B56D-7ABC65FFC0C3}.Debug|x64.Build.0 = Debug|Any CPU
		{5F86882A-01A6-431C-B56D-7ABC65FFC0C3}.Debug|x86.ActiveCfg = Debug|Any CPU
		{5F86882A-01A6-431C-B56D-7ABC65FFC0C3}.Debug|x86.Build.0 = Debug|Any CPU
		{5F86882A-01A6-431C-B56D-7ABC65FFC0C3}.Release|Any CPU.ActiveCfg = Release|Any CPU
		{5F86882A-01A6-431C-B56D-7ABC65FFC0C3}.Release|Any CPU.Build.0 = Release|Any CPU
		{5F86882A-01A6-431C-B56D-7ABC65FFC0C3}.Release|x64.ActiveCfg = Release|Any CPU
		{5F86882A-01A6-431C-B56D-7ABC65FFC0C3}.Release|x64.Build.0 = Release|Any CPU
		{5F86882A-01A6-431C-B56D-7ABC65FFC0C3}.Release|x86.ActiveCfg = Release|Any CPU
		{5F86882A-01A6-431C-B56D-7ABC65FFC0C3}.Release|x86.Build.0 = Release|Any CPU
		{7E5A8D3C-4B7F-4C61-9F71-1B313A2D4E90}.Debug|Any CPU.ActiveCfg = Debug|Any CPU
		{7E5A8D3C-4B7F-4C61-9F71-1B313A2D4E90}.Debug|Any CPU.Build.0 = Debug|Any CPU
		{7E5A8D3C-4B7F-4C61-9F71-1B313A2D4E90}.Debug|x64.ActiveCfg = Debug|Any CPU
		{7E5A8D3C-4B7F-4C61-9F71-1B313A2D4E90}.Debug|x64.Build.0 = Debug|Any CPU
		{7E5A8D3C-4B7F-4C61-9F71-1B313A2D4E90}.Debug|x86.ActiveCfg = Debug|Any CPU
		{7E5A8D3C-4B7F-4C61-9F71-1B313A2D4E90}.Debug|x86.Build.0 = Debug|Any CPU
		{7E5A8D3C-4B7F-4C61-9F71-1B313A2D4E90}.Release|Any CPU.ActiveCfg = Release|Any CPU
		{7E5A8D3C-4B7F-4C61-9F71-1B313A2D4E90}.Release|Any CPU.Build.0 = Release|Any CPU
		{7E5A8D3C-4B7F-4C61-9F71-1B313A2D4E90}.Release|x64.ActiveCfg = Release|Any CPU
		{7E5A8D3C-4B7F-4C61-9F71-1B313A2D4E90}.Release|x64.Build.0 = Release|Any CPU
		{7E5A8D3C-4B7F-4C61-9F71-1B313A2D4E90}.Release|x86.ActiveCfg = Release|Any CPU
		{7E5A8D3C-4B7F-4C61-9F71-1B313A2D4E90}.Release|x86.Build.0 = Release|Any CPU
		{F45D0C5B-F3AF-4C16-991F-0D66D6F513A5}.Debug|Any CPU.ActiveCfg = Debug|Any CPU
		{F45D0C5B-F3AF-4C16-991F-0D66D6F513A5}.Debug|Any CPU.Build.0 = Debug|Any CPU
		{F45D0C5B-F3AF-4C16-991F-0D66D6F513A5}.Debug|x64.ActiveCfg = Debug|Any CPU
		{F45D0C5B-F3AF-4C16-991F-0D66D6F513A5}.Debug|x64.Build.0 = Debug|Any CPU
		{F45D0C5B-F3AF-4C16-991F-0D66D6F513A5}.Debug|x86.ActiveCfg = Debug|Any CPU
		{F45D0C5B-F3AF-4C16-991F-0D66D6F513A5}.Debug|x86.Build.0 = Debug|Any CPU
		{F45D0C5B-F3AF-4C16-991F-0D66D6F513A5}.Release|Any CPU.ActiveCfg = Release|Any CPU
		{F45D0C5B-F3AF-4C16-991F-0D66D6F513A5}.Release|Any CPU.Build.0 = Release|Any CPU
		{F45D0C5B-F3AF-4C16-991F-0D66D6F513A5}.Release|x64.ActiveCfg = Release|Any CPU
		{F45D0C5B-F3AF-4C16-991F-0D66D6F513A5}.Release|x64.Build.0 = Release|Any CPU
		{F45D0C5B-F3AF-4C16-991F-0D66D6F513A5}.Release|x86.ActiveCfg = Release|Any CPU
		{F45D0C5B-F3AF-4C16-991F-0D66D6F513A5}.Release|x86.Build.0 = Release|Any CPU
		{9E649F04-C2B6-4658-BCA5-2D73A8EEBD05}.Debug|Any CPU.ActiveCfg = Debug|Any CPU
		{9E649F04-C2B6-4658-BCA5-2D73A8EEBD05}.Debug|Any CPU.Build.0 = Debug|Any CPU
		{9E649F04-C2B6-4658-BCA5-2D73A8EEBD05}.Debug|x64.ActiveCfg = Debug|Any CPU
		{9E649F04-C2B6-4658-BCA5-2D73A8EEBD05}.Debug|x64.Build.0 = Debug|Any CPU
		{9E649F04-C2B6-4658-BCA5-2D73A8EEBD05}.Debug|x86.ActiveCfg = Debug|Any CPU
		{9E649F04-C2B6-4658-BCA5-2D73A8EEBD05}.Debug|x86.Build.0 = Debug|Any CPU
		{9E649F04-C2B6-4658-BCA5-2D73A8EEBD05}.Release|Any CPU.ActiveCfg = Release|Any CPU
		{9E649F04-C2B6-4658-BCA5-2D73A8EEBD05}.Release|Any CPU.Build.0 = Release|Any CPU
		{9E649F04-C2B6-4658-BCA5-2D73A8EEBD05}.Release|x64.ActiveCfg = Release|Any CPU
		{9E649F04-C2B6-4658-BCA5-2D73A8EEBD05}.Release|x64.Build.0 = Release|Any CPU
		{9E649F04-C2B6-4658-BCA5-2D73A8EEBD05}.Release|x86.ActiveCfg = Release|Any CPU
		{9E649F04-C2B6-4658-BCA5-2D73A8EEBD05}.Release|x86.Build.0 = Release|Any CPU
		{29C7D6A8-74DC-473B-A2D7-268AEEAFAA6A}.Debug|Any CPU.ActiveCfg = Debug|Any CPU
		{29C7D6A8-74DC-473B-A2D7-268AEEAFAA6A}.Debug|Any CPU.Build.0 = Debug|Any CPU
		{29C7D6A8-74DC-473B-A2D7-268AEEAFAA6A}.Debug|x64.ActiveCfg = Debug|Any CPU
		{29C7D6A8-74DC-473B-A2D7-268AEEAFAA6A}.Debug|x64.Build.0 = Debug|Any CPU
		{29C7D6A8-74DC-473B-A2D7-268AEEAFAA6A}.Debug|x86.ActiveCfg = Debug|Any CPU
		{29C7D6A8-74DC-473B-A2D7-268AEEAFAA6A}.Debug|x86.Build.0 = Debug|Any CPU
		{29C7D6A8-74DC-473B-A2D7-268AEEAFAA6A}.Release|Any CPU.ActiveCfg = Release|Any CPU
		{29C7D6A8-74DC-473B-A2D7-268AEEAFAA6A}.Release|Any CPU.Build.0 = Release|Any CPU
		{29C7D6A8-74DC-473B-A2D7-268AEEAFAA6A}.Release|x64.ActiveCfg = Release|Any CPU
		{29C7D6A8-74DC-473B-A2D7-268AEEAFAA6A}.Release|x64.Build.0 = Release|Any CPU
		{29C7D6A8-74DC-473B-A2D7-268AEEAFAA6A}.Release|x86.ActiveCfg = Release|Any CPU
		{29C7D6A8-74DC-473B-A2D7-268AEEAFAA6A}.Release|x86.Build.0 = Release|Any CPU
		{104C5695-84C7-42B1-9874-2CC8DD345327}.Debug|Any CPU.ActiveCfg = Debug|Any CPU
		{104C5695-84C7-42B1-9874-2CC8DD345327}.Debug|Any CPU.Build.0 = Debug|Any CPU
		{104C5695-84C7-42B1-9874-2CC8DD345327}.Debug|x64.ActiveCfg = Debug|Any CPU
		{104C5695-84C7-42B1-9874-2CC8DD345327}.Debug|x64.Build.0 = Debug|Any CPU
		{104C5695-84C7-42B1-9874-2CC8DD345327}.Debug|x86.ActiveCfg = Debug|Any CPU
		{104C5695-84C7-42B1-9874-2CC8DD345327}.Debug|x86.Build.0 = Debug|Any CPU
		{104C5695-84C7-42B1-9874-2CC8DD345327}.Release|Any CPU.ActiveCfg = Release|Any CPU
		{104C5695-84C7-42B1-9874-2CC8DD345327}.Release|Any CPU.Build.0 = Release|Any CPU
		{104C5695-84C7-42B1-9874-2CC8DD345327}.Release|x64.ActiveCfg = Release|Any CPU
		{104C5695-84C7-42B1-9874-2CC8DD345327}.Release|x64.Build.0 = Release|Any CPU
		{104C5695-84C7-42B1-9874-2CC8DD345327}.Release|x86.ActiveCfg = Release|Any CPU
		{104C5695-84C7-42B1-9874-2CC8DD345327}.Release|x86.Build.0 = Release|Any CPU
		{376A1F63-1C78-4080-BFD7-42A209128E76}.Debug|Any CPU.ActiveCfg = Debug|Any CPU
		{376A1F63-1C78-4080-BFD7-42A209128E76}.Debug|Any CPU.Build.0 = Debug|Any CPU
		{376A1F63-1C78-4080-BFD7-42A209128E76}.Debug|x64.ActiveCfg = Debug|Any CPU
		{376A1F63-1C78-4080-BFD7-42A209128E76}.Debug|x64.Build.0 = Debug|Any CPU
		{376A1F63-1C78-4080-BFD7-42A209128E76}.Debug|x86.ActiveCfg = Debug|Any CPU
		{376A1F63-1C78-4080-BFD7-42A209128E76}.Debug|x86.Build.0 = Debug|Any CPU
		{376A1F63-1C78-4080-BFD7-42A209128E76}.Release|Any CPU.ActiveCfg = Release|Any CPU
		{376A1F63-1C78-4080-BFD7-42A209128E76}.Release|Any CPU.Build.0 = Release|Any CPU
		{376A1F63-1C78-4080-BFD7-42A209128E76}.Release|x64.ActiveCfg = Release|Any CPU
		{376A1F63-1C78-4080-BFD7-42A209128E76}.Release|x64.Build.0 = Release|Any CPU
		{376A1F63-1C78-4080-BFD7-42A209128E76}.Release|x86.ActiveCfg = Release|Any CPU
		{376A1F63-1C78-4080-BFD7-42A209128E76}.Release|x86.Build.0 = Release|Any CPU
		{A7B8C9D0-E1F2-3456-7890-ABCDEF012345}.Debug|Any CPU.ActiveCfg = Debug|Any CPU
		{A7B8C9D0-E1F2-3456-7890-ABCDEF012345}.Debug|Any CPU.Build.0 = Debug|Any CPU
		{A7B8C9D0-E1F2-3456-7890-ABCDEF012345}.Debug|x64.ActiveCfg = Debug|Any CPU
		{A7B8C9D0-E1F2-3456-7890-ABCDEF012345}.Debug|x64.Build.0 = Debug|Any CPU
		{A7B8C9D0-E1F2-3456-7890-ABCDEF012345}.Debug|x86.ActiveCfg = Debug|Any CPU
		{A7B8C9D0-E1F2-3456-7890-ABCDEF012345}.Debug|x86.Build.0 = Debug|Any CPU
		{A7B8C9D0-E1F2-3456-7890-ABCDEF012345}.Release|Any CPU.ActiveCfg = Release|Any CPU
		{A7B8C9D0-E1F2-3456-7890-ABCDEF012345}.Release|Any CPU.Build.0 = Release|Any CPU
		{A7B8C9D0-E1F2-3456-7890-ABCDEF012345}.Release|x64.ActiveCfg = Release|Any CPU
		{A7B8C9D0-E1F2-3456-7890-ABCDEF012345}.Release|x64.Build.0 = Release|Any CPU
		{A7B8C9D0-E1F2-3456-7890-ABCDEF012345}.Release|x86.ActiveCfg = Release|Any CPU
		{A7B8C9D0-E1F2-3456-7890-ABCDEF012345}.Release|x86.Build.0 = Release|Any CPU
		{73553F4F-0DE0-424E-8091-0A6B3F7A7BEE}.Debug|Any CPU.ActiveCfg = Debug|Any CPU
		{73553F4F-0DE0-424E-8091-0A6B3F7A7BEE}.Debug|Any CPU.Build.0 = Debug|Any CPU
		{73553F4F-0DE0-424E-8091-0A6B3F7A7BEE}.Debug|x64.ActiveCfg = Debug|Any CPU
		{73553F4F-0DE0-424E-8091-0A6B3F7A7BEE}.Debug|x64.Build.0 = Debug|Any CPU
		{73553F4F-0DE0-424E-8091-0A6B3F7A7BEE}.Debug|x86.ActiveCfg = Debug|Any CPU
		{73553F4F-0DE0-424E-8091-0A6B3F7A7BEE}.Debug|x86.Build.0 = Debug|Any CPU
		{73553F4F-0DE0-424E-8091-0A6B3F7A7BEE}.Release|Any CPU.ActiveCfg = Release|Any CPU
		{73553F4F-0DE0-424E-8091-0A6B3F7A7BEE}.Release|Any CPU.Build.0 = Release|Any CPU
		{73553F4F-0DE0-424E-8091-0A6B3F7A7BEE}.Release|x64.ActiveCfg = Release|Any CPU
		{73553F4F-0DE0-424E-8091-0A6B3F7A7BEE}.Release|x64.Build.0 = Release|Any CPU
		{73553F4F-0DE0-424E-8091-0A6B3F7A7BEE}.Release|x86.ActiveCfg = Release|Any CPU
		{73553F4F-0DE0-424E-8091-0A6B3F7A7BEE}.Release|x86.Build.0 = Release|Any CPU
		{7034821D-B12B-4586-A508-C542869AE2F4}.Debug|Any CPU.ActiveCfg = Debug|Any CPU
		{7034821D-B12B-4586-A508-C542869AE2F4}.Debug|Any CPU.Build.0 = Debug|Any CPU
		{7034821D-B12B-4586-A508-C542869AE2F4}.Debug|x64.ActiveCfg = Debug|Any CPU
		{7034821D-B12B-4586-A508-C542869AE2F4}.Debug|x64.Build.0 = Debug|Any CPU
		{7034821D-B12B-4586-A508-C542869AE2F4}.Debug|x86.ActiveCfg = Debug|Any CPU
		{7034821D-B12B-4586-A508-C542869AE2F4}.Debug|x86.Build.0 = Debug|Any CPU
		{7034821D-B12B-4586-A508-C542869AE2F4}.Release|Any CPU.ActiveCfg = Release|Any CPU
		{7034821D-B12B-4586-A508-C542869AE2F4}.Release|Any CPU.Build.0 = Release|Any CPU
		{7034821D-B12B-4586-A508-C542869AE2F4}.Release|x64.ActiveCfg = Release|Any CPU
		{7034821D-B12B-4586-A508-C542869AE2F4}.Release|x64.Build.0 = Release|Any CPU
		{7034821D-B12B-4586-A508-C542869AE2F4}.Release|x86.ActiveCfg = Release|Any CPU
		{7034821D-B12B-4586-A508-C542869AE2F4}.Release|x86.Build.0 = Release|Any CPU
		{3411AFBC-3784-4BAA-9B96-0674C4B2B634}.Debug|Any CPU.ActiveCfg = Debug|Any CPU
		{3411AFBC-3784-4BAA-9B96-0674C4B2B634}.Debug|Any CPU.Build.0 = Debug|Any CPU
		{3411AFBC-3784-4BAA-9B96-0674C4B2B634}.Debug|x64.ActiveCfg = Debug|Any CPU
		{3411AFBC-3784-4BAA-9B96-0674C4B2B634}.Debug|x64.Build.0 = Debug|Any CPU
		{3411AFBC-3784-4BAA-9B96-0674C4B2B634}.Debug|x86.ActiveCfg = Debug|Any CPU
		{3411AFBC-3784-4BAA-9B96-0674C4B2B634}.Debug|x86.Build.0 = Debug|Any CPU
		{3411AFBC-3784-4BAA-9B96-0674C4B2B634}.Release|Any CPU.ActiveCfg = Release|Any CPU
		{3411AFBC-3784-4BAA-9B96-0674C4B2B634}.Release|Any CPU.Build.0 = Release|Any CPU
		{3411AFBC-3784-4BAA-9B96-0674C4B2B634}.Release|x64.ActiveCfg = Release|Any CPU
		{3411AFBC-3784-4BAA-9B96-0674C4B2B634}.Release|x64.Build.0 = Release|Any CPU
		{3411AFBC-3784-4BAA-9B96-0674C4B2B634}.Release|x86.ActiveCfg = Release|Any CPU
		{3411AFBC-3784-4BAA-9B96-0674C4B2B634}.Release|x86.Build.0 = Release|Any CPU
		{7D07FD8D-A80A-435D-AA12-A9A7E9056274}.Debug|Any CPU.ActiveCfg = Debug|Any CPU
		{7D07FD8D-A80A-435D-AA12-A9A7E9056274}.Debug|Any CPU.Build.0 = Debug|Any CPU
		{7D07FD8D-A80A-435D-AA12-A9A7E9056274}.Debug|x64.ActiveCfg = Debug|Any CPU
		{7D07FD8D-A80A-435D-AA12-A9A7E9056274}.Debug|x64.Build.0 = Debug|Any CPU
		{7D07FD8D-A80A-435D-AA12-A9A7E9056274}.Debug|x86.ActiveCfg = Debug|Any CPU
		{7D07FD8D-A80A-435D-AA12-A9A7E9056274}.Debug|x86.Build.0 = Debug|Any CPU
		{7D07FD8D-A80A-435D-AA12-A9A7E9056274}.Release|Any CPU.ActiveCfg = Release|Any CPU
		{7D07FD8D-A80A-435D-AA12-A9A7E9056274}.Release|Any CPU.Build.0 = Release|Any CPU
		{7D07FD8D-A80A-435D-AA12-A9A7E9056274}.Release|x64.ActiveCfg = Release|Any CPU
		{7D07FD8D-A80A-435D-AA12-A9A7E9056274}.Release|x64.Build.0 = Release|Any CPU
		{7D07FD8D-A80A-435D-AA12-A9A7E9056274}.Release|x86.ActiveCfg = Release|Any CPU
		{7D07FD8D-A80A-435D-AA12-A9A7E9056274}.Release|x86.Build.0 = Release|Any CPU
		{B2C3D4E5-F6A7-4890-B2C3-D4E5F6A78901}.Debug|Any CPU.ActiveCfg = Debug|Any CPU
		{B2C3D4E5-F6A7-4890-B2C3-D4E5F6A78901}.Debug|Any CPU.Build.0 = Debug|Any CPU
		{B2C3D4E5-F6A7-4890-B2C3-D4E5F6A78901}.Debug|x64.ActiveCfg = Debug|Any CPU
		{B2C3D4E5-F6A7-4890-B2C3-D4E5F6A78901}.Debug|x64.Build.0 = Debug|Any CPU
		{B2C3D4E5-F6A7-4890-B2C3-D4E5F6A78901}.Debug|x86.ActiveCfg = Debug|Any CPU
		{B2C3D4E5-F6A7-4890-B2C3-D4E5F6A78901}.Debug|x86.Build.0 = Debug|Any CPU
		{B2C3D4E5-F6A7-4890-B2C3-D4E5F6A78901}.Release|Any CPU.ActiveCfg = Release|Any CPU
		{B2C3D4E5-F6A7-4890-B2C3-D4E5F6A78901}.Release|Any CPU.Build.0 = Release|Any CPU
		{B2C3D4E5-F6A7-4890-B2C3-D4E5F6A78901}.Release|x64.ActiveCfg = Release|Any CPU
		{B2C3D4E5-F6A7-4890-B2C3-D4E5F6A78901}.Release|x64.Build.0 = Release|Any CPU
		{B2C3D4E5-F6A7-4890-B2C3-D4E5F6A78901}.Release|x86.ActiveCfg = Release|Any CPU
		{B2C3D4E5-F6A7-4890-B2C3-D4E5F6A78901}.Release|x86.Build.0 = Release|Any CPU
		{C3D4E5F6-A7B8-4901-C3D4-E5F6A7B89012}.Debug|Any CPU.ActiveCfg = Debug|Any CPU
		{C3D4E5F6-A7B8-4901-C3D4-E5F6A7B89012}.Debug|Any CPU.Build.0 = Debug|Any CPU
		{C3D4E5F6-A7B8-4901-C3D4-E5F6A7B89012}.Debug|x64.ActiveCfg = Debug|Any CPU
		{C3D4E5F6-A7B8-4901-C3D4-E5F6A7B89012}.Debug|x64.Build.0 = Debug|Any CPU
		{C3D4E5F6-A7B8-4901-C3D4-E5F6A7B89012}.Debug|x86.ActiveCfg = Debug|Any CPU
		{C3D4E5F6-A7B8-4901-C3D4-E5F6A7B89012}.Debug|x86.Build.0 = Debug|Any CPU
		{C3D4E5F6-A7B8-4901-C3D4-E5F6A7B89012}.Release|Any CPU.ActiveCfg = Release|Any CPU
		{C3D4E5F6-A7B8-4901-C3D4-E5F6A7B89012}.Release|Any CPU.Build.0 = Release|Any CPU
		{C3D4E5F6-A7B8-4901-C3D4-E5F6A7B89012}.Release|x64.ActiveCfg = Release|Any CPU
		{C3D4E5F6-A7B8-4901-C3D4-E5F6A7B89012}.Release|x64.Build.0 = Release|Any CPU
		{C3D4E5F6-A7B8-4901-C3D4-E5F6A7B89012}.Release|x86.ActiveCfg = Release|Any CPU
		{C3D4E5F6-A7B8-4901-C3D4-E5F6A7B89012}.Release|x86.Build.0 = Release|Any CPU
		{6420A581-2B90-4231-A6B0-93AE980F183B}.Debug|Any CPU.ActiveCfg = Debug|Any CPU
		{6420A581-2B90-4231-A6B0-93AE980F183B}.Debug|Any CPU.Build.0 = Debug|Any CPU
		{6420A581-2B90-4231-A6B0-93AE980F183B}.Debug|x64.ActiveCfg = Debug|Any CPU
		{6420A581-2B90-4231-A6B0-93AE980F183B}.Debug|x64.Build.0 = Debug|Any CPU
		{6420A581-2B90-4231-A6B0-93AE980F183B}.Debug|x86.ActiveCfg = Debug|Any CPU
		{6420A581-2B90-4231-A6B0-93AE980F183B}.Debug|x86.Build.0 = Debug|Any CPU
		{6420A581-2B90-4231-A6B0-93AE980F183B}.Release|Any CPU.ActiveCfg = Release|Any CPU
		{6420A581-2B90-4231-A6B0-93AE980F183B}.Release|Any CPU.Build.0 = Release|Any CPU
		{6420A581-2B90-4231-A6B0-93AE980F183B}.Release|x64.ActiveCfg = Release|Any CPU
		{6420A581-2B90-4231-A6B0-93AE980F183B}.Release|x64.Build.0 = Release|Any CPU
		{6420A581-2B90-4231-A6B0-93AE980F183B}.Release|x86.ActiveCfg = Release|Any CPU
		{6420A581-2B90-4231-A6B0-93AE980F183B}.Release|x86.Build.0 = Release|Any CPU
		{7A713C2A-2812-471F-6F3F-0747CA7C5FEB}.Debug|Any CPU.ActiveCfg = Debug|Any CPU
		{7A713C2A-2812-471F-6F3F-0747CA7C5FEB}.Debug|Any CPU.Build.0 = Debug|Any CPU
		{7A713C2A-2812-471F-6F3F-0747CA7C5FEB}.Debug|x64.ActiveCfg = Debug|Any CPU
		{7A713C2A-2812-471F-6F3F-0747CA7C5FEB}.Debug|x64.Build.0 = Debug|Any CPU
		{7A713C2A-2812-471F-6F3F-0747CA7C5FEB}.Debug|x86.ActiveCfg = Debug|Any CPU
		{7A713C2A-2812-471F-6F3F-0747CA7C5FEB}.Debug|x86.Build.0 = Debug|Any CPU
		{7A713C2A-2812-471F-6F3F-0747CA7C5FEB}.Release|Any CPU.ActiveCfg = Release|Any CPU
		{7A713C2A-2812-471F-6F3F-0747CA7C5FEB}.Release|Any CPU.Build.0 = Release|Any CPU
		{7A713C2A-2812-471F-6F3F-0747CA7C5FEB}.Release|x64.ActiveCfg = Release|Any CPU
		{7A713C2A-2812-471F-6F3F-0747CA7C5FEB}.Release|x64.Build.0 = Release|Any CPU
		{7A713C2A-2812-471F-6F3F-0747CA7C5FEB}.Release|x86.ActiveCfg = Release|Any CPU
		{7A713C2A-2812-471F-6F3F-0747CA7C5FEB}.Release|x86.Build.0 = Release|Any CPU
		{CE43E02A-EEDE-4845-AD56-EAC03649FA73}.Debug|Any CPU.ActiveCfg = Debug|Any CPU
		{CE43E02A-EEDE-4845-AD56-EAC03649FA73}.Debug|Any CPU.Build.0 = Debug|Any CPU
		{CE43E02A-EEDE-4845-AD56-EAC03649FA73}.Debug|x64.ActiveCfg = Debug|Any CPU
		{CE43E02A-EEDE-4845-AD56-EAC03649FA73}.Debug|x64.Build.0 = Debug|Any CPU
		{CE43E02A-EEDE-4845-AD56-EAC03649FA73}.Debug|x86.ActiveCfg = Debug|Any CPU
		{CE43E02A-EEDE-4845-AD56-EAC03649FA73}.Debug|x86.Build.0 = Debug|Any CPU
		{CE43E02A-EEDE-4845-AD56-EAC03649FA73}.Release|Any CPU.ActiveCfg = Release|Any CPU
		{CE43E02A-EEDE-4845-AD56-EAC03649FA73}.Release|Any CPU.Build.0 = Release|Any CPU
		{CE43E02A-EEDE-4845-AD56-EAC03649FA73}.Release|x64.ActiveCfg = Release|Any CPU
		{CE43E02A-EEDE-4845-AD56-EAC03649FA73}.Release|x64.Build.0 = Release|Any CPU
		{CE43E02A-EEDE-4845-AD56-EAC03649FA73}.Release|x86.ActiveCfg = Release|Any CPU
		{CE43E02A-EEDE-4845-AD56-EAC03649FA73}.Release|x86.Build.0 = Release|Any CPU
		{0EED4CD3-27AA-4AC4-9AEA-55D688C44268}.Debug|Any CPU.ActiveCfg = Debug|Any CPU
		{0EED4CD3-27AA-4AC4-9AEA-55D688C44268}.Debug|Any CPU.Build.0 = Debug|Any CPU
		{0EED4CD3-27AA-4AC4-9AEA-55D688C44268}.Debug|x64.ActiveCfg = Debug|Any CPU
		{0EED4CD3-27AA-4AC4-9AEA-55D688C44268}.Debug|x64.Build.0 = Debug|Any CPU
		{0EED4CD3-27AA-4AC4-9AEA-55D688C44268}.Debug|x86.ActiveCfg = Debug|Any CPU
		{0EED4CD3-27AA-4AC4-9AEA-55D688C44268}.Debug|x86.Build.0 = Debug|Any CPU
		{0EED4CD3-27AA-4AC4-9AEA-55D688C44268}.Release|Any CPU.ActiveCfg = Release|Any CPU
		{0EED4CD3-27AA-4AC4-9AEA-55D688C44268}.Release|Any CPU.Build.0 = Release|Any CPU
		{0EED4CD3-27AA-4AC4-9AEA-55D688C44268}.Release|x64.ActiveCfg = Release|Any CPU
		{0EED4CD3-27AA-4AC4-9AEA-55D688C44268}.Release|x64.Build.0 = Release|Any CPU
		{0EED4CD3-27AA-4AC4-9AEA-55D688C44268}.Release|x86.ActiveCfg = Release|Any CPU
		{0EED4CD3-27AA-4AC4-9AEA-55D688C44268}.Release|x86.Build.0 = Release|Any CPU
		{9549F201-B709-4840-9922-B85EB25F5C62}.Debug|Any CPU.ActiveCfg = Debug|Any CPU
		{9549F201-B709-4840-9922-B85EB25F5C62}.Debug|Any CPU.Build.0 = Debug|Any CPU
		{9549F201-B709-4840-9922-B85EB25F5C62}.Debug|x64.ActiveCfg = Debug|Any CPU
		{9549F201-B709-4840-9922-B85EB25F5C62}.Debug|x64.Build.0 = Debug|Any CPU
		{9549F201-B709-4840-9922-B85EB25F5C62}.Debug|x86.ActiveCfg = Debug|Any CPU
		{9549F201-B709-4840-9922-B85EB25F5C62}.Debug|x86.Build.0 = Debug|Any CPU
		{9549F201-B709-4840-9922-B85EB25F5C62}.Release|Any CPU.ActiveCfg = Release|Any CPU
		{9549F201-B709-4840-9922-B85EB25F5C62}.Release|Any CPU.Build.0 = Release|Any CPU
		{9549F201-B709-4840-9922-B85EB25F5C62}.Release|x64.ActiveCfg = Release|Any CPU
		{9549F201-B709-4840-9922-B85EB25F5C62}.Release|x64.Build.0 = Release|Any CPU
		{9549F201-B709-4840-9922-B85EB25F5C62}.Release|x86.ActiveCfg = Release|Any CPU
		{9549F201-B709-4840-9922-B85EB25F5C62}.Release|x86.Build.0 = Release|Any CPU
		{B9A01B8D-15AF-4DC8-A0CD-722A11E99677}.Debug|Any CPU.ActiveCfg = Debug|Any CPU
		{B9A01B8D-15AF-4DC8-A0CD-722A11E99677}.Debug|Any CPU.Build.0 = Debug|Any CPU
		{B9A01B8D-15AF-4DC8-A0CD-722A11E99677}.Debug|x64.ActiveCfg = Debug|Any CPU
		{B9A01B8D-15AF-4DC8-A0CD-722A11E99677}.Debug|x64.Build.0 = Debug|Any CPU
		{B9A01B8D-15AF-4DC8-A0CD-722A11E99677}.Debug|x86.ActiveCfg = Debug|Any CPU
		{B9A01B8D-15AF-4DC8-A0CD-722A11E99677}.Debug|x86.Build.0 = Debug|Any CPU
		{B9A01B8D-15AF-4DC8-A0CD-722A11E99677}.Release|Any CPU.ActiveCfg = Release|Any CPU
		{B9A01B8D-15AF-4DC8-A0CD-722A11E99677}.Release|Any CPU.Build.0 = Release|Any CPU
		{B9A01B8D-15AF-4DC8-A0CD-722A11E99677}.Release|x64.ActiveCfg = Release|Any CPU
		{B9A01B8D-15AF-4DC8-A0CD-722A11E99677}.Release|x64.Build.0 = Release|Any CPU
		{B9A01B8D-15AF-4DC8-A0CD-722A11E99677}.Release|x86.ActiveCfg = Release|Any CPU
		{B9A01B8D-15AF-4DC8-A0CD-722A11E99677}.Release|x86.Build.0 = Release|Any CPU
		{C89E5A34-0F3E-49DF-A067-B48F91334095}.Debug|Any CPU.ActiveCfg = Debug|Any CPU
		{C89E5A34-0F3E-49DF-A067-B48F91334095}.Debug|Any CPU.Build.0 = Debug|Any CPU
		{C89E5A34-0F3E-49DF-A067-B48F91334095}.Debug|x64.ActiveCfg = Debug|Any CPU
		{C89E5A34-0F3E-49DF-A067-B48F91334095}.Debug|x64.Build.0 = Debug|Any CPU
		{C89E5A34-0F3E-49DF-A067-B48F91334095}.Debug|x86.ActiveCfg = Debug|Any CPU
		{C89E5A34-0F3E-49DF-A067-B48F91334095}.Debug|x86.Build.0 = Debug|Any CPU
		{C89E5A34-0F3E-49DF-A067-B48F91334095}.Release|Any CPU.ActiveCfg = Release|Any CPU
		{C89E5A34-0F3E-49DF-A067-B48F91334095}.Release|Any CPU.Build.0 = Release|Any CPU
		{C89E5A34-0F3E-49DF-A067-B48F91334095}.Release|x64.ActiveCfg = Release|Any CPU
		{C89E5A34-0F3E-49DF-A067-B48F91334095}.Release|x64.Build.0 = Release|Any CPU
		{C89E5A34-0F3E-49DF-A067-B48F91334095}.Release|x86.ActiveCfg = Release|Any CPU
		{C89E5A34-0F3E-49DF-A067-B48F91334095}.Release|x86.Build.0 = Release|Any CPU
		{213C603E-4424-47E1-806F-94E7A15AEB1A}.Debug|Any CPU.ActiveCfg = Debug|Any CPU
		{213C603E-4424-47E1-806F-94E7A15AEB1A}.Debug|Any CPU.Build.0 = Debug|Any CPU
		{213C603E-4424-47E1-806F-94E7A15AEB1A}.Debug|x64.ActiveCfg = Debug|Any CPU
		{213C603E-4424-47E1-806F-94E7A15AEB1A}.Debug|x64.Build.0 = Debug|Any CPU
		{213C603E-4424-47E1-806F-94E7A15AEB1A}.Debug|x86.ActiveCfg = Debug|Any CPU
		{213C603E-4424-47E1-806F-94E7A15AEB1A}.Debug|x86.Build.0 = Debug|Any CPU
		{213C603E-4424-47E1-806F-94E7A15AEB1A}.Release|Any CPU.ActiveCfg = Release|Any CPU
		{213C603E-4424-47E1-806F-94E7A15AEB1A}.Release|Any CPU.Build.0 = Release|Any CPU
		{213C603E-4424-47E1-806F-94E7A15AEB1A}.Release|x64.ActiveCfg = Release|Any CPU
		{213C603E-4424-47E1-806F-94E7A15AEB1A}.Release|x64.Build.0 = Release|Any CPU
		{213C603E-4424-47E1-806F-94E7A15AEB1A}.Release|x86.ActiveCfg = Release|Any CPU
		{213C603E-4424-47E1-806F-94E7A15AEB1A}.Release|x86.Build.0 = Release|Any CPU
		{1DE2D5F7-42AA-4DA7-BB35-43E2D31B1850}.Debug|Any CPU.ActiveCfg = Debug|Any CPU
		{1DE2D5F7-42AA-4DA7-BB35-43E2D31B1850}.Debug|Any CPU.Build.0 = Debug|Any CPU
		{1DE2D5F7-42AA-4DA7-BB35-43E2D31B1850}.Debug|x64.ActiveCfg = Debug|Any CPU
		{1DE2D5F7-42AA-4DA7-BB35-43E2D31B1850}.Debug|x64.Build.0 = Debug|Any CPU
		{1DE2D5F7-42AA-4DA7-BB35-43E2D31B1850}.Debug|x86.ActiveCfg = Debug|Any CPU
		{1DE2D5F7-42AA-4DA7-BB35-43E2D31B1850}.Debug|x86.Build.0 = Debug|Any CPU
		{1DE2D5F7-42AA-4DA7-BB35-43E2D31B1850}.Release|Any CPU.ActiveCfg = Release|Any CPU
		{1DE2D5F7-42AA-4DA7-BB35-43E2D31B1850}.Release|Any CPU.Build.0 = Release|Any CPU
		{1DE2D5F7-42AA-4DA7-BB35-43E2D31B1850}.Release|x64.ActiveCfg = Release|Any CPU
		{1DE2D5F7-42AA-4DA7-BB35-43E2D31B1850}.Release|x64.Build.0 = Release|Any CPU
		{1DE2D5F7-42AA-4DA7-BB35-43E2D31B1850}.Release|x86.ActiveCfg = Release|Any CPU
		{1DE2D5F7-42AA-4DA7-BB35-43E2D31B1850}.Release|x86.Build.0 = Release|Any CPU
		{9FBA16B3-6DC9-4F51-BFEB-10B44D9E8BD3}.Debug|Any CPU.ActiveCfg = Debug|Any CPU
		{9FBA16B3-6DC9-4F51-BFEB-10B44D9E8BD3}.Debug|Any CPU.Build.0 = Debug|Any CPU
		{9FBA16B3-6DC9-4F51-BFEB-10B44D9E8BD3}.Debug|x64.ActiveCfg = Debug|Any CPU
		{9FBA16B3-6DC9-4F51-BFEB-10B44D9E8BD3}.Debug|x64.Build.0 = Debug|Any CPU
		{9FBA16B3-6DC9-4F51-BFEB-10B44D9E8BD3}.Debug|x86.ActiveCfg = Debug|Any CPU
		{9FBA16B3-6DC9-4F51-BFEB-10B44D9E8BD3}.Debug|x86.Build.0 = Debug|Any CPU
		{9FBA16B3-6DC9-4F51-BFEB-10B44D9E8BD3}.Release|Any CPU.ActiveCfg = Release|Any CPU
		{9FBA16B3-6DC9-4F51-BFEB-10B44D9E8BD3}.Release|Any CPU.Build.0 = Release|Any CPU
		{9FBA16B3-6DC9-4F51-BFEB-10B44D9E8BD3}.Release|x64.ActiveCfg = Release|Any CPU
		{9FBA16B3-6DC9-4F51-BFEB-10B44D9E8BD3}.Release|x64.Build.0 = Release|Any CPU
		{9FBA16B3-6DC9-4F51-BFEB-10B44D9E8BD3}.Release|x86.ActiveCfg = Release|Any CPU
		{9FBA16B3-6DC9-4F51-BFEB-10B44D9E8BD3}.Release|x86.Build.0 = Release|Any CPU
		{C7F2D5E8-3A4B-4C6D-8E9F-1234567890AB}.Debug|Any CPU.ActiveCfg = Debug|Any CPU
		{C7F2D5E8-3A4B-4C6D-8E9F-1234567890AB}.Debug|Any CPU.Build.0 = Debug|Any CPU
		{C7F2D5E8-3A4B-4C6D-8E9F-1234567890AB}.Debug|x64.ActiveCfg = Debug|Any CPU
		{C7F2D5E8-3A4B-4C6D-8E9F-1234567890AB}.Debug|x64.Build.0 = Debug|Any CPU
		{C7F2D5E8-3A4B-4C6D-8E9F-1234567890AB}.Debug|x86.ActiveCfg = Debug|Any CPU
		{C7F2D5E8-3A4B-4C6D-8E9F-1234567890AB}.Debug|x86.Build.0 = Debug|Any CPU
		{C7F2D5E8-3A4B-4C6D-8E9F-1234567890AB}.Release|Any CPU.ActiveCfg = Release|Any CPU
		{C7F2D5E8-3A4B-4C6D-8E9F-1234567890AB}.Release|Any CPU.Build.0 = Release|Any CPU
		{C7F2D5E8-3A4B-4C6D-8E9F-1234567890AB}.Release|x64.ActiveCfg = Release|Any CPU
		{C7F2D5E8-3A4B-4C6D-8E9F-1234567890AB}.Release|x64.Build.0 = Release|Any CPU
		{C7F2D5E8-3A4B-4C6D-8E9F-1234567890AB}.Release|x86.ActiveCfg = Release|Any CPU
		{C7F2D5E8-3A4B-4C6D-8E9F-1234567890AB}.Release|x86.Build.0 = Release|Any CPU
		{2CB5341D-34CC-42D3-B8B2-3924B87AFAEA}.Debug|Any CPU.ActiveCfg = Debug|Any CPU
		{2CB5341D-34CC-42D3-B8B2-3924B87AFAEA}.Debug|Any CPU.Build.0 = Debug|Any CPU
		{2CB5341D-34CC-42D3-B8B2-3924B87AFAEA}.Debug|x64.ActiveCfg = Debug|Any CPU
		{2CB5341D-34CC-42D3-B8B2-3924B87AFAEA}.Debug|x64.Build.0 = Debug|Any CPU
		{2CB5341D-34CC-42D3-B8B2-3924B87AFAEA}.Debug|x86.ActiveCfg = Debug|Any CPU
		{2CB5341D-34CC-42D3-B8B2-3924B87AFAEA}.Debug|x86.Build.0 = Debug|Any CPU
		{2CB5341D-34CC-42D3-B8B2-3924B87AFAEA}.Release|Any CPU.ActiveCfg = Release|Any CPU
		{2CB5341D-34CC-42D3-B8B2-3924B87AFAEA}.Release|Any CPU.Build.0 = Release|Any CPU
		{2CB5341D-34CC-42D3-B8B2-3924B87AFAEA}.Release|x64.ActiveCfg = Release|Any CPU
		{2CB5341D-34CC-42D3-B8B2-3924B87AFAEA}.Release|x64.Build.0 = Release|Any CPU
		{2CB5341D-34CC-42D3-B8B2-3924B87AFAEA}.Release|x86.ActiveCfg = Release|Any CPU
		{2CB5341D-34CC-42D3-B8B2-3924B87AFAEA}.Release|x86.Build.0 = Release|Any CPU
		{2C9E8E19-22EB-40AF-B416-5C0D625B4F80}.Debug|Any CPU.ActiveCfg = Debug|Any CPU
		{2C9E8E19-22EB-40AF-B416-5C0D625B4F80}.Debug|Any CPU.Build.0 = Debug|Any CPU
		{2C9E8E19-22EB-40AF-B416-5C0D625B4F80}.Debug|x64.ActiveCfg = Debug|Any CPU
		{2C9E8E19-22EB-40AF-B416-5C0D625B4F80}.Debug|x64.Build.0 = Debug|Any CPU
		{2C9E8E19-22EB-40AF-B416-5C0D625B4F80}.Debug|x86.ActiveCfg = Debug|Any CPU
		{2C9E8E19-22EB-40AF-B416-5C0D625B4F80}.Debug|x86.Build.0 = Debug|Any CPU
		{2C9E8E19-22EB-40AF-B416-5C0D625B4F80}.Release|Any CPU.ActiveCfg = Release|Any CPU
		{2C9E8E19-22EB-40AF-B416-5C0D625B4F80}.Release|Any CPU.Build.0 = Release|Any CPU
		{2C9E8E19-22EB-40AF-B416-5C0D625B4F80}.Release|x64.ActiveCfg = Release|Any CPU
		{2C9E8E19-22EB-40AF-B416-5C0D625B4F80}.Release|x64.Build.0 = Release|Any CPU
		{2C9E8E19-22EB-40AF-B416-5C0D625B4F80}.Release|x86.ActiveCfg = Release|Any CPU
		{2C9E8E19-22EB-40AF-B416-5C0D625B4F80}.Release|x86.Build.0 = Release|Any CPU
		{8607A970-C4F8-43E9-A585-5180B958406A}.Debug|Any CPU.ActiveCfg = Debug|Any CPU
		{8607A970-C4F8-43E9-A585-5180B958406A}.Debug|Any CPU.Build.0 = Debug|Any CPU
		{8607A970-C4F8-43E9-A585-5180B958406A}.Debug|x64.ActiveCfg = Debug|Any CPU
		{8607A970-C4F8-43E9-A585-5180B958406A}.Debug|x64.Build.0 = Debug|Any CPU
		{8607A970-C4F8-43E9-A585-5180B958406A}.Debug|x86.ActiveCfg = Debug|Any CPU
		{8607A970-C4F8-43E9-A585-5180B958406A}.Debug|x86.Build.0 = Debug|Any CPU
		{8607A970-C4F8-43E9-A585-5180B958406A}.Release|Any CPU.ActiveCfg = Release|Any CPU
		{8607A970-C4F8-43E9-A585-5180B958406A}.Release|Any CPU.Build.0 = Release|Any CPU
		{8607A970-C4F8-43E9-A585-5180B958406A}.Release|x64.ActiveCfg = Release|Any CPU
		{8607A970-C4F8-43E9-A585-5180B958406A}.Release|x64.Build.0 = Release|Any CPU
		{8607A970-C4F8-43E9-A585-5180B958406A}.Release|x86.ActiveCfg = Release|Any CPU
		{8607A970-C4F8-43E9-A585-5180B958406A}.Release|x86.Build.0 = Release|Any CPU
		{90AC4DCD-6765-4BD8-8869-4B108952D929}.Debug|Any CPU.ActiveCfg = Debug|Any CPU
		{90AC4DCD-6765-4BD8-8869-4B108952D929}.Debug|Any CPU.Build.0 = Debug|Any CPU
		{90AC4DCD-6765-4BD8-8869-4B108952D929}.Debug|x64.ActiveCfg = Debug|Any CPU
		{90AC4DCD-6765-4BD8-8869-4B108952D929}.Debug|x64.Build.0 = Debug|Any CPU
		{90AC4DCD-6765-4BD8-8869-4B108952D929}.Debug|x86.ActiveCfg = Debug|Any CPU
		{90AC4DCD-6765-4BD8-8869-4B108952D929}.Debug|x86.Build.0 = Debug|Any CPU
		{90AC4DCD-6765-4BD8-8869-4B108952D929}.Release|Any CPU.ActiveCfg = Release|Any CPU
		{90AC4DCD-6765-4BD8-8869-4B108952D929}.Release|Any CPU.Build.0 = Release|Any CPU
		{90AC4DCD-6765-4BD8-8869-4B108952D929}.Release|x64.ActiveCfg = Release|Any CPU
		{90AC4DCD-6765-4BD8-8869-4B108952D929}.Release|x64.Build.0 = Release|Any CPU
		{90AC4DCD-6765-4BD8-8869-4B108952D929}.Release|x86.ActiveCfg = Release|Any CPU
		{90AC4DCD-6765-4BD8-8869-4B108952D929}.Release|x86.Build.0 = Release|Any CPU
		{C782C8F2-8401-4094-89C0-32C820467245}.Debug|Any CPU.ActiveCfg = Debug|Any CPU
		{C782C8F2-8401-4094-89C0-32C820467245}.Debug|Any CPU.Build.0 = Debug|Any CPU
		{C782C8F2-8401-4094-89C0-32C820467245}.Debug|x64.ActiveCfg = Debug|Any CPU
		{C782C8F2-8401-4094-89C0-32C820467245}.Debug|x64.Build.0 = Debug|Any CPU
		{C782C8F2-8401-4094-89C0-32C820467245}.Debug|x86.ActiveCfg = Debug|Any CPU
		{C782C8F2-8401-4094-89C0-32C820467245}.Debug|x86.Build.0 = Debug|Any CPU
		{C782C8F2-8401-4094-89C0-32C820467245}.Release|Any CPU.ActiveCfg = Release|Any CPU
		{C782C8F2-8401-4094-89C0-32C820467245}.Release|Any CPU.Build.0 = Release|Any CPU
		{C782C8F2-8401-4094-89C0-32C820467245}.Release|x64.ActiveCfg = Release|Any CPU
		{C782C8F2-8401-4094-89C0-32C820467245}.Release|x64.Build.0 = Release|Any CPU
		{C782C8F2-8401-4094-89C0-32C820467245}.Release|x86.ActiveCfg = Release|Any CPU
		{C782C8F2-8401-4094-89C0-32C820467245}.Release|x86.Build.0 = Release|Any CPU
		{D1663D58-25B1-4153-B516-F3B5A8B965F0}.Debug|Any CPU.ActiveCfg = Debug|Any CPU
		{D1663D58-25B1-4153-B516-F3B5A8B965F0}.Debug|Any CPU.Build.0 = Debug|Any CPU
		{D1663D58-25B1-4153-B516-F3B5A8B965F0}.Debug|x64.ActiveCfg = Debug|Any CPU
		{D1663D58-25B1-4153-B516-F3B5A8B965F0}.Debug|x64.Build.0 = Debug|Any CPU
		{D1663D58-25B1-4153-B516-F3B5A8B965F0}.Debug|x86.ActiveCfg = Debug|Any CPU
		{D1663D58-25B1-4153-B516-F3B5A8B965F0}.Debug|x86.Build.0 = Debug|Any CPU
		{D1663D58-25B1-4153-B516-F3B5A8B965F0}.Release|Any CPU.ActiveCfg = Release|Any CPU
		{D1663D58-25B1-4153-B516-F3B5A8B965F0}.Release|Any CPU.Build.0 = Release|Any CPU
		{D1663D58-25B1-4153-B516-F3B5A8B965F0}.Release|x64.ActiveCfg = Release|Any CPU
		{D1663D58-25B1-4153-B516-F3B5A8B965F0}.Release|x64.Build.0 = Release|Any CPU
		{D1663D58-25B1-4153-B516-F3B5A8B965F0}.Release|x86.ActiveCfg = Release|Any CPU
		{D1663D58-25B1-4153-B516-F3B5A8B965F0}.Release|x86.Build.0 = Release|Any CPU
		{FB72BA60-C605-40FB-A00C-76B124252464}.Debug|Any CPU.ActiveCfg = Debug|Any CPU
		{FB72BA60-C605-40FB-A00C-76B124252464}.Debug|Any CPU.Build.0 = Debug|Any CPU
		{FB72BA60-C605-40FB-A00C-76B124252464}.Debug|x64.ActiveCfg = Debug|Any CPU
		{FB72BA60-C605-40FB-A00C-76B124252464}.Debug|x64.Build.0 = Debug|Any CPU
		{FB72BA60-C605-40FB-A00C-76B124252464}.Debug|x86.ActiveCfg = Debug|Any CPU
		{FB72BA60-C605-40FB-A00C-76B124252464}.Debug|x86.Build.0 = Debug|Any CPU
		{FB72BA60-C605-40FB-A00C-76B124252464}.Release|Any CPU.ActiveCfg = Release|Any CPU
		{FB72BA60-C605-40FB-A00C-76B124252464}.Release|Any CPU.Build.0 = Release|Any CPU
		{FB72BA60-C605-40FB-A00C-76B124252464}.Release|x64.ActiveCfg = Release|Any CPU
		{FB72BA60-C605-40FB-A00C-76B124252464}.Release|x64.Build.0 = Release|Any CPU
		{FB72BA60-C605-40FB-A00C-76B124252464}.Release|x86.ActiveCfg = Release|Any CPU
		{FB72BA60-C605-40FB-A00C-76B124252464}.Release|x86.Build.0 = Release|Any CPU
		{566E800E-21E8-426E-9264-45A9DDA4E418}.Debug|Any CPU.ActiveCfg = Debug|Any CPU
		{566E800E-21E8-426E-9264-45A9DDA4E418}.Debug|Any CPU.Build.0 = Debug|Any CPU
		{566E800E-21E8-426E-9264-45A9DDA4E418}.Debug|x64.ActiveCfg = Debug|Any CPU
		{566E800E-21E8-426E-9264-45A9DDA4E418}.Debug|x64.Build.0 = Debug|Any CPU
		{566E800E-21E8-426E-9264-45A9DDA4E418}.Debug|x86.ActiveCfg = Debug|Any CPU
		{566E800E-21E8-426E-9264-45A9DDA4E418}.Debug|x86.Build.0 = Debug|Any CPU
		{566E800E-21E8-426E-9264-45A9DDA4E418}.Release|Any CPU.ActiveCfg = Release|Any CPU
		{566E800E-21E8-426E-9264-45A9DDA4E418}.Release|Any CPU.Build.0 = Release|Any CPU
		{566E800E-21E8-426E-9264-45A9DDA4E418}.Release|x64.ActiveCfg = Release|Any CPU
		{566E800E-21E8-426E-9264-45A9DDA4E418}.Release|x64.Build.0 = Release|Any CPU
		{566E800E-21E8-426E-9264-45A9DDA4E418}.Release|x86.ActiveCfg = Release|Any CPU
		{566E800E-21E8-426E-9264-45A9DDA4E418}.Release|x86.Build.0 = Release|Any CPU
		{9DB516F2-2985-48C4-88EE-54258D8B96E2}.Debug|Any CPU.ActiveCfg = Debug|Any CPU
		{9DB516F2-2985-48C4-88EE-54258D8B96E2}.Debug|Any CPU.Build.0 = Debug|Any CPU
		{9DB516F2-2985-48C4-88EE-54258D8B96E2}.Debug|x64.ActiveCfg = Debug|Any CPU
		{9DB516F2-2985-48C4-88EE-54258D8B96E2}.Debug|x64.Build.0 = Debug|Any CPU
		{9DB516F2-2985-48C4-88EE-54258D8B96E2}.Debug|x86.ActiveCfg = Debug|Any CPU
		{9DB516F2-2985-48C4-88EE-54258D8B96E2}.Debug|x86.Build.0 = Debug|Any CPU
		{9DB516F2-2985-48C4-88EE-54258D8B96E2}.Release|Any CPU.ActiveCfg = Release|Any CPU
		{9DB516F2-2985-48C4-88EE-54258D8B96E2}.Release|Any CPU.Build.0 = Release|Any CPU
		{9DB516F2-2985-48C4-88EE-54258D8B96E2}.Release|x64.ActiveCfg = Release|Any CPU
		{9DB516F2-2985-48C4-88EE-54258D8B96E2}.Release|x64.Build.0 = Release|Any CPU
		{9DB516F2-2985-48C4-88EE-54258D8B96E2}.Release|x86.ActiveCfg = Release|Any CPU
		{9DB516F2-2985-48C4-88EE-54258D8B96E2}.Release|x86.Build.0 = Release|Any CPU
		{901B659F-0F3F-4228-B86F-96808655DCB8}.Debug|Any CPU.ActiveCfg = Debug|Any CPU
		{901B659F-0F3F-4228-B86F-96808655DCB8}.Debug|Any CPU.Build.0 = Debug|Any CPU
		{901B659F-0F3F-4228-B86F-96808655DCB8}.Debug|x64.ActiveCfg = Debug|Any CPU
		{901B659F-0F3F-4228-B86F-96808655DCB8}.Debug|x64.Build.0 = Debug|Any CPU
		{901B659F-0F3F-4228-B86F-96808655DCB8}.Debug|x86.ActiveCfg = Debug|Any CPU
		{901B659F-0F3F-4228-B86F-96808655DCB8}.Debug|x86.Build.0 = Debug|Any CPU
		{901B659F-0F3F-4228-B86F-96808655DCB8}.Release|Any CPU.ActiveCfg = Release|Any CPU
		{901B659F-0F3F-4228-B86F-96808655DCB8}.Release|Any CPU.Build.0 = Release|Any CPU
		{901B659F-0F3F-4228-B86F-96808655DCB8}.Release|x64.ActiveCfg = Release|Any CPU
		{901B659F-0F3F-4228-B86F-96808655DCB8}.Release|x64.Build.0 = Release|Any CPU
		{901B659F-0F3F-4228-B86F-96808655DCB8}.Release|x86.ActiveCfg = Release|Any CPU
		{901B659F-0F3F-4228-B86F-96808655DCB8}.Release|x86.Build.0 = Release|Any CPU
		{B3E1996B-B3E0-4AB2-99E0-4A6DDF071EF6}.Debug|Any CPU.ActiveCfg = Debug|Any CPU
		{B3E1996B-B3E0-4AB2-99E0-4A6DDF071EF6}.Debug|Any CPU.Build.0 = Debug|Any CPU
		{B3E1996B-B3E0-4AB2-99E0-4A6DDF071EF6}.Debug|x64.ActiveCfg = Debug|Any CPU
		{B3E1996B-B3E0-4AB2-99E0-4A6DDF071EF6}.Debug|x64.Build.0 = Debug|Any CPU
		{B3E1996B-B3E0-4AB2-99E0-4A6DDF071EF6}.Debug|x86.ActiveCfg = Debug|Any CPU
		{B3E1996B-B3E0-4AB2-99E0-4A6DDF071EF6}.Debug|x86.Build.0 = Debug|Any CPU
		{B3E1996B-B3E0-4AB2-99E0-4A6DDF071EF6}.Release|Any CPU.ActiveCfg = Release|Any CPU
		{B3E1996B-B3E0-4AB2-99E0-4A6DDF071EF6}.Release|Any CPU.Build.0 = Release|Any CPU
		{B3E1996B-B3E0-4AB2-99E0-4A6DDF071EF6}.Release|x64.ActiveCfg = Release|Any CPU
		{B3E1996B-B3E0-4AB2-99E0-4A6DDF071EF6}.Release|x64.Build.0 = Release|Any CPU
		{B3E1996B-B3E0-4AB2-99E0-4A6DDF071EF6}.Release|x86.ActiveCfg = Release|Any CPU
		{B3E1996B-B3E0-4AB2-99E0-4A6DDF071EF6}.Release|x86.Build.0 = Release|Any CPU
		{E26E8088-F6B0-4C98-A1EB-D1716EA0A0E5}.Debug|Any CPU.ActiveCfg = Debug|Any CPU
		{E26E8088-F6B0-4C98-A1EB-D1716EA0A0E5}.Debug|Any CPU.Build.0 = Debug|Any CPU
		{E26E8088-F6B0-4C98-A1EB-D1716EA0A0E5}.Debug|x64.ActiveCfg = Debug|Any CPU
		{E26E8088-F6B0-4C98-A1EB-D1716EA0A0E5}.Debug|x64.Build.0 = Debug|Any CPU
		{E26E8088-F6B0-4C98-A1EB-D1716EA0A0E5}.Debug|x86.ActiveCfg = Debug|Any CPU
		{E26E8088-F6B0-4C98-A1EB-D1716EA0A0E5}.Debug|x86.Build.0 = Debug|Any CPU
		{E26E8088-F6B0-4C98-A1EB-D1716EA0A0E5}.Release|Any CPU.ActiveCfg = Release|Any CPU
		{E26E8088-F6B0-4C98-A1EB-D1716EA0A0E5}.Release|Any CPU.Build.0 = Release|Any CPU
		{E26E8088-F6B0-4C98-A1EB-D1716EA0A0E5}.Release|x64.ActiveCfg = Release|Any CPU
		{E26E8088-F6B0-4C98-A1EB-D1716EA0A0E5}.Release|x64.Build.0 = Release|Any CPU
		{E26E8088-F6B0-4C98-A1EB-D1716EA0A0E5}.Release|x86.ActiveCfg = Release|Any CPU
		{E26E8088-F6B0-4C98-A1EB-D1716EA0A0E5}.Release|x86.Build.0 = Release|Any CPU
		{1D02F67D-083B-42A8-8764-E08055F07752}.Debug|Any CPU.ActiveCfg = Debug|Any CPU
		{1D02F67D-083B-42A8-8764-E08055F07752}.Debug|Any CPU.Build.0 = Debug|Any CPU
		{1D02F67D-083B-42A8-8764-E08055F07752}.Debug|x64.ActiveCfg = Debug|Any CPU
		{1D02F67D-083B-42A8-8764-E08055F07752}.Debug|x64.Build.0 = Debug|Any CPU
		{1D02F67D-083B-42A8-8764-E08055F07752}.Debug|x86.ActiveCfg = Debug|Any CPU
		{1D02F67D-083B-42A8-8764-E08055F07752}.Debug|x86.Build.0 = Debug|Any CPU
		{1D02F67D-083B-42A8-8764-E08055F07752}.Release|Any CPU.ActiveCfg = Release|Any CPU
		{1D02F67D-083B-42A8-8764-E08055F07752}.Release|Any CPU.Build.0 = Release|Any CPU
		{1D02F67D-083B-42A8-8764-E08055F07752}.Release|x64.ActiveCfg = Release|Any CPU
		{1D02F67D-083B-42A8-8764-E08055F07752}.Release|x64.Build.0 = Release|Any CPU
		{1D02F67D-083B-42A8-8764-E08055F07752}.Release|x86.ActiveCfg = Release|Any CPU
		{1D02F67D-083B-42A8-8764-E08055F07752}.Release|x86.Build.0 = Release|Any CPU
		{02C48C03-BD63-4518-A9FE-B1ABD51D9C66}.Debug|Any CPU.ActiveCfg = Debug|Any CPU
		{02C48C03-BD63-4518-A9FE-B1ABD51D9C66}.Debug|Any CPU.Build.0 = Debug|Any CPU
		{02C48C03-BD63-4518-A9FE-B1ABD51D9C66}.Debug|x64.ActiveCfg = Debug|Any CPU
		{02C48C03-BD63-4518-A9FE-B1ABD51D9C66}.Debug|x64.Build.0 = Debug|Any CPU
		{02C48C03-BD63-4518-A9FE-B1ABD51D9C66}.Debug|x86.ActiveCfg = Debug|Any CPU
		{02C48C03-BD63-4518-A9FE-B1ABD51D9C66}.Debug|x86.Build.0 = Debug|Any CPU
		{02C48C03-BD63-4518-A9FE-B1ABD51D9C66}.Release|Any CPU.ActiveCfg = Release|Any CPU
		{02C48C03-BD63-4518-A9FE-B1ABD51D9C66}.Release|Any CPU.Build.0 = Release|Any CPU
		{02C48C03-BD63-4518-A9FE-B1ABD51D9C66}.Release|x64.ActiveCfg = Release|Any CPU
		{02C48C03-BD63-4518-A9FE-B1ABD51D9C66}.Release|x64.Build.0 = Release|Any CPU
		{02C48C03-BD63-4518-A9FE-B1ABD51D9C66}.Release|x86.ActiveCfg = Release|Any CPU
		{02C48C03-BD63-4518-A9FE-B1ABD51D9C66}.Release|x86.Build.0 = Release|Any CPU
		{9F405722-28C7-4C4D-83FF-C9B73E63818B}.Debug|Any CPU.ActiveCfg = Debug|Any CPU
		{9F405722-28C7-4C4D-83FF-C9B73E63818B}.Debug|Any CPU.Build.0 = Debug|Any CPU
		{9F405722-28C7-4C4D-83FF-C9B73E63818B}.Debug|x64.ActiveCfg = Debug|Any CPU
		{9F405722-28C7-4C4D-83FF-C9B73E63818B}.Debug|x64.Build.0 = Debug|Any CPU
		{9F405722-28C7-4C4D-83FF-C9B73E63818B}.Debug|x86.ActiveCfg = Debug|Any CPU
		{9F405722-28C7-4C4D-83FF-C9B73E63818B}.Debug|x86.Build.0 = Debug|Any CPU
		{9F405722-28C7-4C4D-83FF-C9B73E63818B}.Release|Any CPU.ActiveCfg = Release|Any CPU
		{9F405722-28C7-4C4D-83FF-C9B73E63818B}.Release|Any CPU.Build.0 = Release|Any CPU
		{9F405722-28C7-4C4D-83FF-C9B73E63818B}.Release|x64.ActiveCfg = Release|Any CPU
		{9F405722-28C7-4C4D-83FF-C9B73E63818B}.Release|x64.Build.0 = Release|Any CPU
		{9F405722-28C7-4C4D-83FF-C9B73E63818B}.Release|x86.ActiveCfg = Release|Any CPU
		{9F405722-28C7-4C4D-83FF-C9B73E63818B}.Release|x86.Build.0 = Release|Any CPU
		{0D0872BA-316C-4E71-8F2E-16E57171DD76}.Debug|Any CPU.ActiveCfg = Debug|Any CPU
		{0D0872BA-316C-4E71-8F2E-16E57171DD76}.Debug|Any CPU.Build.0 = Debug|Any CPU
		{0D0872BA-316C-4E71-8F2E-16E57171DD76}.Debug|x64.ActiveCfg = Debug|Any CPU
		{0D0872BA-316C-4E71-8F2E-16E57171DD76}.Debug|x64.Build.0 = Debug|Any CPU
		{0D0872BA-316C-4E71-8F2E-16E57171DD76}.Debug|x86.ActiveCfg = Debug|Any CPU
		{0D0872BA-316C-4E71-8F2E-16E57171DD76}.Debug|x86.Build.0 = Debug|Any CPU
		{0D0872BA-316C-4E71-8F2E-16E57171DD76}.Release|Any CPU.ActiveCfg = Release|Any CPU
		{0D0872BA-316C-4E71-8F2E-16E57171DD76}.Release|Any CPU.Build.0 = Release|Any CPU
		{0D0872BA-316C-4E71-8F2E-16E57171DD76}.Release|x64.ActiveCfg = Release|Any CPU
		{0D0872BA-316C-4E71-8F2E-16E57171DD76}.Release|x64.Build.0 = Release|Any CPU
		{0D0872BA-316C-4E71-8F2E-16E57171DD76}.Release|x86.ActiveCfg = Release|Any CPU
		{0D0872BA-316C-4E71-8F2E-16E57171DD76}.Release|x86.Build.0 = Release|Any CPU
	EndGlobalSection
	GlobalSection(SolutionProperties) = preSolution
		HideSolutionNode = FALSE
	EndGlobalSection
	GlobalSection(NestedProjects) = preSolution
		{5F86882A-01A6-431C-B56D-7ABC65FFC0C3} = {FBF56CC3-7AE6-AD2D-3F14-7F97FD322CD6}
		{7E5A8D3C-4B7F-4C61-9F71-1B313A2D4E90} = {FBF56CC3-7AE6-AD2D-3F14-7F97FD322CD6}
		{F45D0C5B-F3AF-4C16-991F-0D66D6F513A5} = {FBF56CC3-7AE6-AD2D-3F14-7F97FD322CD6}
		{9E649F04-C2B6-4658-BCA5-2D73A8EEBD05} = {FBF56CC3-7AE6-AD2D-3F14-7F97FD322CD6}
		{29C7D6A8-74DC-473B-A2D7-268AEEAFAA6A} = {FBF56CC3-7AE6-AD2D-3F14-7F97FD322CD6}
		{104C5695-84C7-42B1-9874-2CC8DD345327} = {FBF56CC3-7AE6-AD2D-3F14-7F97FD322CD6}
		{376A1F63-1C78-4080-BFD7-42A209128E76} = {36E7FC26-247D-07CC-9F36-7068B8A9EA44}
		{A7B8C9D0-E1F2-3456-7890-ABCDEF012345} = {36E7FC26-247D-07CC-9F36-7068B8A9EA44}
		{73553F4F-0DE0-424E-8091-0A6B3F7A7BEE} = {32D75892-898E-D609-233A-CF2C4E30EFFC}
		{7034821D-B12B-4586-A508-C542869AE2F4} = {0AB3BF05-4346-4AA6-1389-037BE0695223}
		{3411AFBC-3784-4BAA-9B96-0674C4B2B634} = {0AB3BF05-4346-4AA6-1389-037BE0695223}
		{7D07FD8D-A80A-435D-AA12-A9A7E9056274} = {32D75892-898E-D609-233A-CF2C4E30EFFC}
		{A1B2C3D4-E5F6-4789-A1B2-C3D4E5F67890} = {A5AB70C8-5697-EF02-E175-626C0C2E8DA8}
		{B2C3D4E5-F6A7-4890-B2C3-D4E5F6A78901} = {A1B2C3D4-E5F6-4789-A1B2-C3D4E5F67890}
		{C3D4E5F6-A7B8-4901-C3D4-E5F6A7B89012} = {A1B2C3D4-E5F6-4789-A1B2-C3D4E5F67890}
		{6420A581-2B90-4231-A6B0-93AE980F183B} = {32D75892-898E-D609-233A-CF2C4E30EFFC}
		{7A713C2A-2812-471F-6F3F-0747CA7C5FEB} = {32D75892-898E-D609-233A-CF2C4E30EFFC}
		{CE43E02A-EEDE-4845-AD56-EAC03649FA73} = {1AE8ACA6-933B-BF2A-3671-3E2EAC007D16}
		{0EED4CD3-27AA-4AC4-9AEA-55D688C44268} = {1AE8ACA6-933B-BF2A-3671-3E2EAC007D16}
		{9549F201-B709-4840-9922-B85EB25F5C62} = {F0FA6F46-5711-2EE1-0C89-1D3658DDDBB8}
		{B9A01B8D-15AF-4DC8-A0CD-722A11E99677} = {F0FA6F46-5711-2EE1-0C89-1D3658DDDBB8}
		{C89E5A34-0F3E-49DF-A067-B48F91334095} = {D67C44D5-1358-C107-7763-C493AF473C05}
		{0D0872BA-316C-4E71-8F2E-16E57171DD76} = {D67C44D5-1358-C107-7763-C493AF473C05}
		{213C603E-4424-47E1-806F-94E7A15AEB1A} = {E51E8B8B-C363-1C7F-7C44-ABE4225E2B8B}
		{1DE2D5F7-42AA-4DA7-BB35-43E2D31B1850} = {E51E8B8B-C363-1C7F-7C44-ABE4225E2B8B}
		{9FBA16B3-6DC9-4F51-BFEB-10B44D9E8BD3} = {E51E8B8B-C363-1C7F-7C44-ABE4225E2B8B}
		{C7F2D5E8-3A4B-4C6D-8E9F-1234567890AB} = {E51E8B8B-C363-1C7F-7C44-ABE4225E2B8B}
		{2CB5341D-34CC-42D3-B8B2-3924B87AFAEA} = {A84671FD-A7D4-D910-35B9-E727A0CAB34D}
		{2C9E8E19-22EB-40AF-B416-5C0D625B4F80} = {A84671FD-A7D4-D910-35B9-E727A0CAB34D}
		{8607A970-C4F8-43E9-A585-5180B958406A} = {A84671FD-A7D4-D910-35B9-E727A0CAB34D}
		{90AC4DCD-6765-4BD8-8869-4B108952D929} = {1AE8ACA6-933B-BF2A-3671-3E2EAC007D16}
		{C782C8F2-8401-4094-89C0-32C820467245} = {FBF56CC3-7AE6-AD2D-3F14-7F97FD322CD6}
		{D1663D58-25B1-4153-B516-F3B5A8B965F0} = {FBF56CC3-7AE6-AD2D-3F14-7F97FD322CD6}
		{FB72BA60-C605-40FB-A00C-76B124252464} = {FBF56CC3-7AE6-AD2D-3F14-7F97FD322CD6}
		{566E800E-21E8-426E-9264-45A9DDA4E418} = {1AE8ACA6-933B-BF2A-3671-3E2EAC007D16}
		{9DB516F2-2985-48C4-88EE-54258D8B96E2} = {36E7FC26-247D-07CC-9F36-7068B8A9EA44}
		{B3E1996B-B3E0-4AB2-99E0-4A6DDF071EF6} = {0AB3BF05-4346-4AA6-1389-037BE0695223}
		{E26E8088-F6B0-4C98-A1EB-D1716EA0A0E5} = {36E7FC26-247D-07CC-9F36-7068B8A9EA44}
		{1D02F67D-083B-42A8-8764-E08055F07752} = {36E7FC26-247D-07CC-9F36-7068B8A9EA44}
		{02C48C03-BD63-4518-A9FE-B1ABD51D9C66} = {36E7FC26-247D-07CC-9F36-7068B8A9EA44}
		{9F405722-28C7-4C4D-83FF-C9B73E63818B} = {36E7FC26-247D-07CC-9F36-7068B8A9EA44}
	EndGlobalSection
	GlobalSection(ExtensibilityGlobals) = postSolution
		SolutionGuid = {A49302DB-99F4-474D-AE19-63536BB9F072}
	EndGlobalSection
EndGlobal
