
Microsoft Visual Studio Solution File, Format Version 12.00
# Visual Studio Version 17
VisualStudioVersion = 17.0.31903.59
MinimumVisualStudioVersion = 10.0.40219.1
Project("{FAE04EC0-301F-11D3-BF4B-00C04F79EFBC}") = "DSPilot", "DSPilot\DSPilot.csproj", "{11BEE139-3BAC-422B-AA70-B0449A800D7C}"
EndProject
Project("{2150E333-8FDC-42A3-9474-1A3956D46DE8}") = "Core", "Core", "{641EFE74-7E3F-4801-9203-9AA0C40F7C87}"
EndProject
Project("{F2A71F9B-5D33-465A-A702-920D77279786}") = "Ds2.Core", "..\..\solutions\Core\Ds2.Core\Ds2.Core.fsproj", "{36FDB475-EAF2-429B-82CA-83705031445A}"
EndProject
Project("{F2A71F9B-5D33-465A-A702-920D77279786}") = "Ds2.UI.Core", "..\..\solutions\Core\Ds2.UI.Core\Ds2.UI.Core.fsproj", "{BAB07900-3088-4EF2-9FE8-F6816AB73DB9}"
EndProject
Project("{2150E333-8FDC-42A3-9474-1A3956D46DE8}") = "Convert", "Convert", "{F2C503E0-6751-49F1-981B-885B86F7190A}"
EndProject
Project("{F2A71F9B-5D33-465A-A702-920D77279786}") = "Ds2.Aasx", "..\..\solutions\Convert\Ds2.Aasx\Ds2.Aasx.fsproj", "{7D2A6D5A-CE82-49AC-AFAE-2A052557F49B}"
EndProject
Project("{F2A71F9B-5D33-465A-A702-920D77279786}") = "DSPilot.Engine", "DSPilot.Engine\DSPilot.Engine.fsproj", "{3BE435DB-A466-5F39-0855-533E966C106A}"
EndProject
Project("{FAE04EC0-301F-11D3-BF4B-00C04F79EFBC}") = "DSPilot.TestConsole", "DSPilot.TestConsole\DSPilot.TestConsole.csproj", "{88E84845-740C-5652-10C1-6558D05C6D38}"
EndProject
Project("{FAE04EC0-301F-11D3-BF4B-00C04F79EFBC}") = "DSPilot.Engine.Tests.Console", "DSPilot.Engine.Tests.Console\DSPilot.Engine.Tests.Console.csproj", "{C2FD6980-AA26-F04D-0403-A644B28D4E1B}"
EndProject
Project("{FAE04EC0-301F-11D3-BF4B-00C04F79EFBC}") = "DSPilot.Tray", "DSPilot.Tray\DSPilot.Tray.csproj", "{75A2D511-2174-4673-A3C8-D846368C1919}"
EndProject
Global
	GlobalSection(SolutionConfigurationPlatforms) = preSolution
		Debug|Any CPU = Debug|Any CPU
		Debug|x64 = Debug|x64
		Debug|x86 = Debug|x86
		Release|Any CPU = Release|Any CPU
		Release|x64 = Release|x64
		Release|x86 = Release|x86
	EndGlobalSection
	GlobalSection(ProjectConfigurationPlatforms) = postSolution
		{11BEE139-3BAC-422B-AA70-B0449A800D7C}.Debug|Any CPU.ActiveCfg = Debug|Any CPU
		{11BEE139-3BAC-422B-AA70-B0449A800D7C}.Debug|Any CPU.Build.0 = Debug|Any CPU
		{11BEE139-3BAC-422B-AA70-B0449A800D7C}.Debug|x64.ActiveCfg = Debug|Any CPU
		{11BEE139-3BAC-422B-AA70-B0449A800D7C}.Debug|x64.Build.0 = Debug|Any CPU
		{11BEE139-3BAC-422B-AA70-B0449A800D7C}.Debug|x86.ActiveCfg = Debug|Any CPU
		{11BEE139-3BAC-422B-AA70-B0449A800D7C}.Debug|x86.Build.0 = Debug|Any CPU
		{11BEE139-3BAC-422B-AA70-B0449A800D7C}.Release|Any CPU.ActiveCfg = Release|Any CPU
		{11BEE139-3BAC-422B-AA70-B0449A800D7C}.Release|Any CPU.Build.0 = Release|Any CPU
		{11BEE139-3BAC-422B-AA70-B0449A800D7C}.Release|x64.ActiveCfg = Release|Any CPU
		{11BEE139-3BAC-422B-AA70-B0449A800D7C}.Release|x64.Build.0 = Release|Any CPU
		{11BEE139-3BAC-422B-AA70-B0449A800D7C}.Release|x86.ActiveCfg = Release|Any CPU
		{11BEE139-3BAC-422B-AA70-B0449A800D7C}.Release|x86.Build.0 = Release|Any CPU
		{36FDB475-EAF2-429B-82CA-83705031445A}.Debug|Any CPU.ActiveCfg = Debug|Any CPU
		{36FDB475-EAF2-429B-82CA-83705031445A}.Debug|Any CPU.Build.0 = Debug|Any CPU
		{36FDB475-EAF2-429B-82CA-83705031445A}.Debug|x64.ActiveCfg = Debug|Any CPU
		{36FDB475-EAF2-429B-82CA-83705031445A}.Debug|x64.Build.0 = Debug|Any CPU
		{36FDB475-EAF2-429B-82CA-83705031445A}.Debug|x86.ActiveCfg = Debug|Any CPU
		{36FDB475-EAF2-429B-82CA-83705031445A}.Debug|x86.Build.0 = Debug|Any CPU
		{36FDB475-EAF2-429B-82CA-83705031445A}.Release|Any CPU.ActiveCfg = Release|Any CPU
		{36FDB475-EAF2-429B-82CA-83705031445A}.Release|Any CPU.Build.0 = Release|Any CPU
		{36FDB475-EAF2-429B-82CA-83705031445A}.Release|x64.ActiveCfg = Release|Any CPU
		{36FDB475-EAF2-429B-82CA-83705031445A}.Release|x64.Build.0 = Release|Any CPU
		{36FDB475-EAF2-429B-82CA-83705031445A}.Release|x86.ActiveCfg = Release|Any CPU
		{36FDB475-EAF2-429B-82CA-83705031445A}.Release|x86.Build.0 = Release|Any CPU
		{BAB07900-3088-4EF2-9FE8-F6816AB73DB9}.Debug|Any CPU.ActiveCfg = Debug|Any CPU
		{BAB07900-3088-4EF2-9FE8-F6816AB73DB9}.Debug|Any CPU.Build.0 = Debug|Any CPU
		{BAB07900-3088-4EF2-9FE8-F6816AB73DB9}.Debug|x64.ActiveCfg = Debug|Any CPU
		{BAB07900-3088-4EF2-9FE8-F6816AB73DB9}.Debug|x64.Build.0 = Debug|Any CPU
		{BAB07900-3088-4EF2-9FE8-F6816AB73DB9}.Debug|x86.ActiveCfg = Debug|Any CPU
		{BAB07900-3088-4EF2-9FE8-F6816AB73DB9}.Debug|x86.Build.0 = Debug|Any CPU
		{BAB07900-3088-4EF2-9FE8-F6816AB73DB9}.Release|Any CPU.ActiveCfg = Release|Any CPU
		{BAB07900-3088-4EF2-9FE8-F6816AB73DB9}.Release|Any CPU.Build.0 = Release|Any CPU
		{BAB07900-3088-4EF2-9FE8-F6816AB73DB9}.Release|x64.ActiveCfg = Release|Any CPU
		{BAB07900-3088-4EF2-9FE8-F6816AB73DB9}.Release|x64.Build.0 = Release|Any CPU
		{BAB07900-3088-4EF2-9FE8-F6816AB73DB9}.Release|x86.ActiveCfg = Release|Any CPU
		{BAB07900-3088-4EF2-9FE8-F6816AB73DB9}.Release|x86.Build.0 = Release|Any CPU
		{7D2A6D5A-CE82-49AC-AFAE-2A052557F49B}.Debug|Any CPU.ActiveCfg = Debug|Any CPU
		{7D2A6D5A-CE82-49AC-AFAE-2A052557F49B}.Debug|Any CPU.Build.0 = Debug|Any CPU
		{7D2A6D5A-CE82-49AC-AFAE-2A052557F49B}.Debug|x64.ActiveCfg = Debug|Any CPU
		{7D2A6D5A-CE82-49AC-AFAE-2A052557F49B}.Debug|x64.Build.0 = Debug|Any CPU
		{7D2A6D5A-CE82-49AC-AFAE-2A052557F49B}.Debug|x86.ActiveCfg = Debug|Any CPU
		{7D2A6D5A-CE82-49AC-AFAE-2A052557F49B}.Debug|x86.Build.0 = Debug|Any CPU
		{7D2A6D5A-CE82-49AC-AFAE-2A052557F49B}.Release|Any CPU.ActiveCfg = Release|Any CPU
		{7D2A6D5A-CE82-49AC-AFAE-2A052557F49B}.Release|Any CPU.Build.0 = Release|Any CPU
		{7D2A6D5A-CE82-49AC-AFAE-2A052557F49B}.Release|x64.ActiveCfg = Release|Any CPU
		{7D2A6D5A-CE82-49AC-AFAE-2A052557F49B}.Release|x64.Build.0 = Release|Any CPU
		{7D2A6D5A-CE82-49AC-AFAE-2A052557F49B}.Release|x86.ActiveCfg = Release|Any CPU
		{7D2A6D5A-CE82-49AC-AFAE-2A052557F49B}.Release|x86.Build.0 = Release|Any CPU
		{3BE435DB-A466-5F39-0855-533E966C106A}.Debug|Any CPU.ActiveCfg = Debug|Any CPU
		{3BE435DB-A466-5F39-0855-533E966C106A}.Debug|Any CPU.Build.0 = Debug|Any CPU
		{3BE435DB-A466-5F39-0855-533E966C106A}.Debug|x64.ActiveCfg = Debug|Any CPU
		{3BE435DB-A466-5F39-0855-533E966C106A}.Debug|x64.Build.0 = Debug|Any CPU
		{3BE435DB-A466-5F39-0855-533E966C106A}.Debug|x86.ActiveCfg = Debug|Any CPU
		{3BE435DB-A466-5F39-0855-533E966C106A}.Debug|x86.Build.0 = Debug|Any CPU
		{3BE435DB-A466-5F39-0855-533E966C106A}.Release|Any CPU.ActiveCfg = Release|Any CPU
		{3BE435DB-A466-5F39-0855-533E966C106A}.Release|Any CPU.Build.0 = Release|Any CPU
		{3BE435DB-A466-5F39-0855-533E966C106A}.Release|x64.ActiveCfg = Release|Any CPU
		{3BE435DB-A466-5F39-0855-533E966C106A}.Release|x64.Build.0 = Release|Any CPU
		{3BE435DB-A466-5F39-0855-533E966C106A}.Release|x86.ActiveCfg = Release|Any CPU
		{3BE435DB-A466-5F39-0855-533E966C106A}.Release|x86.Build.0 = Release|Any CPU
		{88E84845-740C-5652-10C1-6558D05C6D38}.Debug|Any CPU.ActiveCfg = Debug|Any CPU
		{88E84845-740C-5652-10C1-6558D05C6D38}.Debug|Any CPU.Build.0 = Debug|Any CPU
		{88E84845-740C-5652-10C1-6558D05C6D38}.Debug|x64.ActiveCfg = Debug|Any CPU
		{88E84845-740C-5652-10C1-6558D05C6D38}.Debug|x64.Build.0 = Debug|Any CPU
		{88E84845-740C-5652-10C1-6558D05C6D38}.Debug|x86.ActiveCfg = Debug|Any CPU
		{88E84845-740C-5652-10C1-6558D05C6D38}.Debug|x86.Build.0 = Debug|Any CPU
		{88E84845-740C-5652-10C1-6558D05C6D38}.Release|Any CPU.ActiveCfg = Release|Any CPU
		{88E84845-740C-5652-10C1-6558D05C6D38}.Release|Any CPU.Build.0 = Release|Any CPU
		{88E84845-740C-5652-10C1-6558D05C6D38}.Release|x64.ActiveCfg = Release|Any CPU
		{88E84845-740C-5652-10C1-6558D05C6D38}.Release|x64.Build.0 = Release|Any CPU
		{88E84845-740C-5652-10C1-6558D05C6D38}.Release|x86.ActiveCfg = Release|Any CPU
		{88E84845-740C-5652-10C1-6558D05C6D38}.Release|x86.Build.0 = Release|Any CPU
		{C2FD6980-AA26-F04D-0403-A644B28D4E1B}.Debug|Any CPU.ActiveCfg = Debug|Any CPU
		{C2FD6980-AA26-F04D-0403-A644B28D4E1B}.Debug|Any CPU.Build.0 = Debug|Any CPU
		{C2FD6980-AA26-F04D-0403-A644B28D4E1B}.Debug|x64.ActiveCfg = Debug|Any CPU
		{C2FD6980-AA26-F04D-0403-A644B28D4E1B}.Debug|x64.Build.0 = Debug|Any CPU
		{C2FD6980-AA26-F04D-0403-A644B28D4E1B}.Debug|x86.ActiveCfg = Debug|Any CPU
		{C2FD6980-AA26-F04D-0403-A644B28D4E1B}.Debug|x86.Build.0 = Debug|Any CPU
		{C2FD6980-AA26-F04D-0403-A644B28D4E1B}.Release|Any CPU.ActiveCfg = Release|Any CPU
		{C2FD6980-AA26-F04D-0403-A644B28D4E1B}.Release|Any CPU.Build.0 = Release|Any CPU
		{C2FD6980-AA26-F04D-0403-A644B28D4E1B}.Release|x64.ActiveCfg = Release|Any CPU
		{C2FD6980-AA26-F04D-0403-A644B28D4E1B}.Release|x64.Build.0 = Release|Any CPU
		{C2FD6980-AA26-F04D-0403-A644B28D4E1B}.Release|x86.ActiveCfg = Release|Any CPU
		{C2FD6980-AA26-F04D-0403-A644B28D4E1B}.Release|x86.Build.0 = Release|Any CPU
		{75A2D511-2174-4673-A3C8-D846368C1919}.Debug|Any CPU.ActiveCfg = Debug|Any CPU
		{75A2D511-2174-4673-A3C8-D846368C1919}.Debug|Any CPU.Build.0 = Debug|Any CPU
		{75A2D511-2174-4673-A3C8-D846368C1919}.Debug|x64.ActiveCfg = Debug|Any CPU
		{75A2D511-2174-4673-A3C8-D846368C1919}.Debug|x64.Build.0 = Debug|Any CPU
		{75A2D511-2174-4673-A3C8-D846368C1919}.Debug|x86.ActiveCfg = Debug|Any CPU
		{75A2D511-2174-4673-A3C8-D846368C1919}.Debug|x86.Build.0 = Debug|Any CPU
		{75A2D511-2174-4673-A3C8-D846368C1919}.Release|Any CPU.ActiveCfg = Release|Any CPU
		{75A2D511-2174-4673-A3C8-D846368C1919}.Release|Any CPU.Build.0 = Release|Any CPU
		{75A2D511-2174-4673-A3C8-D846368C1919}.Release|x64.ActiveCfg = Release|Any CPU
		{75A2D511-2174-4673-A3C8-D846368C1919}.Release|x64.Build.0 = Release|Any CPU
		{75A2D511-2174-4673-A3C8-D846368C1919}.Release|x86.ActiveCfg = Release|Any CPU
		{75A2D511-2174-4673-A3C8-D846368C1919}.Release|x86.Build.0 = Release|Any CPU
	EndGlobalSection
	GlobalSection(SolutionProperties) = preSolution
		HideSolutionNode = FALSE
	EndGlobalSection
	GlobalSection(NestedProjects) = preSolution
		{36FDB475-EAF2-429B-82CA-83705031445A} = {641EFE74-7E3F-4801-9203-9AA0C40F7C87}
		{BAB07900-3088-4EF2-9FE8-F6816AB73DB9} = {641EFE74-7E3F-4801-9203-9AA0C40F7C87}
		{7D2A6D5A-CE82-49AC-AFAE-2A052557F49B} = {F2C503E0-6751-49F1-981B-885B86F7190A}
	EndGlobalSection
	GlobalSection(ExtensibilityGlobals) = postSolution
		SolutionGuid = {14ECC0A7-37FF-495F-B1BF-8E6B0D5BB052}
	EndGlobalSection
EndGlobal
