
Microsoft Visual Studio Solution File, Format Version 12.00
# Visual Studio Version 17
VisualStudioVersion = 17.0.31903.59
MinimumVisualStudioVersion = 10.0.40219.1
Project("{2150E333-8FDC-42A3-9474-1A3956D46DE8}") = "Solutions", "Solutions", "{5A177B4B-6BD0-B7EC-F049-C9C04D6D229D}"
EndProject
Project("{2150E333-8FDC-42A3-9474-1A3956D46DE8}") = "Core", "Core", "{237F2B66-2AC5-B119-CAF8-0C5D46DFAB8C}"
EndProject
Project("{F2A71F9B-5D33-465A-A702-920D77279786}") = "Ds2.Core", "..\solutions\Core\Ds2.Core\Ds2.Core.fsproj", "{2561819E-8AE7-4077-8741-1BFBB38AA8F6}"
EndProject
Project("{F2A71F9B-5D33-465A-A702-920D77279786}") = "Ds2.Editor", "..\solutions\Core\Ds2.Editor\Ds2.Editor.fsproj", "{49714A9C-A7E7-4709-9D43-BC48B01D58A2}"
EndProject
Project("{2150E333-8FDC-42A3-9474-1A3956D46DE8}") = "Convert", "Convert", "{BA640257-33FB-8184-4D49-72C2D2604B17}"
EndProject
Project("{F2A71F9B-5D33-465A-A702-920D77279786}") = "Ds2.Aasx", "..\solutions\Convert\Ds2.Aasx\Ds2.Aasx.fsproj", "{8F70C4D0-CDDB-485F-8CE0-E0E847DF90D7}"
EndProject
Project("{F2A71F9B-5D33-465A-A702-920D77279786}") = "Ds2.CSV", "..\solutions\Convert\Ds2.CSV\Ds2.CSV.fsproj", "{86D123AC-CF32-4843-B1EA-467F35D5315E}"
EndProject
Project("{F2A71F9B-5D33-465A-A702-920D77279786}") = "Ds2.IOList", "..\solutions\Convert\Ds2.IOList\Ds2.IOList.fsproj", "{638F3357-52D9-466D-8053-B06E8EC55F05}"
EndProject
Project("{F2A71F9B-5D33-465A-A702-920D77279786}") = "Ds2.JsonFormatter", "..\solutions\Convert\Ds2.JsonFormatter\Ds2.JsonFormatter.fsproj", "{DF11C915-B053-4130-BF0D-AE4883C46B69}"
EndProject
Project("{F2A71F9B-5D33-465A-A702-920D77279786}") = "Ds2.Mermaid", "..\solutions\Convert\Ds2.Mermaid\Ds2.Mermaid.fsproj", "{B68A8CAD-C510-4A4B-BB73-59320E5450BF}"
EndProject
Project("{2150E333-8FDC-42A3-9474-1A3956D46DE8}") = "Runtime", "Runtime", "{ECBA5E74-B831-FF89-7988-E36AB0D6ECC0}"
EndProject
Project("{F2A71F9B-5D33-465A-A702-920D77279786}") = "Ds2.Runtime", "..\solutions\Runtime\Ds2.Runtime\Ds2.Runtime.fsproj", "{14777E57-9733-4279-BCEF-7BC4EA584207}"
EndProject
Project("{F2A71F9B-5D33-465A-A702-920D77279786}") = "Ds2.Runtime.Report", "..\solutions\Runtime\Ds2.Runtime.Report\Ds2.Runtime.Report.fsproj", "{D7BC0A5E-3169-4EE9-9DF4-D0EAD6E064AF}"
EndProject
Project("{2150E333-8FDC-42A3-9474-1A3956D46DE8}") = "View", "View", "{926F0ABA-0516-2C37-BCB4-8F0934E8E875}"
EndProject
Project("{F2A71F9B-5D33-465A-A702-920D77279786}") = "Ds2.View3D.Core", "..\solutions\View\Ds2.View3D\Ds2.View3D.Core\Ds2.View3D.Core.fsproj", "{ABAEA47B-EC27-4C91-8981-5F45A04C04A9}"
EndProject
Project("{F2A71F9B-5D33-465A-A702-920D77279786}") = "Ds2.View3D.Tests", "..\solutions\View\Ds2.View3D\Ds2.View3D.Tests\Ds2.View3D.Tests.fsproj", "{7BFECDFD-E80E-4DBF-8C71-BF091E62CFF5}"
EndProject
Project("{2150E333-8FDC-42A3-9474-1A3956D46DE8}") = "Tests", "Tests", "{C915C3FE-105B-81B1-A5DA-1AE26EBA77DB}"
EndProject
Project("{F2A71F9B-5D33-465A-A702-920D77279786}") = "Ds2.Core.Tests", "..\solutions\Tests\Ds2.Core.Tests\Ds2.Core.Tests.fsproj", "{91C8FFB4-C034-4FC3-8B69-F8D2B681EA69}"
EndProject
Project("{F2A71F9B-5D33-465A-A702-920D77279786}") = "Ds2.Integration.Tests", "..\solutions\Tests\Ds2.Integration.Tests\Ds2.Integration.Tests.fsproj", "{099B6D36-C485-48FD-9344-1E0C242331F0}"
EndProject
Project("{F2A71F9B-5D33-465A-A702-920D77279786}") = "Ds2.Mermaid.Tests", "..\solutions\Tests\Ds2.Mermaid.Tests\Ds2.Mermaid.Tests.fsproj", "{803E8167-F215-4A61-9F71-E23FE4227B3B}"
EndProject
Project("{F2A71F9B-5D33-465A-A702-920D77279786}") = "Ds2.Store.Editor.Tests", "..\solutions\Tests\Ds2.Store.Editor.Tests\Ds2.Store.Editor.Tests.fsproj", "{C50840E3-0C45-489F-B67C-05ACF17F9777}"
EndProject
Project("{FAE04EC0-301F-11D3-BF4B-00C04F79EFBC}") = "Promaker.Tests", "..\solutions\Tests\Promaker.Tests\Promaker.Tests.csproj", "{098ADCB9-EB1E-43A7-9B20-31E03BF27572}"
EndProject
Project("{2150E333-8FDC-42A3-9474-1A3956D46DE8}") = "Apps", "Apps", "{1787FE1D-075E-9E68-7218-25F1BD1BBEAB}"
EndProject
Project("{2150E333-8FDC-42A3-9474-1A3956D46DE8}") = "Promaker", "Promaker", "{1DE13BAC-5CF4-2F02-170B-DDA87D2E6312}"
EndProject
Project("{FAE04EC0-301F-11D3-BF4B-00C04F79EFBC}") = "Promaker", "..\Apps\Promaker\Promaker\Promaker.csproj", "{553B77D9-D310-4CCD-A66C-2EE5DBA1942D}"
EndProject
Project("{2150E333-8FDC-42A3-9474-1A3956D46DE8}") = "AasxEditor", "AasxEditor", "{0FC9D22A-899A-6A3D-9FC0-C4C179257CF6}"
EndProject
Project("{FAE04EC0-301F-11D3-BF4B-00C04F79EFBC}") = "AasxEditor", "..\Apps\AasxEditor\AasxEditor\AasxEditor.csproj", "{72CE78E4-A73C-455E-9727-ED48FE843B3F}"
EndProject
Project("{2150E333-8FDC-42A3-9474-1A3956D46DE8}") = "CostSim", "CostSim", "{B85ACF31-BAE2-9A6B-9736-DC9851023EF0}"
EndProject
Project("{FAE04EC0-301F-11D3-BF4B-00C04F79EFBC}") = "CostSim", "..\Apps\CostSim\CostSim.csproj", "{707885B0-6DCB-4F81-8EAD-04B3BC996C99}"
EndProject
Project("{2150E333-8FDC-42A3-9474-1A3956D46DE8}") = "Tutorial", "Tutorial", "{28FB1DD4-7501-CB3F-66E8-68E4B427F3BF}"
EndProject
Project("{FAE04EC0-301F-11D3-BF4B-00C04F79EFBC}") = "Ds2.Tutorial", "..\Apps\Tutorial\Ds2.Tutorial.csproj", "{6CAD8F26-E3DF-4F59-8451-30F6A17966F4}"
EndProject
Project("{2150E333-8FDC-42A3-9474-1A3956D46DE8}") = "DSPilot", "DSPilot", "{AF963C99-E489-FA13-2BD2-32AE0E1BC30B}"
EndProject
Project("{FAE04EC0-301F-11D3-BF4B-00C04F79EFBC}") = "DSPilot", "..\Apps\DSPilot\DSPilot\DSPilot.csproj", "{FC1B0EAA-4E28-4674-A609-D922F51C97AD}"
EndProject
Project("{F2A71F9B-5D33-465A-A702-920D77279786}") = "DSPilot.Engine", "..\Apps\DSPilot\DSPilot.Engine\DSPilot.Engine.fsproj", "{5CC2FB53-A83F-4C5B-8529-AB90837AA274}"
EndProject
Project("{FAE04EC0-301F-11D3-BF4B-00C04F79EFBC}") = "DSPilot.Engine.Tests.Console", "..\Apps\DSPilot\DSPilot.Engine.Tests.Console\DSPilot.Engine.Tests.Console.csproj", "{8A3D18A1-7549-4F2D-B845-007AD359C910}"
EndProject
Project("{FAE04EC0-301F-11D3-BF4B-00C04F79EFBC}") = "DSPilot.TestConsole", "..\Apps\DSPilot\DSPilot.TestConsole\DSPilot.TestConsole.csproj", "{CA196901-EE1B-4B04-A4C0-F8F5B3702E1D}"
EndProject
Project("{FAE04EC0-301F-11D3-BF4B-00C04F79EFBC}") = "DSPilot.Tray", "..\Apps\DSPilot\DSPilot.Tray\DSPilot.Tray.csproj", "{BE3CAB14-4C84-4F55-A931-B0F4B38ABB29}"
EndProject
Project("{FAE04EC0-301F-11D3-BF4B-00C04F79EFBC}") = "PlcDataGenerator", "..\Apps\DSPilot\PlcDataGenerator\PlcDataGenerator.csproj", "{5FCC9C51-0310-4C1F-9247-1EC469552D5E}"
EndProject
Project("{FAE04EC0-301F-11D3-BF4B-00C04F79EFBC}") = "QuickTest", "..\Apps\DSPilot\QuickTest\QuickTest.csproj", "{EBD70090-062A-4342-A087-710A76536DAF}"
EndProject
Global
	GlobalSection(SolutionConfigurationPlatforms) = preSolution
		Debug|Any CPU = Debug|Any CPU
		Debug|x64 = Debug|x64
		Debug|x86 = Debug|x86
		Release|Any CPU = Release|Any CPU
		Release|x64 = Release|x64
		Release|x86 = Release|x86
	EndGlobalSection
	GlobalSection(ProjectConfigurationPlatforms) = postSolution
		{2561819E-8AE7-4077-8741-1BFBB38AA8F6}.Debug|Any CPU.ActiveCfg = Debug|Any CPU
		{2561819E-8AE7-4077-8741-1BFBB38AA8F6}.Debug|Any CPU.Build.0 = Debug|Any CPU
		{2561819E-8AE7-4077-8741-1BFBB38AA8F6}.Debug|x64.ActiveCfg = Debug|Any CPU
		{2561819E-8AE7-4077-8741-1BFBB38AA8F6}.Debug|x64.Build.0 = Debug|Any CPU
		{2561819E-8AE7-4077-8741-1BFBB38AA8F6}.Debug|x86.ActiveCfg = Debug|Any CPU
		{2561819E-8AE7-4077-8741-1BFBB38AA8F6}.Debug|x86.Build.0 = Debug|Any CPU
		{2561819E-8AE7-4077-8741-1BFBB38AA8F6}.Release|Any CPU.ActiveCfg = Release|Any CPU
		{2561819E-8AE7-4077-8741-1BFBB38AA8F6}.Release|Any CPU.Build.0 = Release|Any CPU
		{2561819E-8AE7-4077-8741-1BFBB38AA8F6}.Release|x64.ActiveCfg = Release|Any CPU
		{2561819E-8AE7-4077-8741-1BFBB38AA8F6}.Release|x64.Build.0 = Release|Any CPU
		{2561819E-8AE7-4077-8741-1BFBB38AA8F6}.Release|x86.ActiveCfg = Release|Any CPU
		{2561819E-8AE7-4077-8741-1BFBB38AA8F6}.Release|x86.Build.0 = Release|Any CPU
		{49714A9C-A7E7-4709-9D43-BC48B01D58A2}.Debug|Any CPU.ActiveCfg = Debug|Any CPU
		{49714A9C-A7E7-4709-9D43-BC48B01D58A2}.Debug|Any CPU.Build.0 = Debug|Any CPU
		{49714A9C-A7E7-4709-9D43-BC48B01D58A2}.Debug|x64.ActiveCfg = Debug|Any CPU
		{49714A9C-A7E7-4709-9D43-BC48B01D58A2}.Debug|x64.Build.0 = Debug|Any CPU
		{49714A9C-A7E7-4709-9D43-BC48B01D58A2}.Debug|x86.ActiveCfg = Debug|Any CPU
		{49714A9C-A7E7-4709-9D43-BC48B01D58A2}.Debug|x86.Build.0 = Debug|Any CPU
		{49714A9C-A7E7-4709-9D43-BC48B01D58A2}.Release|Any CPU.ActiveCfg = Release|Any CPU
		{49714A9C-A7E7-4709-9D43-BC48B01D58A2}.Release|Any CPU.Build.0 = Release|Any CPU
		{49714A9C-A7E7-4709-9D43-BC48B01D58A2}.Release|x64.ActiveCfg = Release|Any CPU
		{49714A9C-A7E7-4709-9D43-BC48B01D58A2}.Release|x64.Build.0 = Release|Any CPU
		{49714A9C-A7E7-4709-9D43-BC48B01D58A2}.Release|x86.ActiveCfg = Release|Any CPU
		{49714A9C-A7E7-4709-9D43-BC48B01D58A2}.Release|x86.Build.0 = Release|Any CPU
		{8F70C4D0-CDDB-485F-8CE0-E0E847DF90D7}.Debug|Any CPU.ActiveCfg = Debug|Any CPU
		{8F70C4D0-CDDB-485F-8CE0-E0E847DF90D7}.Debug|Any CPU.Build.0 = Debug|Any CPU
		{8F70C4D0-CDDB-485F-8CE0-E0E847DF90D7}.Debug|x64.ActiveCfg = Debug|Any CPU
		{8F70C4D0-CDDB-485F-8CE0-E0E847DF90D7}.Debug|x64.Build.0 = Debug|Any CPU
		{8F70C4D0-CDDB-485F-8CE0-E0E847DF90D7}.Debug|x86.ActiveCfg = Debug|Any CPU
		{8F70C4D0-CDDB-485F-8CE0-E0E847DF90D7}.Debug|x86.Build.0 = Debug|Any CPU
		{8F70C4D0-CDDB-485F-8CE0-E0E847DF90D7}.Release|Any CPU.ActiveCfg = Release|Any CPU
		{8F70C4D0-CDDB-485F-8CE0-E0E847DF90D7}.Release|Any CPU.Build.0 = Release|Any CPU
		{8F70C4D0-CDDB-485F-8CE0-E0E847DF90D7}.Release|x64.ActiveCfg = Release|Any CPU
		{8F70C4D0-CDDB-485F-8CE0-E0E847DF90D7}.Release|x64.Build.0 = Release|Any CPU
		{8F70C4D0-CDDB-485F-8CE0-E0E847DF90D7}.Release|x86.ActiveCfg = Release|Any CPU
		{8F70C4D0-CDDB-485F-8CE0-E0E847DF90D7}.Release|x86.Build.0 = Release|Any CPU
		{86D123AC-CF32-4843-B1EA-467F35D5315E}.Debug|Any CPU.ActiveCfg = Debug|Any CPU
		{86D123AC-CF32-4843-B1EA-467F35D5315E}.Debug|Any CPU.Build.0 = Debug|Any CPU
		{86D123AC-CF32-4843-B1EA-467F35D5315E}.Debug|x64.ActiveCfg = Debug|Any CPU
		{86D123AC-CF32-4843-B1EA-467F35D5315E}.Debug|x64.Build.0 = Debug|Any CPU
		{86D123AC-CF32-4843-B1EA-467F35D5315E}.Debug|x86.ActiveCfg = Debug|Any CPU
		{86D123AC-CF32-4843-B1EA-467F35D5315E}.Debug|x86.Build.0 = Debug|Any CPU
		{86D123AC-CF32-4843-B1EA-467F35D5315E}.Release|Any CPU.ActiveCfg = Release|Any CPU
		{86D123AC-CF32-4843-B1EA-467F35D5315E}.Release|Any CPU.Build.0 = Release|Any CPU
		{86D123AC-CF32-4843-B1EA-467F35D5315E}.Release|x64.ActiveCfg = Release|Any CPU
		{86D123AC-CF32-4843-B1EA-467F35D5315E}.Release|x64.Build.0 = Release|Any CPU
		{86D123AC-CF32-4843-B1EA-467F35D5315E}.Release|x86.ActiveCfg = Release|Any CPU
		{86D123AC-CF32-4843-B1EA-467F35D5315E}.Release|x86.Build.0 = Release|Any CPU
		{638F3357-52D9-466D-8053-B06E8EC55F05}.Debug|Any CPU.ActiveCfg = Debug|Any CPU
		{638F3357-52D9-466D-8053-B06E8EC55F05}.Debug|Any CPU.Build.0 = Debug|Any CPU
		{638F3357-52D9-466D-8053-B06E8EC55F05}.Debug|x64.ActiveCfg = Debug|Any CPU
		{638F3357-52D9-466D-8053-B06E8EC55F05}.Debug|x64.Build.0 = Debug|Any CPU
		{638F3357-52D9-466D-8053-B06E8EC55F05}.Debug|x86.ActiveCfg = Debug|Any CPU
		{638F3357-52D9-466D-8053-B06E8EC55F05}.Debug|x86.Build.0 = Debug|Any CPU
		{638F3357-52D9-466D-8053-B06E8EC55F05}.Release|Any CPU.ActiveCfg = Release|Any CPU
		{638F3357-52D9-466D-8053-B06E8EC55F05}.Release|Any CPU.Build.0 = Release|Any CPU
		{638F3357-52D9-466D-8053-B06E8EC55F05}.Release|x64.ActiveCfg = Release|Any CPU
		{638F3357-52D9-466D-8053-B06E8EC55F05}.Release|x64.Build.0 = Release|Any CPU
		{638F3357-52D9-466D-8053-B06E8EC55F05}.Release|x86.ActiveCfg = Release|Any CPU
		{638F3357-52D9-466D-8053-B06E8EC55F05}.Release|x86.Build.0 = Release|Any CPU
		{DF11C915-B053-4130-BF0D-AE4883C46B69}.Debug|Any CPU.ActiveCfg = Debug|Any CPU
		{DF11C915-B053-4130-BF0D-AE4883C46B69}.Debug|Any CPU.Build.0 = Debug|Any CPU
		{DF11C915-B053-4130-BF0D-AE4883C46B69}.Debug|x64.ActiveCfg = Debug|Any CPU
		{DF11C915-B053-4130-BF0D-AE4883C46B69}.Debug|x64.Build.0 = Debug|Any CPU
		{DF11C915-B053-4130-BF0D-AE4883C46B69}.Debug|x86.ActiveCfg = Debug|Any CPU
		{DF11C915-B053-4130-BF0D-AE4883C46B69}.Debug|x86.Build.0 = Debug|Any CPU
		{DF11C915-B053-4130-BF0D-AE4883C46B69}.Release|Any CPU.ActiveCfg = Release|Any CPU
		{DF11C915-B053-4130-BF0D-AE4883C46B69}.Release|Any CPU.Build.0 = Release|Any CPU
		{DF11C915-B053-4130-BF0D-AE4883C46B69}.Release|x64.ActiveCfg = Release|Any CPU
		{DF11C915-B053-4130-BF0D-AE4883C46B69}.Release|x64.Build.0 = Release|Any CPU
		{DF11C915-B053-4130-BF0D-AE4883C46B69}.Release|x86.ActiveCfg = Release|Any CPU
		{DF11C915-B053-4130-BF0D-AE4883C46B69}.Release|x86.Build.0 = Release|Any CPU
		{B68A8CAD-C510-4A4B-BB73-59320E5450BF}.Debug|Any CPU.ActiveCfg = Debug|Any CPU
		{B68A8CAD-C510-4A4B-BB73-59320E5450BF}.Debug|Any CPU.Build.0 = Debug|Any CPU
		{B68A8CAD-C510-4A4B-BB73-59320E5450BF}.Debug|x64.ActiveCfg = Debug|Any CPU
		{B68A8CAD-C510-4A4B-BB73-59320E5450BF}.Debug|x64.Build.0 = Debug|Any CPU
		{B68A8CAD-C510-4A4B-BB73-59320E5450BF}.Debug|x86.ActiveCfg = Debug|Any CPU
		{B68A8CAD-C510-4A4B-BB73-59320E5450BF}.Debug|x86.Build.0 = Debug|Any CPU
		{B68A8CAD-C510-4A4B-BB73-59320E5450BF}.Release|Any CPU.ActiveCfg = Release|Any CPU
		{B68A8CAD-C510-4A4B-BB73-59320E5450BF}.Release|Any CPU.Build.0 = Release|Any CPU
		{B68A8CAD-C510-4A4B-BB73-59320E5450BF}.Release|x64.ActiveCfg = Release|Any CPU
		{B68A8CAD-C510-4A4B-BB73-59320E5450BF}.Release|x64.Build.0 = Release|Any CPU
		{B68A8CAD-C510-4A4B-BB73-59320E5450BF}.Release|x86.ActiveCfg = Release|Any CPU
		{B68A8CAD-C510-4A4B-BB73-59320E5450BF}.Release|x86.Build.0 = Release|Any CPU
		{14777E57-9733-4279-BCEF-7BC4EA584207}.Debug|Any CPU.ActiveCfg = Debug|Any CPU
		{14777E57-9733-4279-BCEF-7BC4EA584207}.Debug|Any CPU.Build.0 = Debug|Any CPU
		{14777E57-9733-4279-BCEF-7BC4EA584207}.Debug|x64.ActiveCfg = Debug|Any CPU
		{14777E57-9733-4279-BCEF-7BC4EA584207}.Debug|x64.Build.0 = Debug|Any CPU
		{14777E57-9733-4279-BCEF-7BC4EA584207}.Debug|x86.ActiveCfg = Debug|Any CPU
		{14777E57-9733-4279-BCEF-7BC4EA584207}.Debug|x86.Build.0 = Debug|Any CPU
		{14777E57-9733-4279-BCEF-7BC4EA584207}.Release|Any CPU.ActiveCfg = Release|Any CPU
		{14777E57-9733-4279-BCEF-7BC4EA584207}.Release|Any CPU.Build.0 = Release|Any CPU
		{14777E57-9733-4279-BCEF-7BC4EA584207}.Release|x64.ActiveCfg = Release|Any CPU
		{14777E57-9733-4279-BCEF-7BC4EA584207}.Release|x64.Build.0 = Release|Any CPU
		{14777E57-9733-4279-BCEF-7BC4EA584207}.Release|x86.ActiveCfg = Release|Any CPU
		{14777E57-9733-4279-BCEF-7BC4EA584207}.Release|x86.Build.0 = Release|Any CPU
		{D7BC0A5E-3169-4EE9-9DF4-D0EAD6E064AF}.Debug|Any CPU.ActiveCfg = Debug|Any CPU
		{D7BC0A5E-3169-4EE9-9DF4-D0EAD6E064AF}.Debug|Any CPU.Build.0 = Debug|Any CPU
		{D7BC0A5E-3169-4EE9-9DF4-D0EAD6E064AF}.Debug|x64.ActiveCfg = Debug|Any CPU
		{D7BC0A5E-3169-4EE9-9DF4-D0EAD6E064AF}.Debug|x64.Build.0 = Debug|Any CPU
		{D7BC0A5E-3169-4EE9-9DF4-D0EAD6E064AF}.Debug|x86.ActiveCfg = Debug|Any CPU
		{D7BC0A5E-3169-4EE9-9DF4-D0EAD6E064AF}.Debug|x86.Build.0 = Debug|Any CPU
		{D7BC0A5E-3169-4EE9-9DF4-D0EAD6E064AF}.Release|Any CPU.ActiveCfg = Release|Any CPU
		{D7BC0A5E-3169-4EE9-9DF4-D0EAD6E064AF}.Release|Any CPU.Build.0 = Release|Any CPU
		{D7BC0A5E-3169-4EE9-9DF4-D0EAD6E064AF}.Release|x64.ActiveCfg = Release|Any CPU
		{D7BC0A5E-3169-4EE9-9DF4-D0EAD6E064AF}.Release|x64.Build.0 = Release|Any CPU
		{D7BC0A5E-3169-4EE9-9DF4-D0EAD6E064AF}.Release|x86.ActiveCfg = Release|Any CPU
		{D7BC0A5E-3169-4EE9-9DF4-D0EAD6E064AF}.Release|x86.Build.0 = Release|Any CPU
		{ABAEA47B-EC27-4C91-8981-5F45A04C04A9}.Debug|Any CPU.ActiveCfg = Debug|Any CPU
		{ABAEA47B-EC27-4C91-8981-5F45A04C04A9}.Debug|Any CPU.Build.0 = Debug|Any CPU
		{ABAEA47B-EC27-4C91-8981-5F45A04C04A9}.Debug|x64.ActiveCfg = Debug|Any CPU
		{ABAEA47B-EC27-4C91-8981-5F45A04C04A9}.Debug|x64.Build.0 = Debug|Any CPU
		{ABAEA47B-EC27-4C91-8981-5F45A04C04A9}.Debug|x86.ActiveCfg = Debug|Any CPU
		{ABAEA47B-EC27-4C91-8981-5F45A04C04A9}.Debug|x86.Build.0 = Debug|Any CPU
		{ABAEA47B-EC27-4C91-8981-5F45A04C04A9}.Release|Any CPU.ActiveCfg = Release|Any CPU
		{ABAEA47B-EC27-4C91-8981-5F45A04C04A9}.Release|Any CPU.Build.0 = Release|Any CPU
		{ABAEA47B-EC27-4C91-8981-5F45A04C04A9}.Release|x64.ActiveCfg = Release|Any CPU
		{ABAEA47B-EC27-4C91-8981-5F45A04C04A9}.Release|x64.Build.0 = Release|Any CPU
		{ABAEA47B-EC27-4C91-8981-5F45A04C04A9}.Release|x86.ActiveCfg = Release|Any CPU
		{ABAEA47B-EC27-4C91-8981-5F45A04C04A9}.Release|x86.Build.0 = Release|Any CPU
		{7BFECDFD-E80E-4DBF-8C71-BF091E62CFF5}.Debug|Any CPU.ActiveCfg = Debug|Any CPU
		{7BFECDFD-E80E-4DBF-8C71-BF091E62CFF5}.Debug|Any CPU.Build.0 = Debug|Any CPU
		{7BFECDFD-E80E-4DBF-8C71-BF091E62CFF5}.Debug|x64.ActiveCfg = Debug|Any CPU
		{7BFECDFD-E80E-4DBF-8C71-BF091E62CFF5}.Debug|x64.Build.0 = Debug|Any CPU
		{7BFECDFD-E80E-4DBF-8C71-BF091E62CFF5}.Debug|x86.ActiveCfg = Debug|Any CPU
		{7BFECDFD-E80E-4DBF-8C71-BF091E62CFF5}.Debug|x86.Build.0 = Debug|Any CPU
		{7BFECDFD-E80E-4DBF-8C71-BF091E62CFF5}.Release|Any CPU.ActiveCfg = Release|Any CPU
		{7BFECDFD-E80E-4DBF-8C71-BF091E62CFF5}.Release|Any CPU.Build.0 = Release|Any CPU
		{7BFECDFD-E80E-4DBF-8C71-BF091E62CFF5}.Release|x64.ActiveCfg = Release|Any CPU
		{7BFECDFD-E80E-4DBF-8C71-BF091E62CFF5}.Release|x64.Build.0 = Release|Any CPU
		{7BFECDFD-E80E-4DBF-8C71-BF091E62CFF5}.Release|x86.ActiveCfg = Release|Any CPU
		{7BFECDFD-E80E-4DBF-8C71-BF091E62CFF5}.Release|x86.Build.0 = Release|Any CPU
		{91C8FFB4-C034-4FC3-8B69-F8D2B681EA69}.Debug|Any CPU.ActiveCfg = Debug|Any CPU
		{91C8FFB4-C034-4FC3-8B69-F8D2B681EA69}.Debug|Any CPU.Build.0 = Debug|Any CPU
		{91C8FFB4-C034-4FC3-8B69-F8D2B681EA69}.Debug|x64.ActiveCfg = Debug|Any CPU
		{91C8FFB4-C034-4FC3-8B69-F8D2B681EA69}.Debug|x64.Build.0 = Debug|Any CPU
		{91C8FFB4-C034-4FC3-8B69-F8D2B681EA69}.Debug|x86.ActiveCfg = Debug|Any CPU
		{91C8FFB4-C034-4FC3-8B69-F8D2B681EA69}.Debug|x86.Build.0 = Debug|Any CPU
		{91C8FFB4-C034-4FC3-8B69-F8D2B681EA69}.Release|Any CPU.ActiveCfg = Release|Any CPU
		{91C8FFB4-C034-4FC3-8B69-F8D2B681EA69}.Release|Any CPU.Build.0 = Release|Any CPU
		{91C8FFB4-C034-4FC3-8B69-F8D2B681EA69}.Release|x64.ActiveCfg = Release|Any CPU
		{91C8FFB4-C034-4FC3-8B69-F8D2B681EA69}.Release|x64.Build.0 = Release|Any CPU
		{91C8FFB4-C034-4FC3-8B69-F8D2B681EA69}.Release|x86.ActiveCfg = Release|Any CPU
		{91C8FFB4-C034-4FC3-8B69-F8D2B681EA69}.Release|x86.Build.0 = Release|Any CPU
		{099B6D36-C485-48FD-9344-1E0C242331F0}.Debug|Any CPU.ActiveCfg = Debug|Any CPU
		{099B6D36-C485-48FD-9344-1E0C242331F0}.Debug|Any CPU.Build.0 = Debug|Any CPU
		{099B6D36-C485-48FD-9344-1E0C242331F0}.Debug|x64.ActiveCfg = Debug|Any CPU
		{099B6D36-C485-48FD-9344-1E0C242331F0}.Debug|x64.Build.0 = Debug|Any CPU
		{099B6D36-C485-48FD-9344-1E0C242331F0}.Debug|x86.ActiveCfg = Debug|Any CPU
		{099B6D36-C485-48FD-9344-1E0C242331F0}.Debug|x86.Build.0 = Debug|Any CPU
		{099B6D36-C485-48FD-9344-1E0C242331F0}.Release|Any CPU.ActiveCfg = Release|Any CPU
		{099B6D36-C485-48FD-9344-1E0C242331F0}.Release|Any CPU.Build.0 = Release|Any CPU
		{099B6D36-C485-48FD-9344-1E0C242331F0}.Release|x64.ActiveCfg = Release|Any CPU
		{099B6D36-C485-48FD-9344-1E0C242331F0}.Release|x64.Build.0 = Release|Any CPU
		{099B6D36-C485-48FD-9344-1E0C242331F0}.Release|x86.ActiveCfg = Release|Any CPU
		{099B6D36-C485-48FD-9344-1E0C242331F0}.Release|x86.Build.0 = Release|Any CPU
		{803E8167-F215-4A61-9F71-E23FE4227B3B}.Debug|Any CPU.ActiveCfg = Debug|Any CPU
		{803E8167-F215-4A61-9F71-E23FE4227B3B}.Debug|Any CPU.Build.0 = Debug|Any CPU
		{803E8167-F215-4A61-9F71-E23FE4227B3B}.Debug|x64.ActiveCfg = Debug|Any CPU
		{803E8167-F215-4A61-9F71-E23FE4227B3B}.Debug|x64.Build.0 = Debug|Any CPU
		{803E8167-F215-4A61-9F71-E23FE4227B3B}.Debug|x86.ActiveCfg = Debug|Any CPU
		{803E8167-F215-4A61-9F71-E23FE4227B3B}.Debug|x86.Build.0 = Debug|Any CPU
		{803E8167-F215-4A61-9F71-E23FE4227B3B}.Release|Any CPU.ActiveCfg = Release|Any CPU
		{803E8167-F215-4A61-9F71-E23FE4227B3B}.Release|Any CPU.Build.0 = Release|Any CPU
		{803E8167-F215-4A61-9F71-E23FE4227B3B}.Release|x64.ActiveCfg = Release|Any CPU
		{803E8167-F215-4A61-9F71-E23FE4227B3B}.Release|x64.Build.0 = Release|Any CPU
		{803E8167-F215-4A61-9F71-E23FE4227B3B}.Release|x86.ActiveCfg = Release|Any CPU
		{803E8167-F215-4A61-9F71-E23FE4227B3B}.Release|x86.Build.0 = Release|Any CPU
		{C50840E3-0C45-489F-B67C-05ACF17F9777}.Debug|Any CPU.ActiveCfg = Debug|Any CPU
		{C50840E3-0C45-489F-B67C-05ACF17F9777}.Debug|Any CPU.Build.0 = Debug|Any CPU
		{C50840E3-0C45-489F-B67C-05ACF17F9777}.Debug|x64.ActiveCfg = Debug|Any CPU
		{C50840E3-0C45-489F-B67C-05ACF17F9777}.Debug|x64.Build.0 = Debug|Any CPU
		{C50840E3-0C45-489F-B67C-05ACF17F9777}.Debug|x86.ActiveCfg = Debug|Any CPU
		{C50840E3-0C45-489F-B67C-05ACF17F9777}.Debug|x86.Build.0 = Debug|Any CPU
		{C50840E3-0C45-489F-B67C-05ACF17F9777}.Release|Any CPU.ActiveCfg = Release|Any CPU
		{C50840E3-0C45-489F-B67C-05ACF17F9777}.Release|Any CPU.Build.0 = Release|Any CPU
		{C50840E3-0C45-489F-B67C-05ACF17F9777}.Release|x64.ActiveCfg = Release|Any CPU
		{C50840E3-0C45-489F-B67C-05ACF17F9777}.Release|x64.Build.0 = Release|Any CPU
		{C50840E3-0C45-489F-B67C-05ACF17F9777}.Release|x86.ActiveCfg = Release|Any CPU
		{C50840E3-0C45-489F-B67C-05ACF17F9777}.Release|x86.Build.0 = Release|Any CPU
		{098ADCB9-EB1E-43A7-9B20-31E03BF27572}.Debug|Any CPU.ActiveCfg = Debug|Any CPU
		{098ADCB9-EB1E-43A7-9B20-31E03BF27572}.Debug|Any CPU.Build.0 = Debug|Any CPU
		{098ADCB9-EB1E-43A7-9B20-31E03BF27572}.Debug|x64.ActiveCfg = Debug|Any CPU
		{098ADCB9-EB1E-43A7-9B20-31E03BF27572}.Debug|x64.Build.0 = Debug|Any CPU
		{098ADCB9-EB1E-43A7-9B20-31E03BF27572}.Debug|x86.ActiveCfg = Debug|Any CPU
		{098ADCB9-EB1E-43A7-9B20-31E03BF27572}.Debug|x86.Build.0 = Debug|Any CPU
		{098ADCB9-EB1E-43A7-9B20-31E03BF27572}.Release|Any CPU.ActiveCfg = Release|Any CPU
		{098ADCB9-EB1E-43A7-9B20-31E03BF27572}.Release|Any CPU.Build.0 = Release|Any CPU
		{098ADCB9-EB1E-43A7-9B20-31E03BF27572}.Release|x64.ActiveCfg = Release|Any CPU
		{098ADCB9-EB1E-43A7-9B20-31E03BF27572}.Release|x64.Build.0 = Release|Any CPU
		{098ADCB9-EB1E-43A7-9B20-31E03BF27572}.Release|x86.ActiveCfg = Release|Any CPU
		{098ADCB9-EB1E-43A7-9B20-31E03BF27572}.Release|x86.Build.0 = Release|Any CPU
		{553B77D9-D310-4CCD-A66C-2EE5DBA1942D}.Debug|Any CPU.ActiveCfg = Debug|Any CPU
		{553B77D9-D310-4CCD-A66C-2EE5DBA1942D}.Debug|Any CPU.Build.0 = Debug|Any CPU
		{553B77D9-D310-4CCD-A66C-2EE5DBA1942D}.Debug|x64.ActiveCfg = Debug|Any CPU
		{553B77D9-D310-4CCD-A66C-2EE5DBA1942D}.Debug|x64.Build.0 = Debug|Any CPU
		{553B77D9-D310-4CCD-A66C-2EE5DBA1942D}.Debug|x86.ActiveCfg = Debug|Any CPU
		{553B77D9-D310-4CCD-A66C-2EE5DBA1942D}.Debug|x86.Build.0 = Debug|Any CPU
		{553B77D9-D310-4CCD-A66C-2EE5DBA1942D}.Release|Any CPU.ActiveCfg = Release|Any CPU
		{553B77D9-D310-4CCD-A66C-2EE5DBA1942D}.Release|Any CPU.Build.0 = Release|Any CPU
		{553B77D9-D310-4CCD-A66C-2EE5DBA1942D}.Release|x64.ActiveCfg = Release|Any CPU
		{553B77D9-D310-4CCD-A66C-2EE5DBA1942D}.Release|x64.Build.0 = Release|Any CPU
		{553B77D9-D310-4CCD-A66C-2EE5DBA1942D}.Release|x86.ActiveCfg = Release|Any CPU
		{553B77D9-D310-4CCD-A66C-2EE5DBA1942D}.Release|x86.Build.0 = Release|Any CPU
		{72CE78E4-A73C-455E-9727-ED48FE843B3F}.Debug|Any CPU.ActiveCfg = Debug|Any CPU
		{72CE78E4-A73C-455E-9727-ED48FE843B3F}.Debug|Any CPU.Build.0 = Debug|Any CPU
		{72CE78E4-A73C-455E-9727-ED48FE843B3F}.Debug|x64.ActiveCfg = Debug|Any CPU
		{72CE78E4-A73C-455E-9727-ED48FE843B3F}.Debug|x64.Build.0 = Debug|Any CPU
		{72CE78E4-A73C-455E-9727-ED48FE843B3F}.Debug|x86.ActiveCfg = Debug|Any CPU
		{72CE78E4-A73C-455E-9727-ED48FE843B3F}.Debug|x86.Build.0 = Debug|Any CPU
		{72CE78E4-A73C-455E-9727-ED48FE843B3F}.Release|Any CPU.ActiveCfg = Release|Any CPU
		{72CE78E4-A73C-455E-9727-ED48FE843B3F}.Release|Any CPU.Build.0 = Release|Any CPU
		{72CE78E4-A73C-455E-9727-ED48FE843B3F}.Release|x64.ActiveCfg = Release|Any CPU
		{72CE78E4-A73C-455E-9727-ED48FE843B3F}.Release|x64.Build.0 = Release|Any CPU
		{72CE78E4-A73C-455E-9727-ED48FE843B3F}.Release|x86.ActiveCfg = Release|Any CPU
		{72CE78E4-A73C-455E-9727-ED48FE843B3F}.Release|x86.Build.0 = Release|Any CPU
		{707885B0-6DCB-4F81-8EAD-04B3BC996C99}.Debug|Any CPU.ActiveCfg = Debug|Any CPU
		{707885B0-6DCB-4F81-8EAD-04B3BC996C99}.Debug|Any CPU.Build.0 = Debug|Any CPU
		{707885B0-6DCB-4F81-8EAD-04B3BC996C99}.Debug|x64.ActiveCfg = Debug|Any CPU
		{707885B0-6DCB-4F81-8EAD-04B3BC996C99}.Debug|x64.Build.0 = Debug|Any CPU
		{707885B0-6DCB-4F81-8EAD-04B3BC996C99}.Debug|x86.ActiveCfg = Debug|Any CPU
		{707885B0-6DCB-4F81-8EAD-04B3BC996C99}.Debug|x86.Build.0 = Debug|Any CPU
		{707885B0-6DCB-4F81-8EAD-04B3BC996C99}.Release|Any CPU.ActiveCfg = Release|Any CPU
		{707885B0-6DCB-4F81-8EAD-04B3BC996C99}.Release|Any CPU.Build.0 = Release|Any CPU
		{707885B0-6DCB-4F81-8EAD-04B3BC996C99}.Release|x64.ActiveCfg = Release|Any CPU
		{707885B0-6DCB-4F81-8EAD-04B3BC996C99}.Release|x64.Build.0 = Release|Any CPU
		{707885B0-6DCB-4F81-8EAD-04B3BC996C99}.Release|x86.ActiveCfg = Release|Any CPU
		{707885B0-6DCB-4F81-8EAD-04B3BC996C99}.Release|x86.Build.0 = Release|Any CPU
		{6CAD8F26-E3DF-4F59-8451-30F6A17966F4}.Debug|Any CPU.ActiveCfg = Debug|Any CPU
		{6CAD8F26-E3DF-4F59-8451-30F6A17966F4}.Debug|Any CPU.Build.0 = Debug|Any CPU
		{6CAD8F26-E3DF-4F59-8451-30F6A17966F4}.Debug|x64.ActiveCfg = Debug|Any CPU
		{6CAD8F26-E3DF-4F59-8451-30F6A17966F4}.Debug|x64.Build.0 = Debug|Any CPU
		{6CAD8F26-E3DF-4F59-8451-30F6A17966F4}.Debug|x86.ActiveCfg = Debug|Any CPU
		{6CAD8F26-E3DF-4F59-8451-30F6A17966F4}.Debug|x86.Build.0 = Debug|Any CPU
		{6CAD8F26-E3DF-4F59-8451-30F6A17966F4}.Release|Any CPU.ActiveCfg = Release|Any CPU
		{6CAD8F26-E3DF-4F59-8451-30F6A17966F4}.Release|Any CPU.Build.0 = Release|Any CPU
		{6CAD8F26-E3DF-4F59-8451-30F6A17966F4}.Release|x64.ActiveCfg = Release|Any CPU
		{6CAD8F26-E3DF-4F59-8451-30F6A17966F4}.Release|x64.Build.0 = Release|Any CPU
		{6CAD8F26-E3DF-4F59-8451-30F6A17966F4}.Release|x86.ActiveCfg = Release|Any CPU
		{6CAD8F26-E3DF-4F59-8451-30F6A17966F4}.Release|x86.Build.0 = Release|Any CPU
		{FC1B0EAA-4E28-4674-A609-D922F51C97AD}.Debug|Any CPU.ActiveCfg = Debug|Any CPU
		{FC1B0EAA-4E28-4674-A609-D922F51C97AD}.Debug|Any CPU.Build.0 = Debug|Any CPU
		{FC1B0EAA-4E28-4674-A609-D922F51C97AD}.Debug|x64.ActiveCfg = Debug|Any CPU
		{FC1B0EAA-4E28-4674-A609-D922F51C97AD}.Debug|x64.Build.0 = Debug|Any CPU
		{FC1B0EAA-4E28-4674-A609-D922F51C97AD}.Debug|x86.ActiveCfg = Debug|Any CPU
		{FC1B0EAA-4E28-4674-A609-D922F51C97AD}.Debug|x86.Build.0 = Debug|Any CPU
		{FC1B0EAA-4E28-4674-A609-D922F51C97AD}.Release|Any CPU.ActiveCfg = Release|Any CPU
		{FC1B0EAA-4E28-4674-A609-D922F51C97AD}.Release|Any CPU.Build.0 = Release|Any CPU
		{FC1B0EAA-4E28-4674-A609-D922F51C97AD}.Release|x64.ActiveCfg = Release|Any CPU
		{FC1B0EAA-4E28-4674-A609-D922F51C97AD}.Release|x64.Build.0 = Release|Any CPU
		{FC1B0EAA-4E28-4674-A609-D922F51C97AD}.Release|x86.ActiveCfg = Release|Any CPU
		{FC1B0EAA-4E28-4674-A609-D922F51C97AD}.Release|x86.Build.0 = Release|Any CPU
		{5CC2FB53-A83F-4C5B-8529-AB90837AA274}.Debug|Any CPU.ActiveCfg = Debug|Any CPU
		{5CC2FB53-A83F-4C5B-8529-AB90837AA274}.Debug|Any CPU.Build.0 = Debug|Any CPU
		{5CC2FB53-A83F-4C5B-8529-AB90837AA274}.Debug|x64.ActiveCfg = Debug|Any CPU
		{5CC2FB53-A83F-4C5B-8529-AB90837AA274}.Debug|x64.Build.0 = Debug|Any CPU
		{5CC2FB53-A83F-4C5B-8529-AB90837AA274}.Debug|x86.ActiveCfg = Debug|Any CPU
		{5CC2FB53-A83F-4C5B-8529-AB90837AA274}.Debug|x86.Build.0 = Debug|Any CPU
		{5CC2FB53-A83F-4C5B-8529-AB90837AA274}.Release|Any CPU.ActiveCfg = Release|Any CPU
		{5CC2FB53-A83F-4C5B-8529-AB90837AA274}.Release|Any CPU.Build.0 = Release|Any CPU
		{5CC2FB53-A83F-4C5B-8529-AB90837AA274}.Release|x64.ActiveCfg = Release|Any CPU
		{5CC2FB53-A83F-4C5B-8529-AB90837AA274}.Release|x64.Build.0 = Release|Any CPU
		{5CC2FB53-A83F-4C5B-8529-AB90837AA274}.Release|x86.ActiveCfg = Release|Any CPU
		{5CC2FB53-A83F-4C5B-8529-AB90837AA274}.Release|x86.Build.0 = Release|Any CPU
		{8A3D18A1-7549-4F2D-B845-007AD359C910}.Debug|Any CPU.ActiveCfg = Debug|Any CPU
		{8A3D18A1-7549-4F2D-B845-007AD359C910}.Debug|Any CPU.Build.0 = Debug|Any CPU
		{8A3D18A1-7549-4F2D-B845-007AD359C910}.Debug|x64.ActiveCfg = Debug|Any CPU
		{8A3D18A1-7549-4F2D-B845-007AD359C910}.Debug|x64.Build.0 = Debug|Any CPU
		{8A3D18A1-7549-4F2D-B845-007AD359C910}.Debug|x86.ActiveCfg = Debug|Any CPU
		{8A3D18A1-7549-4F2D-B845-007AD359C910}.Debug|x86.Build.0 = Debug|Any CPU
		{8A3D18A1-7549-4F2D-B845-007AD359C910}.Release|Any CPU.ActiveCfg = Release|Any CPU
		{8A3D18A1-7549-4F2D-B845-007AD359C910}.Release|Any CPU.Build.0 = Release|Any CPU
		{8A3D18A1-7549-4F2D-B845-007AD359C910}.Release|x64.ActiveCfg = Release|Any CPU
		{8A3D18A1-7549-4F2D-B845-007AD359C910}.Release|x64.Build.0 = Release|Any CPU
		{8A3D18A1-7549-4F2D-B845-007AD359C910}.Release|x86.ActiveCfg = Release|Any CPU
		{8A3D18A1-7549-4F2D-B845-007AD359C910}.Release|x86.Build.0 = Release|Any CPU
		{CA196901-EE1B-4B04-A4C0-F8F5B3702E1D}.Debug|Any CPU.ActiveCfg = Debug|Any CPU
		{CA196901-EE1B-4B04-A4C0-F8F5B3702E1D}.Debug|Any CPU.Build.0 = Debug|Any CPU
		{CA196901-EE1B-4B04-A4C0-F8F5B3702E1D}.Debug|x64.ActiveCfg = Debug|Any CPU
		{CA196901-EE1B-4B04-A4C0-F8F5B3702E1D}.Debug|x64.Build.0 = Debug|Any CPU
		{CA196901-EE1B-4B04-A4C0-F8F5B3702E1D}.Debug|x86.ActiveCfg = Debug|Any CPU
		{CA196901-EE1B-4B04-A4C0-F8F5B3702E1D}.Debug|x86.Build.0 = Debug|Any CPU
		{CA196901-EE1B-4B04-A4C0-F8F5B3702E1D}.Release|Any CPU.ActiveCfg = Release|Any CPU
		{CA196901-EE1B-4B04-A4C0-F8F5B3702E1D}.Release|Any CPU.Build.0 = Release|Any CPU
		{CA196901-EE1B-4B04-A4C0-F8F5B3702E1D}.Release|x64.ActiveCfg = Release|Any CPU
		{CA196901-EE1B-4B04-A4C0-F8F5B3702E1D}.Release|x64.Build.0 = Release|Any CPU
		{CA196901-EE1B-4B04-A4C0-F8F5B3702E1D}.Release|x86.ActiveCfg = Release|Any CPU
		{CA196901-EE1B-4B04-A4C0-F8F5B3702E1D}.Release|x86.Build.0 = Release|Any CPU
		{BE3CAB14-4C84-4F55-A931-B0F4B38ABB29}.Debug|Any CPU.ActiveCfg = Debug|Any CPU
		{BE3CAB14-4C84-4F55-A931-B0F4B38ABB29}.Debug|Any CPU.Build.0 = Debug|Any CPU
		{BE3CAB14-4C84-4F55-A931-B0F4B38ABB29}.Debug|x64.ActiveCfg = Debug|Any CPU
		{BE3CAB14-4C84-4F55-A931-B0F4B38ABB29}.Debug|x64.Build.0 = Debug|Any CPU
		{BE3CAB14-4C84-4F55-A931-B0F4B38ABB29}.Debug|x86.ActiveCfg = Debug|Any CPU
		{BE3CAB14-4C84-4F55-A931-B0F4B38ABB29}.Debug|x86.Build.0 = Debug|Any CPU
		{BE3CAB14-4C84-4F55-A931-B0F4B38ABB29}.Release|Any CPU.ActiveCfg = Release|Any CPU
		{BE3CAB14-4C84-4F55-A931-B0F4B38ABB29}.Release|Any CPU.Build.0 = Release|Any CPU
		{BE3CAB14-4C84-4F55-A931-B0F4B38ABB29}.Release|x64.ActiveCfg = Release|Any CPU
		{BE3CAB14-4C84-4F55-A931-B0F4B38ABB29}.Release|x64.Build.0 = Release|Any CPU
		{BE3CAB14-4C84-4F55-A931-B0F4B38ABB29}.Release|x86.ActiveCfg = Release|Any CPU
		{BE3CAB14-4C84-4F55-A931-B0F4B38ABB29}.Release|x86.Build.0 = Release|Any CPU
		{5FCC9C51-0310-4C1F-9247-1EC469552D5E}.Debug|Any CPU.ActiveCfg = Debug|Any CPU
		{5FCC9C51-0310-4C1F-9247-1EC469552D5E}.Debug|Any CPU.Build.0 = Debug|Any CPU
		{5FCC9C51-0310-4C1F-9247-1EC469552D5E}.Debug|x64.ActiveCfg = Debug|Any CPU
		{5FCC9C51-0310-4C1F-9247-1EC469552D5E}.Debug|x64.Build.0 = Debug|Any CPU
		{5FCC9C51-0310-4C1F-9247-1EC469552D5E}.Debug|x86.ActiveCfg = Debug|Any CPU
		{5FCC9C51-0310-4C1F-9247-1EC469552D5E}.Debug|x86.Build.0 = Debug|Any CPU
		{5FCC9C51-0310-4C1F-9247-1EC469552D5E}.Release|Any CPU.ActiveCfg = Release|Any CPU
		{5FCC9C51-0310-4C1F-9247-1EC469552D5E}.Release|Any CPU.Build.0 = Release|Any CPU
		{5FCC9C51-0310-4C1F-9247-1EC469552D5E}.Release|x64.ActiveCfg = Release|Any CPU
		{5FCC9C51-0310-4C1F-9247-1EC469552D5E}.Release|x64.Build.0 = Release|Any CPU
		{5FCC9C51-0310-4C1F-9247-1EC469552D5E}.Release|x86.ActiveCfg = Release|Any CPU
		{5FCC9C51-0310-4C1F-9247-1EC469552D5E}.Release|x86.Build.0 = Release|Any CPU
		{EBD70090-062A-4342-A087-710A76536DAF}.Debug|Any CPU.ActiveCfg = Debug|Any CPU
		{EBD70090-062A-4342-A087-710A76536DAF}.Debug|Any CPU.Build.0 = Debug|Any CPU
		{EBD70090-062A-4342-A087-710A76536DAF}.Debug|x64.ActiveCfg = Debug|Any CPU
		{EBD70090-062A-4342-A087-710A76536DAF}.Debug|x64.Build.0 = Debug|Any CPU
		{EBD70090-062A-4342-A087-710A76536DAF}.Debug|x86.ActiveCfg = Debug|Any CPU
		{EBD70090-062A-4342-A087-710A76536DAF}.Debug|x86.Build.0 = Debug|Any CPU
		{EBD70090-062A-4342-A087-710A76536DAF}.Release|Any CPU.ActiveCfg = Release|Any CPU
		{EBD70090-062A-4342-A087-710A76536DAF}.Release|Any CPU.Build.0 = Release|Any CPU
		{EBD70090-062A-4342-A087-710A76536DAF}.Release|x64.ActiveCfg = Release|Any CPU
		{EBD70090-062A-4342-A087-710A76536DAF}.Release|x64.Build.0 = Release|Any CPU
		{EBD70090-062A-4342-A087-710A76536DAF}.Release|x86.ActiveCfg = Release|Any CPU
		{EBD70090-062A-4342-A087-710A76536DAF}.Release|x86.Build.0 = Release|Any CPU
	EndGlobalSection
	GlobalSection(SolutionProperties) = preSolution
		HideSolutionNode = FALSE
	EndGlobalSection
	GlobalSection(NestedProjects) = preSolution
		{237F2B66-2AC5-B119-CAF8-0C5D46DFAB8C} = {5A177B4B-6BD0-B7EC-F049-C9C04D6D229D}
		{2561819E-8AE7-4077-8741-1BFBB38AA8F6} = {237F2B66-2AC5-B119-CAF8-0C5D46DFAB8C}
		{49714A9C-A7E7-4709-9D43-BC48B01D58A2} = {237F2B66-2AC5-B119-CAF8-0C5D46DFAB8C}
		{BA640257-33FB-8184-4D49-72C2D2604B17} = {5A177B4B-6BD0-B7EC-F049-C9C04D6D229D}
		{8F70C4D0-CDDB-485F-8CE0-E0E847DF90D7} = {BA640257-33FB-8184-4D49-72C2D2604B17}
		{86D123AC-CF32-4843-B1EA-467F35D5315E} = {BA640257-33FB-8184-4D49-72C2D2604B17}
		{638F3357-52D9-466D-8053-B06E8EC55F05} = {BA640257-33FB-8184-4D49-72C2D2604B17}
		{DF11C915-B053-4130-BF0D-AE4883C46B69} = {BA640257-33FB-8184-4D49-72C2D2604B17}
		{B68A8CAD-C510-4A4B-BB73-59320E5450BF} = {BA640257-33FB-8184-4D49-72C2D2604B17}
		{ECBA5E74-B831-FF89-7988-E36AB0D6ECC0} = {5A177B4B-6BD0-B7EC-F049-C9C04D6D229D}
		{14777E57-9733-4279-BCEF-7BC4EA584207} = {ECBA5E74-B831-FF89-7988-E36AB0D6ECC0}
		{D7BC0A5E-3169-4EE9-9DF4-D0EAD6E064AF} = {ECBA5E74-B831-FF89-7988-E36AB0D6ECC0}
		{926F0ABA-0516-2C37-BCB4-8F0934E8E875} = {5A177B4B-6BD0-B7EC-F049-C9C04D6D229D}
		{ABAEA47B-EC27-4C91-8981-5F45A04C04A9} = {926F0ABA-0516-2C37-BCB4-8F0934E8E875}
		{7BFECDFD-E80E-4DBF-8C71-BF091E62CFF5} = {926F0ABA-0516-2C37-BCB4-8F0934E8E875}
		{C915C3FE-105B-81B1-A5DA-1AE26EBA77DB} = {5A177B4B-6BD0-B7EC-F049-C9C04D6D229D}
		{91C8FFB4-C034-4FC3-8B69-F8D2B681EA69} = {C915C3FE-105B-81B1-A5DA-1AE26EBA77DB}
		{099B6D36-C485-48FD-9344-1E0C242331F0} = {C915C3FE-105B-81B1-A5DA-1AE26EBA77DB}
		{803E8167-F215-4A61-9F71-E23FE4227B3B} = {C915C3FE-105B-81B1-A5DA-1AE26EBA77DB}
		{C50840E3-0C45-489F-B67C-05ACF17F9777} = {C915C3FE-105B-81B1-A5DA-1AE26EBA77DB}
		{098ADCB9-EB1E-43A7-9B20-31E03BF27572} = {C915C3FE-105B-81B1-A5DA-1AE26EBA77DB}
		{1DE13BAC-5CF4-2F02-170B-DDA87D2E6312} = {1787FE1D-075E-9E68-7218-25F1BD1BBEAB}
		{553B77D9-D310-4CCD-A66C-2EE5DBA1942D} = {1DE13BAC-5CF4-2F02-170B-DDA87D2E6312}
		{0FC9D22A-899A-6A3D-9FC0-C4C179257CF6} = {1787FE1D-075E-9E68-7218-25F1BD1BBEAB}
		{72CE78E4-A73C-455E-9727-ED48FE843B3F} = {0FC9D22A-899A-6A3D-9FC0-C4C179257CF6}
		{B85ACF31-BAE2-9A6B-9736-DC9851023EF0} = {1787FE1D-075E-9E68-7218-25F1BD1BBEAB}
		{707885B0-6DCB-4F81-8EAD-04B3BC996C99} = {B85ACF31-BAE2-9A6B-9736-DC9851023EF0}
		{28FB1DD4-7501-CB3F-66E8-68E4B427F3BF} = {1787FE1D-075E-9E68-7218-25F1BD1BBEAB}
		{6CAD8F26-E3DF-4F59-8451-30F6A17966F4} = {28FB1DD4-7501-CB3F-66E8-68E4B427F3BF}
		{AF963C99-E489-FA13-2BD2-32AE0E1BC30B} = {1787FE1D-075E-9E68-7218-25F1BD1BBEAB}
		{FC1B0EAA-4E28-4674-A609-D922F51C97AD} = {AF963C99-E489-FA13-2BD2-32AE0E1BC30B}
		{5CC2FB53-A83F-4C5B-8529-AB90837AA274} = {AF963C99-E489-FA13-2BD2-32AE0E1BC30B}
		{8A3D18A1-7549-4F2D-B845-007AD359C910} = {AF963C99-E489-FA13-2BD2-32AE0E1BC30B}
		{CA196901-EE1B-4B04-A4C0-F8F5B3702E1D} = {AF963C99-E489-FA13-2BD2-32AE0E1BC30B}
		{BE3CAB14-4C84-4F55-A931-B0F4B38ABB29} = {AF963C99-E489-FA13-2BD2-32AE0E1BC30B}
		{5FCC9C51-0310-4C1F-9247-1EC469552D5E} = {AF963C99-E489-FA13-2BD2-32AE0E1BC30B}
		{EBD70090-062A-4342-A087-710A76536DAF} = {AF963C99-E489-FA13-2BD2-32AE0E1BC30B}
	EndGlobalSection
EndGlobal
