
Microsoft Visual Studio Solution File, Format Version 12.00
# Visual Studio Version 17
VisualStudioVersion = 17.0.31903.59
MinimumVisualStudioVersion = 10.0.40219.1
Project("{FAE04EC0-301F-11D3-BF4B-00C04F79EFBC}") = "Ds2.Hub", "Ds2.Hub\Ds2.Hub.csproj", "{3736103F-E5CF-433A-B52C-D9512E690AC4}"
EndProject
Project("{FAE04EC0-301F-11D3-BF4B-00C04F79EFBC}") = "Ds2.Hub.Tray", "Ds2.Hub.Tray\Ds2.Hub.Tray.csproj", "{25324922-735D-4AC2-A542-41027AFFD181}"
EndProject
Project("{FAE04EC0-301F-11D3-BF4B-00C04F79EFBC}") = "Ds2.Hub.Shared", "Ds2.Hub.Shared\Ds2.Hub.Shared.csproj", "{9001FC9B-0FA2-4435-97C0-10EB4DB27794}"
EndProject
Project("{2150E333-8FDC-42A3-9474-1A3956D46DE8}") = "Backend", "Backend", "{1AE8ACA6-933B-BF2A-3671-3E2EAC007D16}"
EndProject
Project("{F2A71F9B-5D33-465A-A702-920D77279786}") = "Ds2.Backend", "..\..\Solutions\Backend\Ds2.Backend\Ds2.Backend.fsproj", "{DF81FE5E-5EF6-49B2-8B3F-2E5C3A3F1484}"
EndProject
Project("{F2A71F9B-5D33-465A-A702-920D77279786}") = "Ds2.Backend.Common", "..\..\Solutions\Backend\Ds2.Backend.Common\Ds2.Backend.Common.fsproj", "{0DD99C49-03FF-4F19-9F0C-2C17C5CCA212}"
EndProject
Project("{F2A71F9B-5D33-465A-A702-920D77279786}") = "Ds2.Backend.Plc", "..\..\Solutions\Backend\Ds2.Backend.Plc\Ds2.Backend.Plc.fsproj", "{9A10BAA2-D9C0-43E1-90C9-9C928AEB16AB}"
EndProject
Project("{F2A71F9B-5D33-465A-A702-920D77279786}") = "Ds2.Backend.Runtime", "..\..\Solutions\Backend\Ds2.Backend.Runtime\Ds2.Backend.Runtime.fsproj", "{19D6D674-7221-45B4-920F-718FA2A4255C}"
EndProject
Project("{F2A71F9B-5D33-465A-A702-920D77279786}") = "Ds2.OpcUa.Server", "..\..\Solutions\Runtime\Ds2.OpcUa.Server\Ds2.OpcUa.Server.fsproj", "{33184699-6385-4618-882C-1E711125F779}"
EndProject
Project("{F2A71F9B-5D33-465A-A702-920D77279786}") = "Ds2.Collector", "..\..\Solutions\Runtime\Ds2.Collector\Ds2.Collector.fsproj", "{99D639D3-BEF6-47EC-8E6E-CBE22C32CCCA}"
EndProject
Project("{2150E333-8FDC-42A3-9474-1A3956D46DE8}") = "Core", "Core", "{FBF56CC3-7AE6-AD2D-3F14-7F97FD322CD6}"
EndProject
Project("{F2A71F9B-5D33-465A-A702-920D77279786}") = "Ds2.Core", "..\..\Solutions\Core\Ds2.Core\Ds2.Core.fsproj", "{EA740EAC-9253-4812-9B67-8E956D2A7BAA}"
EndProject
Project("{F2A71F9B-5D33-465A-A702-920D77279786}") = "Ds2.Runtime", "..\..\Solutions\Runtime\Ds2.Runtime\Ds2.Runtime.fsproj", "{7DBEBFAF-EF07-4FBA-8D7E-8955375747C8}"
EndProject
Project("{F2A71F9B-5D33-465A-A702-920D77279786}") = "Ds2.Aasx", "..\..\Solutions\Convert\Ds2.Aasx\Ds2.Aasx.fsproj", "{967B8E42-E9EE-4BD4-AFC1-48054540F2F9}"
EndProject
Project("{2150E333-8FDC-42A3-9474-1A3956D46DE8}") = "Tests", "Tests", "{0AB3BF05-4346-4AA6-1389-037BE0695223}"
EndProject
Project("{F2A71F9B-5D33-465A-A702-920D77279786}") = "Ds2.Backend.Tests", "..\..\Solutions\Tests\Ds2.Backend.Tests\Ds2.Backend.Tests.fsproj", "{79A5BAF6-2745-44A1-8F29-2E3FE2C2F58C}"
EndProject
Project("{F2A71F9B-5D33-465A-A702-920D77279786}") = "Ds2.OpcUa.Server.Tests", "..\..\Solutions\Tests\Ds2.OpcUa.Server.Tests\Ds2.OpcUa.Server.Tests.fsproj", "{0817F4E4-D895-4601-90E8-6F53C186BD12}"
EndProject
Project("{F2A71F9B-5D33-465A-A702-920D77279786}") = "Ds2.Collector.Tests", "..\..\Solutions\Tests\Ds2.Collector.Tests\Ds2.Collector.Tests.fsproj", "{18B75E31-A1E7-4F1F-80C6-DFD6EEF22F6F}"
EndProject
Project("{F2A71F9B-5D33-465A-A702-920D77279786}") = "Ds2.TestKit", "..\..\Solutions\Tests\Ds2.TestKit\Ds2.TestKit.fsproj", "{CD18D186-BD0F-4929-A3D6-8894C3664D1A}"
EndProject
Global
	GlobalSection(SolutionConfigurationPlatforms) = preSolution
		Debug|Any CPU = Debug|Any CPU
		Debug|x64 = Debug|x64
		Debug|x86 = Debug|x86
		Release|Any CPU = Release|Any CPU
		Release|x64 = Release|x64
		Release|x86 = Release|x86
	EndGlobalSection
	GlobalSection(ProjectConfigurationPlatforms) = postSolution
		{3736103F-E5CF-433A-B52C-D9512E690AC4}.Debug|Any CPU.ActiveCfg = Debug|Any CPU
		{3736103F-E5CF-433A-B52C-D9512E690AC4}.Debug|Any CPU.Build.0 = Debug|Any CPU
		{3736103F-E5CF-433A-B52C-D9512E690AC4}.Debug|x64.ActiveCfg = Debug|Any CPU
		{3736103F-E5CF-433A-B52C-D9512E690AC4}.Debug|x64.Build.0 = Debug|Any CPU
		{3736103F-E5CF-433A-B52C-D9512E690AC4}.Debug|x86.ActiveCfg = Debug|Any CPU
		{3736103F-E5CF-433A-B52C-D9512E690AC4}.Debug|x86.Build.0 = Debug|Any CPU
		{3736103F-E5CF-433A-B52C-D9512E690AC4}.Release|Any CPU.ActiveCfg = Release|Any CPU
		{3736103F-E5CF-433A-B52C-D9512E690AC4}.Release|Any CPU.Build.0 = Release|Any CPU
		{3736103F-E5CF-433A-B52C-D9512E690AC4}.Release|x64.ActiveCfg = Release|Any CPU
		{3736103F-E5CF-433A-B52C-D9512E690AC4}.Release|x64.Build.0 = Release|Any CPU
		{3736103F-E5CF-433A-B52C-D9512E690AC4}.Release|x86.ActiveCfg = Release|Any CPU
		{3736103F-E5CF-433A-B52C-D9512E690AC4}.Release|x86.Build.0 = Release|Any CPU
		{25324922-735D-4AC2-A542-41027AFFD181}.Debug|Any CPU.ActiveCfg = Debug|Any CPU
		{25324922-735D-4AC2-A542-41027AFFD181}.Debug|Any CPU.Build.0 = Debug|Any CPU
		{25324922-735D-4AC2-A542-41027AFFD181}.Debug|x64.ActiveCfg = Debug|Any CPU
		{25324922-735D-4AC2-A542-41027AFFD181}.Debug|x64.Build.0 = Debug|Any CPU
		{25324922-735D-4AC2-A542-41027AFFD181}.Debug|x86.ActiveCfg = Debug|Any CPU
		{25324922-735D-4AC2-A542-41027AFFD181}.Debug|x86.Build.0 = Debug|Any CPU
		{25324922-735D-4AC2-A542-41027AFFD181}.Release|Any CPU.ActiveCfg = Release|Any CPU
		{25324922-735D-4AC2-A542-41027AFFD181}.Release|Any CPU.Build.0 = Release|Any CPU
		{25324922-735D-4AC2-A542-41027AFFD181}.Release|x64.ActiveCfg = Release|Any CPU
		{25324922-735D-4AC2-A542-41027AFFD181}.Release|x64.Build.0 = Release|Any CPU
		{25324922-735D-4AC2-A542-41027AFFD181}.Release|x86.ActiveCfg = Release|Any CPU
		{25324922-735D-4AC2-A542-41027AFFD181}.Release|x86.Build.0 = Release|Any CPU
		{9001FC9B-0FA2-4435-97C0-10EB4DB27794}.Debug|Any CPU.ActiveCfg = Debug|Any CPU
		{9001FC9B-0FA2-4435-97C0-10EB4DB27794}.Debug|Any CPU.Build.0 = Debug|Any CPU
		{9001FC9B-0FA2-4435-97C0-10EB4DB27794}.Debug|x64.ActiveCfg = Debug|Any CPU
		{9001FC9B-0FA2-4435-97C0-10EB4DB27794}.Debug|x64.Build.0 = Debug|Any CPU
		{9001FC9B-0FA2-4435-97C0-10EB4DB27794}.Debug|x86.ActiveCfg = Debug|Any CPU
		{9001FC9B-0FA2-4435-97C0-10EB4DB27794}.Debug|x86.Build.0 = Debug|Any CPU
		{9001FC9B-0FA2-4435-97C0-10EB4DB27794}.Release|Any CPU.ActiveCfg = Release|Any CPU
		{9001FC9B-0FA2-4435-97C0-10EB4DB27794}.Release|Any CPU.Build.0 = Release|Any CPU
		{9001FC9B-0FA2-4435-97C0-10EB4DB27794}.Release|x64.ActiveCfg = Release|Any CPU
		{9001FC9B-0FA2-4435-97C0-10EB4DB27794}.Release|x64.Build.0 = Release|Any CPU
		{9001FC9B-0FA2-4435-97C0-10EB4DB27794}.Release|x86.ActiveCfg = Release|Any CPU
		{9001FC9B-0FA2-4435-97C0-10EB4DB27794}.Release|x86.Build.0 = Release|Any CPU
		{DF81FE5E-5EF6-49B2-8B3F-2E5C3A3F1484}.Debug|Any CPU.ActiveCfg = Debug|Any CPU
		{DF81FE5E-5EF6-49B2-8B3F-2E5C3A3F1484}.Debug|Any CPU.Build.0 = Debug|Any CPU
		{DF81FE5E-5EF6-49B2-8B3F-2E5C3A3F1484}.Debug|x64.ActiveCfg = Debug|Any CPU
		{DF81FE5E-5EF6-49B2-8B3F-2E5C3A3F1484}.Debug|x64.Build.0 = Debug|Any CPU
		{DF81FE5E-5EF6-49B2-8B3F-2E5C3A3F1484}.Debug|x86.ActiveCfg = Debug|Any CPU
		{DF81FE5E-5EF6-49B2-8B3F-2E5C3A3F1484}.Debug|x86.Build.0 = Debug|Any CPU
		{DF81FE5E-5EF6-49B2-8B3F-2E5C3A3F1484}.Release|Any CPU.ActiveCfg = Release|Any CPU
		{DF81FE5E-5EF6-49B2-8B3F-2E5C3A3F1484}.Release|Any CPU.Build.0 = Release|Any CPU
		{DF81FE5E-5EF6-49B2-8B3F-2E5C3A3F1484}.Release|x64.ActiveCfg = Release|Any CPU
		{DF81FE5E-5EF6-49B2-8B3F-2E5C3A3F1484}.Release|x64.Build.0 = Release|Any CPU
		{DF81FE5E-5EF6-49B2-8B3F-2E5C3A3F1484}.Release|x86.ActiveCfg = Release|Any CPU
		{DF81FE5E-5EF6-49B2-8B3F-2E5C3A3F1484}.Release|x86.Build.0 = Release|Any CPU
		{0DD99C49-03FF-4F19-9F0C-2C17C5CCA212}.Debug|Any CPU.ActiveCfg = Debug|Any CPU
		{0DD99C49-03FF-4F19-9F0C-2C17C5CCA212}.Debug|Any CPU.Build.0 = Debug|Any CPU
		{0DD99C49-03FF-4F19-9F0C-2C17C5CCA212}.Debug|x64.ActiveCfg = Debug|Any CPU
		{0DD99C49-03FF-4F19-9F0C-2C17C5CCA212}.Debug|x64.Build.0 = Debug|Any CPU
		{0DD99C49-03FF-4F19-9F0C-2C17C5CCA212}.Debug|x86.ActiveCfg = Debug|Any CPU
		{0DD99C49-03FF-4F19-9F0C-2C17C5CCA212}.Debug|x86.Build.0 = Debug|Any CPU
		{0DD99C49-03FF-4F19-9F0C-2C17C5CCA212}.Release|Any CPU.ActiveCfg = Release|Any CPU
		{0DD99C49-03FF-4F19-9F0C-2C17C5CCA212}.Release|Any CPU.Build.0 = Release|Any CPU
		{0DD99C49-03FF-4F19-9F0C-2C17C5CCA212}.Release|x64.ActiveCfg = Release|Any CPU
		{0DD99C49-03FF-4F19-9F0C-2C17C5CCA212}.Release|x64.Build.0 = Release|Any CPU
		{0DD99C49-03FF-4F19-9F0C-2C17C5CCA212}.Release|x86.ActiveCfg = Release|Any CPU
		{0DD99C49-03FF-4F19-9F0C-2C17C5CCA212}.Release|x86.Build.0 = Release|Any CPU
		{9A10BAA2-D9C0-43E1-90C9-9C928AEB16AB}.Debug|Any CPU.ActiveCfg = Debug|Any CPU
		{9A10BAA2-D9C0-43E1-90C9-9C928AEB16AB}.Debug|Any CPU.Build.0 = Debug|Any CPU
		{9A10BAA2-D9C0-43E1-90C9-9C928AEB16AB}.Debug|x64.ActiveCfg = Debug|Any CPU
		{9A10BAA2-D9C0-43E1-90C9-9C928AEB16AB}.Debug|x64.Build.0 = Debug|Any CPU
		{9A10BAA2-D9C0-43E1-90C9-9C928AEB16AB}.Debug|x86.ActiveCfg = Debug|Any CPU
		{9A10BAA2-D9C0-43E1-90C9-9C928AEB16AB}.Debug|x86.Build.0 = Debug|Any CPU
		{9A10BAA2-D9C0-43E1-90C9-9C928AEB16AB}.Release|Any CPU.ActiveCfg = Release|Any CPU
		{9A10BAA2-D9C0-43E1-90C9-9C928AEB16AB}.Release|Any CPU.Build.0 = Release|Any CPU
		{9A10BAA2-D9C0-43E1-90C9-9C928AEB16AB}.Release|x64.ActiveCfg = Release|Any CPU
		{9A10BAA2-D9C0-43E1-90C9-9C928AEB16AB}.Release|x64.Build.0 = Release|Any CPU
		{9A10BAA2-D9C0-43E1-90C9-9C928AEB16AB}.Release|x86.ActiveCfg = Release|Any CPU
		{9A10BAA2-D9C0-43E1-90C9-9C928AEB16AB}.Release|x86.Build.0 = Release|Any CPU
		{19D6D674-7221-45B4-920F-718FA2A4255C}.Debug|Any CPU.ActiveCfg = Debug|Any CPU
		{19D6D674-7221-45B4-920F-718FA2A4255C}.Debug|Any CPU.Build.0 = Debug|Any CPU
		{19D6D674-7221-45B4-920F-718FA2A4255C}.Debug|x64.ActiveCfg = Debug|Any CPU
		{19D6D674-7221-45B4-920F-718FA2A4255C}.Debug|x64.Build.0 = Debug|Any CPU
		{19D6D674-7221-45B4-920F-718FA2A4255C}.Debug|x86.ActiveCfg = Debug|Any CPU
		{19D6D674-7221-45B4-920F-718FA2A4255C}.Debug|x86.Build.0 = Debug|Any CPU
		{19D6D674-7221-45B4-920F-718FA2A4255C}.Release|Any CPU.ActiveCfg = Release|Any CPU
		{19D6D674-7221-45B4-920F-718FA2A4255C}.Release|Any CPU.Build.0 = Release|Any CPU
		{19D6D674-7221-45B4-920F-718FA2A4255C}.Release|x64.ActiveCfg = Release|Any CPU
		{19D6D674-7221-45B4-920F-718FA2A4255C}.Release|x64.Build.0 = Release|Any CPU
		{19D6D674-7221-45B4-920F-718FA2A4255C}.Release|x86.ActiveCfg = Release|Any CPU
		{19D6D674-7221-45B4-920F-718FA2A4255C}.Release|x86.Build.0 = Release|Any CPU
		{33184699-6385-4618-882C-1E711125F779}.Debug|Any CPU.ActiveCfg = Debug|Any CPU
		{33184699-6385-4618-882C-1E711125F779}.Debug|Any CPU.Build.0 = Debug|Any CPU
		{33184699-6385-4618-882C-1E711125F779}.Debug|x64.ActiveCfg = Debug|Any CPU
		{33184699-6385-4618-882C-1E711125F779}.Debug|x64.Build.0 = Debug|Any CPU
		{33184699-6385-4618-882C-1E711125F779}.Debug|x86.ActiveCfg = Debug|Any CPU
		{33184699-6385-4618-882C-1E711125F779}.Debug|x86.Build.0 = Debug|Any CPU
		{33184699-6385-4618-882C-1E711125F779}.Release|Any CPU.ActiveCfg = Release|Any CPU
		{33184699-6385-4618-882C-1E711125F779}.Release|Any CPU.Build.0 = Release|Any CPU
		{33184699-6385-4618-882C-1E711125F779}.Release|x64.ActiveCfg = Release|Any CPU
		{33184699-6385-4618-882C-1E711125F779}.Release|x64.Build.0 = Release|Any CPU
		{33184699-6385-4618-882C-1E711125F779}.Release|x86.ActiveCfg = Release|Any CPU
		{33184699-6385-4618-882C-1E711125F779}.Release|x86.Build.0 = Release|Any CPU
		{99D639D3-BEF6-47EC-8E6E-CBE22C32CCCA}.Debug|Any CPU.ActiveCfg = Debug|Any CPU
		{99D639D3-BEF6-47EC-8E6E-CBE22C32CCCA}.Debug|Any CPU.Build.0 = Debug|Any CPU
		{99D639D3-BEF6-47EC-8E6E-CBE22C32CCCA}.Debug|x64.ActiveCfg = Debug|Any CPU
		{99D639D3-BEF6-47EC-8E6E-CBE22C32CCCA}.Debug|x64.Build.0 = Debug|Any CPU
		{99D639D3-BEF6-47EC-8E6E-CBE22C32CCCA}.Debug|x86.ActiveCfg = Debug|Any CPU
		{99D639D3-BEF6-47EC-8E6E-CBE22C32CCCA}.Debug|x86.Build.0 = Debug|Any CPU
		{99D639D3-BEF6-47EC-8E6E-CBE22C32CCCA}.Release|Any CPU.ActiveCfg = Release|Any CPU
		{99D639D3-BEF6-47EC-8E6E-CBE22C32CCCA}.Release|Any CPU.Build.0 = Release|Any CPU
		{99D639D3-BEF6-47EC-8E6E-CBE22C32CCCA}.Release|x64.ActiveCfg = Release|Any CPU
		{99D639D3-BEF6-47EC-8E6E-CBE22C32CCCA}.Release|x64.Build.0 = Release|Any CPU
		{99D639D3-BEF6-47EC-8E6E-CBE22C32CCCA}.Release|x86.ActiveCfg = Release|Any CPU
		{99D639D3-BEF6-47EC-8E6E-CBE22C32CCCA}.Release|x86.Build.0 = Release|Any CPU
		{EA740EAC-9253-4812-9B67-8E956D2A7BAA}.Debug|Any CPU.ActiveCfg = Debug|Any CPU
		{EA740EAC-9253-4812-9B67-8E956D2A7BAA}.Debug|Any CPU.Build.0 = Debug|Any CPU
		{EA740EAC-9253-4812-9B67-8E956D2A7BAA}.Debug|x64.ActiveCfg = Debug|Any CPU
		{EA740EAC-9253-4812-9B67-8E956D2A7BAA}.Debug|x64.Build.0 = Debug|Any CPU
		{EA740EAC-9253-4812-9B67-8E956D2A7BAA}.Debug|x86.ActiveCfg = Debug|Any CPU
		{EA740EAC-9253-4812-9B67-8E956D2A7BAA}.Debug|x86.Build.0 = Debug|Any CPU
		{EA740EAC-9253-4812-9B67-8E956D2A7BAA}.Release|Any CPU.ActiveCfg = Release|Any CPU
		{EA740EAC-9253-4812-9B67-8E956D2A7BAA}.Release|Any CPU.Build.0 = Release|Any CPU
		{EA740EAC-9253-4812-9B67-8E956D2A7BAA}.Release|x64.ActiveCfg = Release|Any CPU
		{EA740EAC-9253-4812-9B67-8E956D2A7BAA}.Release|x64.Build.0 = Release|Any CPU
		{EA740EAC-9253-4812-9B67-8E956D2A7BAA}.Release|x86.ActiveCfg = Release|Any CPU
		{EA740EAC-9253-4812-9B67-8E956D2A7BAA}.Release|x86.Build.0 = Release|Any CPU
		{7DBEBFAF-EF07-4FBA-8D7E-8955375747C8}.Debug|Any CPU.ActiveCfg = Debug|Any CPU
		{7DBEBFAF-EF07-4FBA-8D7E-8955375747C8}.Debug|Any CPU.Build.0 = Debug|Any CPU
		{7DBEBFAF-EF07-4FBA-8D7E-8955375747C8}.Debug|x64.ActiveCfg = Debug|Any CPU
		{7DBEBFAF-EF07-4FBA-8D7E-8955375747C8}.Debug|x64.Build.0 = Debug|Any CPU
		{7DBEBFAF-EF07-4FBA-8D7E-8955375747C8}.Debug|x86.ActiveCfg = Debug|Any CPU
		{7DBEBFAF-EF07-4FBA-8D7E-8955375747C8}.Debug|x86.Build.0 = Debug|Any CPU
		{7DBEBFAF-EF07-4FBA-8D7E-8955375747C8}.Release|Any CPU.ActiveCfg = Release|Any CPU
		{7DBEBFAF-EF07-4FBA-8D7E-8955375747C8}.Release|Any CPU.Build.0 = Release|Any CPU
		{7DBEBFAF-EF07-4FBA-8D7E-8955375747C8}.Release|x64.ActiveCfg = Release|Any CPU
		{7DBEBFAF-EF07-4FBA-8D7E-8955375747C8}.Release|x64.Build.0 = Release|Any CPU
		{7DBEBFAF-EF07-4FBA-8D7E-8955375747C8}.Release|x86.ActiveCfg = Release|Any CPU
		{7DBEBFAF-EF07-4FBA-8D7E-8955375747C8}.Release|x86.Build.0 = Release|Any CPU
		{967B8E42-E9EE-4BD4-AFC1-48054540F2F9}.Debug|Any CPU.ActiveCfg = Debug|Any CPU
		{967B8E42-E9EE-4BD4-AFC1-48054540F2F9}.Debug|Any CPU.Build.0 = Debug|Any CPU
		{967B8E42-E9EE-4BD4-AFC1-48054540F2F9}.Debug|x64.ActiveCfg = Debug|Any CPU
		{967B8E42-E9EE-4BD4-AFC1-48054540F2F9}.Debug|x64.Build.0 = Debug|Any CPU
		{967B8E42-E9EE-4BD4-AFC1-48054540F2F9}.Debug|x86.ActiveCfg = Debug|Any CPU
		{967B8E42-E9EE-4BD4-AFC1-48054540F2F9}.Debug|x86.Build.0 = Debug|Any CPU
		{967B8E42-E9EE-4BD4-AFC1-48054540F2F9}.Release|Any CPU.ActiveCfg = Release|Any CPU
		{967B8E42-E9EE-4BD4-AFC1-48054540F2F9}.Release|Any CPU.Build.0 = Release|Any CPU
		{967B8E42-E9EE-4BD4-AFC1-48054540F2F9}.Release|x64.ActiveCfg = Release|Any CPU
		{967B8E42-E9EE-4BD4-AFC1-48054540F2F9}.Release|x64.Build.0 = Release|Any CPU
		{967B8E42-E9EE-4BD4-AFC1-48054540F2F9}.Release|x86.ActiveCfg = Release|Any CPU
		{967B8E42-E9EE-4BD4-AFC1-48054540F2F9}.Release|x86.Build.0 = Release|Any CPU
		{79A5BAF6-2745-44A1-8F29-2E3FE2C2F58C}.Debug|Any CPU.ActiveCfg = Debug|Any CPU
		{79A5BAF6-2745-44A1-8F29-2E3FE2C2F58C}.Debug|Any CPU.Build.0 = Debug|Any CPU
		{79A5BAF6-2745-44A1-8F29-2E3FE2C2F58C}.Debug|x64.ActiveCfg = Debug|Any CPU
		{79A5BAF6-2745-44A1-8F29-2E3FE2C2F58C}.Debug|x64.Build.0 = Debug|Any CPU
		{79A5BAF6-2745-44A1-8F29-2E3FE2C2F58C}.Debug|x86.ActiveCfg = Debug|Any CPU
		{79A5BAF6-2745-44A1-8F29-2E3FE2C2F58C}.Debug|x86.Build.0 = Debug|Any CPU
		{79A5BAF6-2745-44A1-8F29-2E3FE2C2F58C}.Release|Any CPU.ActiveCfg = Release|Any CPU
		{79A5BAF6-2745-44A1-8F29-2E3FE2C2F58C}.Release|Any CPU.Build.0 = Release|Any CPU
		{79A5BAF6-2745-44A1-8F29-2E3FE2C2F58C}.Release|x64.ActiveCfg = Release|Any CPU
		{79A5BAF6-2745-44A1-8F29-2E3FE2C2F58C}.Release|x64.Build.0 = Release|Any CPU
		{79A5BAF6-2745-44A1-8F29-2E3FE2C2F58C}.Release|x86.ActiveCfg = Release|Any CPU
		{79A5BAF6-2745-44A1-8F29-2E3FE2C2F58C}.Release|x86.Build.0 = Release|Any CPU
		{0817F4E4-D895-4601-90E8-6F53C186BD12}.Debug|Any CPU.ActiveCfg = Debug|Any CPU
		{0817F4E4-D895-4601-90E8-6F53C186BD12}.Debug|Any CPU.Build.0 = Debug|Any CPU
		{0817F4E4-D895-4601-90E8-6F53C186BD12}.Debug|x64.ActiveCfg = Debug|Any CPU
		{0817F4E4-D895-4601-90E8-6F53C186BD12}.Debug|x64.Build.0 = Debug|Any CPU
		{0817F4E4-D895-4601-90E8-6F53C186BD12}.Debug|x86.ActiveCfg = Debug|Any CPU
		{0817F4E4-D895-4601-90E8-6F53C186BD12}.Debug|x86.Build.0 = Debug|Any CPU
		{0817F4E4-D895-4601-90E8-6F53C186BD12}.Release|Any CPU.ActiveCfg = Release|Any CPU
		{0817F4E4-D895-4601-90E8-6F53C186BD12}.Release|Any CPU.Build.0 = Release|Any CPU
		{0817F4E4-D895-4601-90E8-6F53C186BD12}.Release|x64.ActiveCfg = Release|Any CPU
		{0817F4E4-D895-4601-90E8-6F53C186BD12}.Release|x64.Build.0 = Release|Any CPU
		{0817F4E4-D895-4601-90E8-6F53C186BD12}.Release|x86.ActiveCfg = Release|Any CPU
		{0817F4E4-D895-4601-90E8-6F53C186BD12}.Release|x86.Build.0 = Release|Any CPU
		{18B75E31-A1E7-4F1F-80C6-DFD6EEF22F6F}.Debug|Any CPU.ActiveCfg = Debug|Any CPU
		{18B75E31-A1E7-4F1F-80C6-DFD6EEF22F6F}.Debug|Any CPU.Build.0 = Debug|Any CPU
		{18B75E31-A1E7-4F1F-80C6-DFD6EEF22F6F}.Debug|x64.ActiveCfg = Debug|Any CPU
		{18B75E31-A1E7-4F1F-80C6-DFD6EEF22F6F}.Debug|x64.Build.0 = Debug|Any CPU
		{18B75E31-A1E7-4F1F-80C6-DFD6EEF22F6F}.Debug|x86.ActiveCfg = Debug|Any CPU
		{18B75E31-A1E7-4F1F-80C6-DFD6EEF22F6F}.Debug|x86.Build.0 = Debug|Any CPU
		{18B75E31-A1E7-4F1F-80C6-DFD6EEF22F6F}.Release|Any CPU.ActiveCfg = Release|Any CPU
		{18B75E31-A1E7-4F1F-80C6-DFD6EEF22F6F}.Release|Any CPU.Build.0 = Release|Any CPU
		{18B75E31-A1E7-4F1F-80C6-DFD6EEF22F6F}.Release|x64.ActiveCfg = Release|Any CPU
		{18B75E31-A1E7-4F1F-80C6-DFD6EEF22F6F}.Release|x64.Build.0 = Release|Any CPU
		{18B75E31-A1E7-4F1F-80C6-DFD6EEF22F6F}.Release|x86.ActiveCfg = Release|Any CPU
		{18B75E31-A1E7-4F1F-80C6-DFD6EEF22F6F}.Release|x86.Build.0 = Release|Any CPU
		{CD18D186-BD0F-4929-A3D6-8894C3664D1A}.Debug|Any CPU.ActiveCfg = Debug|Any CPU
		{CD18D186-BD0F-4929-A3D6-8894C3664D1A}.Debug|Any CPU.Build.0 = Debug|Any CPU
		{CD18D186-BD0F-4929-A3D6-8894C3664D1A}.Debug|x64.ActiveCfg = Debug|Any CPU
		{CD18D186-BD0F-4929-A3D6-8894C3664D1A}.Debug|x64.Build.0 = Debug|Any CPU
		{CD18D186-BD0F-4929-A3D6-8894C3664D1A}.Debug|x86.ActiveCfg = Debug|Any CPU
		{CD18D186-BD0F-4929-A3D6-8894C3664D1A}.Debug|x86.Build.0 = Debug|Any CPU
		{CD18D186-BD0F-4929-A3D6-8894C3664D1A}.Release|Any CPU.ActiveCfg = Release|Any CPU
		{CD18D186-BD0F-4929-A3D6-8894C3664D1A}.Release|Any CPU.Build.0 = Release|Any CPU
		{CD18D186-BD0F-4929-A3D6-8894C3664D1A}.Release|x64.ActiveCfg = Release|Any CPU
		{CD18D186-BD0F-4929-A3D6-8894C3664D1A}.Release|x64.Build.0 = Release|Any CPU
		{CD18D186-BD0F-4929-A3D6-8894C3664D1A}.Release|x86.ActiveCfg = Release|Any CPU
		{CD18D186-BD0F-4929-A3D6-8894C3664D1A}.Release|x86.Build.0 = Release|Any CPU
	EndGlobalSection
	GlobalSection(SolutionProperties) = preSolution
		HideSolutionNode = FALSE
	EndGlobalSection
	GlobalSection(NestedProjects) = preSolution
		{DF81FE5E-5EF6-49B2-8B3F-2E5C3A3F1484} = {1AE8ACA6-933B-BF2A-3671-3E2EAC007D16}
		{0DD99C49-03FF-4F19-9F0C-2C17C5CCA212} = {1AE8ACA6-933B-BF2A-3671-3E2EAC007D16}
		{9A10BAA2-D9C0-43E1-90C9-9C928AEB16AB} = {1AE8ACA6-933B-BF2A-3671-3E2EAC007D16}
		{19D6D674-7221-45B4-920F-718FA2A4255C} = {1AE8ACA6-933B-BF2A-3671-3E2EAC007D16}
		{33184699-6385-4618-882C-1E711125F779} = {1AE8ACA6-933B-BF2A-3671-3E2EAC007D16}
		{99D639D3-BEF6-47EC-8E6E-CBE22C32CCCA} = {1AE8ACA6-933B-BF2A-3671-3E2EAC007D16}
		{EA740EAC-9253-4812-9B67-8E956D2A7BAA} = {FBF56CC3-7AE6-AD2D-3F14-7F97FD322CD6}
		{7DBEBFAF-EF07-4FBA-8D7E-8955375747C8} = {FBF56CC3-7AE6-AD2D-3F14-7F97FD322CD6}
		{967B8E42-E9EE-4BD4-AFC1-48054540F2F9} = {FBF56CC3-7AE6-AD2D-3F14-7F97FD322CD6}
		{79A5BAF6-2745-44A1-8F29-2E3FE2C2F58C} = {0AB3BF05-4346-4AA6-1389-037BE0695223}
		{0817F4E4-D895-4601-90E8-6F53C186BD12} = {0AB3BF05-4346-4AA6-1389-037BE0695223}
		{18B75E31-A1E7-4F1F-80C6-DFD6EEF22F6F} = {0AB3BF05-4346-4AA6-1389-037BE0695223}
		{CD18D186-BD0F-4929-A3D6-8894C3664D1A} = {0AB3BF05-4346-4AA6-1389-037BE0695223}
	EndGlobalSection
EndGlobal
